{
  "version": 4,
  "terraform_version": "0.15.0",
  "serial": 2301,
  "lineage": "d721a853-efcb-aaef-737a-2371de8be2e1",
  "outputs": {},
  "resources": [
    {
      "module": "module.vpc",
      "mode": "managed",
      "type": "aws_internet_gateway",
      "name": "this",
      "provider": "provider[\"registry.terraform.io/hashicorp/aws\"]",
      "instances": [
        {
          "index_key": 0,
          "schema_version": 0,
          "attributes": {
            "arn": "arn:aws:ec2:us-east-2:603494993596:internet-gateway/igw-02fa14a4da5a1694a",
            "id": "igw-02fa14a4da5a1694a",
            "owner_id": "603494993596",
            "tags": {
              "Name": "sofin-vpc"
            },
            "tags_all": {
              "Name": "sofin-vpc"
            },
            "vpc_id": "vpc-06fcd8437491a7c13"
          },
          "sensitive_attributes": [],
          "private": "bnVsbA==",
          "dependencies": [
            "module.vpc.aws_vpc.this",
            "module.vpc.aws_vpc_ipv4_cidr_block_association.this"
          ]
        }
      ]
    },
    {
      "module": "module.vpc",
      "mode": "managed",
      "type": "aws_vpc",
      "name": "this",
      "provider": "provider[\"registry.terraform.io/hashicorp/aws\"]",
      "instances": [
        {
          "index_key": 0,
          "schema_version": 1,
          "attributes": {
            "arn": "arn:aws:ec2:us-east-2:603494993596:vpc/vpc-06fcd8437491a7c13",
            "assign_generated_ipv6_cidr_block": false,
            "cidr_block": "10.0.0.0/16",
            "default_network_acl_id": "acl-0fd3e35376823cda6",
            "default_route_table_id": "rtb-03e80ce99110d73f1",
            "default_security_group_id": "sg-09465337dd9db5105",
            "dhcp_options_id": "dopt-04809b7f5d8b8317d",
            "enable_classiclink": null,
            "enable_classiclink_dns_support": null,
            "enable_dns_hostnames": true,
            "enable_dns_support": true,
            "id": "vpc-06fcd8437491a7c13",
            "instance_tenancy": "default",
            "ipv6_association_id": "",
            "ipv6_cidr_block": "",
            "main_route_table_id": "rtb-03e80ce99110d73f1",
            "owner_id": "603494993596",
            "tags": {
              "Name": "sofin-vpc"
            },
            "tags_all": {
              "Name": "sofin-vpc"
            }
          },
          "sensitive_attributes": [],
          "private": "eyJzY2hlbWFfdmVyc2lvbiI6IjEifQ==",
          "create_before_destroy": true
        }
      ]
    }
  ]
}
