{
  "version": 4,
  "terraform_version": "0.15.0",
  "serial": 2242,
  "lineage": "d721a853-efcb-aaef-737a-2371de8be2e1",
  "outputs": {
    "cluster_endpoint": {
      "value": "https://2EDD67006D33AC3103B3030CEDC98EAC.gr7.us-east-2.eks.amazonaws.com",
      "type": "string"
    },
    "cluster_id": {
      "value": "sofin-eks",
      "type": "string"
    },
    "cluster_name": {
      "value": "sofin-eks",
      "type": "string"
    },
    "cluster_security_group_id": {
      "value": "sg-0326be506e6b169f8",
      "type": "string"
    },
    "config_map_aws_auth": {
      "value": [
        {
          "binary_data": {},
          "data": {
            "mapAccounts": "[]\n",
            "mapRoles": "- \"groups\":\n  - \"system:bootstrappers\"\n  - \"system:nodes\"\n  \"rolearn\": \"arn:aws:iam::603494993596:role/sofin-eks2021060906391047980000000b\"\n  \"username\": \"system:node:{{EC2PrivateDNSName}}\"\n",
            "mapUsers": "[]\n"
          },
          "id": "kube-system/aws-auth",
          "metadata": [
            {
              "annotations": {},
              "generate_name": "",
              "generation": 0,
              "labels": {
                "app.kubernetes.io/managed-by": "Terraform",
                "terraform.io/module": "terraform-aws-modules.eks.aws"
              },
              "name": "aws-auth",
              "namespace": "kube-system",
              "resource_version": "687",
              "self_link": "",
              "uid": "ed5686ff-f084-4c28-83a4-4fb18650e0a5"
            }
          ]
        }
      ],
      "type": [
        "tuple",
        [
          [
            "object",
            {
              "binary_data": [
                "map",
                "string"
              ],
              "data": [
                "map",
                "string"
              ],
              "id": "string",
              "metadata": [
                "list",
                [
                  "object",
                  {
                    "annotations": [
                      "map",
                      "string"
                    ],
                    "generate_name": "string",
                    "generation": "number",
                    "labels": [
                      "map",
                      "string"
                    ],
                    "name": "string",
                    "namespace": "string",
                    "resource_version": "string",
                    "self_link": "string",
                    "uid": "string"
                  }
                ]
              ]
            }
          ]
        ]
      ]
    },
    "kubectl_config": {
      "value": "apiVersion: v1\npreferences: {}\nkind: Config\n\nclusters:\n- cluster:\n    server: https://2EDD67006D33AC3103B3030CEDC98EAC.gr7.us-east-2.eks.amazonaws.com\n    certificate-authority-data: LS0tLS1CRUdJTiBDRVJUSUZJQ0FURS0tLS0tCk1JSUM1ekNDQWMrZ0F3SUJBZ0lCQURBTkJna3Foa2lHOXcwQkFRc0ZBREFWTVJNd0VRWURWUVFERXdwcmRXSmwKY201bGRHVnpNQjRYRFRJeE1EWXdPVEEyTXpRek9Wb1hEVE14TURZd056QTJNelF6T1Zvd0ZURVRNQkVHQTFVRQpBeE1LYTNWaVpYSnVaWFJsY3pDQ0FTSXdEUVlKS29aSWh2Y05BUUVCQlFBRGdnRVBBRENDQVFvQ2dnRUJBSzdrCkRkZDhGdlZSKzNkRU9sSks0eitnWmx1RG9lUjBZUTV0QlA5NzQyam43R3ZqQjcrUXFwUjl0NzEzbHFsRktoTW4KemdsdVB3VzRhQm5xRG5rSTEwYURJcFdPOTQ2RE5MUk1SQVdFWW5vRUo1UDl3dzk0VXVJL0pKSlh0a2h2TUk3OAoyVmtrZHk4U2JPQ09hajA2T2NTNlc3YUZlWWt5ZzdBajFKS2RLNm9ELzRGSkNQaENTU1FsbFlMYmYwaWVVSVdqCk9QMTlMK2t2UC92aW1UTXlkRU56Unp5eE15ZW8rcXpnbDhWbFVTVy9wdWIrNUtJN3JSa0VlSVhCRnZpZW1PbncKNlEzbWJPd1lhNk8wRGRFNWJJL0wwbEhqSGU0SXdQRDNwUHV3RXdrU3B0SnN0dGk5Yk9mNUlHN0FhM1JwTE13UwpYUnp1aVN4alp4akZqRitRbWZNQ0F3RUFBYU5DTUVBd0RnWURWUjBQQVFIL0JBUURBZ0trTUE4R0ExVWRFd0VCCi93UUZNQU1CQWY4d0hRWURWUjBPQkJZRUZMZ2cwYitkaVlzSUt3bEt4M1V0NWNkc0hoWnVNQTBHQ1NxR1NJYjMKRFFFQkN3VUFBNElCQVFCa1hhdytDY3B5QUgvL0w1MW8xMGxWTFJrakg1MzNJd1JQb3NxNklrYnJnK0lKZ1g3LwpJOFNQcWhGdm1CY1FXTDhVWHdTNXZUdFEzOTZvdHBUaFlia1FUWG1OL0xnS0xXWnp2MDUrRlcwZW5QbkxyVnVICkZoOVlqaVhLdGIxRko2S1VQUndCekNCdFhoOHpCTXpSRDBERzRjT1BCVFkxdTVLRjFaT0xzL1JaM0wzWG90ajMKaFYzY2VNajhTanpCY1RXMDRVL1IyQzBGbmQ3VWtRdkphUURzWFAyeitxOGNkMkViWEpKbE4vWUU4alIxcnp6SAo5akRmSHYycktnVVkzTG9iRkl3YzZub0d3NVJ5NitZTHhmSjFPUEVCWUlqeWxEQ1A0cXB3SVVlc29OQjFCY0YxCitkalB1ZEQ4MTJmUEcyZFBuUVRVL1NXODNxcU04NG9iR3dKZAotLS0tLUVORCBDRVJUSUZJQ0FURS0tLS0tCg==\n  name: eks_sofin-eks\n\ncontexts:\n- context:\n    cluster: eks_sofin-eks\n    user: eks_sofin-eks\n  name: eks_sofin-eks\n\ncurrent-context: eks_sofin-eks\n\nusers:\n- name: eks_sofin-eks\n  user:\n    exec:\n      apiVersion: client.authentication.k8s.io/v1alpha1\n      command: aws-iam-authenticator\n      args:\n        - \"token\"\n        - \"-i\"\n        - \"sofin-eks\"\n",
      "type": "string"
    },
    "region": {
      "value": "us-east-2",
      "type": "string"
    }
  },
  "resources": [
    {
      "mode": "data",
      "type": "aws_availability_zones",
      "name": "available",
      "provider": "provider[\"registry.terraform.io/hashicorp/aws\"]",
      "instances": [
        {
          "schema_version": 0,
          "attributes": {
            "all_availability_zones": null,
            "exclude_names": null,
            "exclude_zone_ids": null,
            "filter": null,
            "group_names": [
              "us-east-2"
            ],
            "id": "us-east-2",
            "names": [
              "us-east-2a",
              "us-east-2b",
              "us-east-2c"
            ],
            "state": null,
            "zone_ids": [
              "use2-az1",
              "use2-az2",
              "use2-az3"
            ]
          },
          "sensitive_attributes": []
        }
      ]
    },
    {
      "mode": "data",
      "type": "aws_eks_cluster",
      "name": "cluster",
      "provider": "provider[\"registry.terraform.io/hashicorp/aws\"]",
      "instances": [
        {
          "schema_version": 0,
          "attributes": {
            "arn": "arn:aws:eks:us-east-2:603494993596:cluster/sofin-eks",
            "certificate_authority": [
              {
                "data": "LS0tLS1CRUdJTiBDRVJUSUZJQ0FURS0tLS0tCk1JSUM1ekNDQWMrZ0F3SUJBZ0lCQURBTkJna3Foa2lHOXcwQkFRc0ZBREFWTVJNd0VRWURWUVFERXdwcmRXSmwKY201bGRHVnpNQjRYRFRJeE1EWXdPVEEyTXpRek9Wb1hEVE14TURZd056QTJNelF6T1Zvd0ZURVRNQkVHQTFVRQpBeE1LYTNWaVpYSnVaWFJsY3pDQ0FTSXdEUVlKS29aSWh2Y05BUUVCQlFBRGdnRVBBRENDQVFvQ2dnRUJBSzdrCkRkZDhGdlZSKzNkRU9sSks0eitnWmx1RG9lUjBZUTV0QlA5NzQyam43R3ZqQjcrUXFwUjl0NzEzbHFsRktoTW4KemdsdVB3VzRhQm5xRG5rSTEwYURJcFdPOTQ2RE5MUk1SQVdFWW5vRUo1UDl3dzk0VXVJL0pKSlh0a2h2TUk3OAoyVmtrZHk4U2JPQ09hajA2T2NTNlc3YUZlWWt5ZzdBajFKS2RLNm9ELzRGSkNQaENTU1FsbFlMYmYwaWVVSVdqCk9QMTlMK2t2UC92aW1UTXlkRU56Unp5eE15ZW8rcXpnbDhWbFVTVy9wdWIrNUtJN3JSa0VlSVhCRnZpZW1PbncKNlEzbWJPd1lhNk8wRGRFNWJJL0wwbEhqSGU0SXdQRDNwUHV3RXdrU3B0SnN0dGk5Yk9mNUlHN0FhM1JwTE13UwpYUnp1aVN4alp4akZqRitRbWZNQ0F3RUFBYU5DTUVBd0RnWURWUjBQQVFIL0JBUURBZ0trTUE4R0ExVWRFd0VCCi93UUZNQU1CQWY4d0hRWURWUjBPQkJZRUZMZ2cwYitkaVlzSUt3bEt4M1V0NWNkc0hoWnVNQTBHQ1NxR1NJYjMKRFFFQkN3VUFBNElCQVFCa1hhdytDY3B5QUgvL0w1MW8xMGxWTFJrakg1MzNJd1JQb3NxNklrYnJnK0lKZ1g3LwpJOFNQcWhGdm1CY1FXTDhVWHdTNXZUdFEzOTZvdHBUaFlia1FUWG1OL0xnS0xXWnp2MDUrRlcwZW5QbkxyVnVICkZoOVlqaVhLdGIxRko2S1VQUndCekNCdFhoOHpCTXpSRDBERzRjT1BCVFkxdTVLRjFaT0xzL1JaM0wzWG90ajMKaFYzY2VNajhTanpCY1RXMDRVL1IyQzBGbmQ3VWtRdkphUURzWFAyeitxOGNkMkViWEpKbE4vWUU4alIxcnp6SAo5akRmSHYycktnVVkzTG9iRkl3YzZub0d3NVJ5NitZTHhmSjFPUEVCWUlqeWxEQ1A0cXB3SVVlc29OQjFCY0YxCitkalB1ZEQ4MTJmUEcyZFBuUVRVL1NXODNxcU04NG9iR3dKZAotLS0tLUVORCBDRVJUSUZJQ0FURS0tLS0tCg=="
              }
            ],
            "created_at": "2021-06-09 06:28:44.733 +0000 UTC",
            "enabled_cluster_log_types": [],
            "endpoint": "https://2EDD67006D33AC3103B3030CEDC98EAC.gr7.us-east-2.eks.amazonaws.com",
            "id": "sofin-eks",
            "identity": [
              {
                "oidc": [
                  {
                    "issuer": "https://oidc.eks.us-east-2.amazonaws.com/id/2EDD67006D33AC3103B3030CEDC98EAC"
                  }
                ]
              }
            ],
            "kubernetes_network_config": [
              {
                "service_ipv4_cidr": "172.20.0.0/16"
              }
            ],
            "name": "sofin-eks",
            "platform_version": "eks.1",
            "role_arn": "arn:aws:iam::603494993596:role/sofin-eks20210609062812098000000002",
            "status": "ACTIVE",
            "tags": {},
            "version": "1.20",
            "vpc_config": [
              {
                "cluster_security_group_id": "sg-0b300cf68dc248aea",
                "endpoint_private_access": false,
                "endpoint_public_access": true,
                "public_access_cidrs": [
                  "0.0.0.0/0"
                ],
                "security_group_ids": [
                  "sg-0326be506e6b169f8"
                ],
                "subnet_ids": [
                  "subnet-007e0c10de69ebb42",
                  "subnet-047a98ace48246557",
                  "subnet-07c322eb1f02ec759"
                ],
                "vpc_id": "vpc-06fcd8437491a7c13"
              }
            ]
          },
          "sensitive_attributes": []
        }
      ]
    },
    {
      "mode": "data",
      "type": "aws_eks_cluster_auth",
      "name": "cluster",
      "provider": "provider[\"registry.terraform.io/hashicorp/aws\"]",
      "instances": [
        {
          "schema_version": 0,
          "attributes": {
            "id": "sofin-eks",
            "name": "sofin-eks",
            "token": "k8s-aws-v1.aHR0cHM6Ly9zdHMuYW1hem9uYXdzLmNvbS8_QWN0aW9uPUdldENhbGxlcklkZW50aXR5JlZlcnNpb249MjAxMS0wNi0xNSZYLUFtei1BbGdvcml0aG09QVdTNC1ITUFDLVNIQTI1NiZYLUFtei1DcmVkZW50aWFsPUFLSUFZWkFZMloyNlA3TVBBQlBRJTJGMjAyMTA2MDklMkZ1cy1lYXN0LTElMkZzdHMlMkZhd3M0X3JlcXVlc3QmWC1BbXotRGF0ZT0yMDIxMDYwOVQwNjU5MDRaJlgtQW16LUV4cGlyZXM9MCZYLUFtei1TaWduZWRIZWFkZXJzPWhvc3QlM0J4LWs4cy1hd3MtaWQmWC1BbXotU2lnbmF0dXJlPTg0OGQzYzVhY2JjYzZhNTFjNTIyODQ3NmEyNzlkNjBiMjk2M2E4YzEwYTFmZjAxZGI2OWI4NWM0NDNhYTExZjQ"
          },
          "sensitive_attributes": []
        }
      ]
    },
    {
      "mode": "data",
      "type": "aws_subnet_ids",
      "name": "sofin-net-ids",
      "provider": "provider[\"registry.terraform.io/hashicorp/aws\"]",
      "instances": [
        {
          "schema_version": 0,
          "attributes": {
            "filter": null,
            "id": "vpc-06fcd8437491a7c13",
            "ids": [
              "subnet-007e0c10de69ebb42",
              "subnet-047a98ace48246557",
              "subnet-07c322eb1f02ec759"
            ],
            "tags": null,
            "vpc_id": "vpc-06fcd8437491a7c13"
          },
          "sensitive_attributes": []
        }
      ]
    },
    {
      "mode": "managed",
      "type": "aws_db_subnet_group",
      "name": "sofin-net-gr",
      "provider": "provider[\"registry.terraform.io/hashicorp/aws\"]",
      "instances": [
        {
          "schema_version": 0,
          "attributes": {
            "arn": "arn:aws:rds:us-east-2:603494993596:subgrp:main",
            "description": "Managed by Terraform",
            "id": "main",
            "name": "main",
            "name_prefix": null,
            "subnet_ids": [
              "subnet-007e0c10de69ebb42",
              "subnet-047a98ace48246557",
              "subnet-07c322eb1f02ec759"
            ],
            "tags": {},
            "tags_all": {}
          },
          "sensitive_attributes": [],
          "private": "bnVsbA==",
          "dependencies": [
            "module.vpc.aws_subnet.intra",
            "module.vpc.aws_vpc_ipv4_cidr_block_association.this",
            "module.vpc.aws_vpn_gateway.this",
            "module.vpc.data.aws_vpc_endpoint_service.athena",
            "module.vpc.aws_iam_policy.vpc_flow_log_cloudwatch",
            "module.vpc.aws_vpc_endpoint.workspaces",
            "module.vpc.aws_vpc_endpoint.servicecatalog",
            "module.vpc.aws_vpn_gateway_attachment.this",
            "module.vpc.data.aws_vpc_endpoint_service.kms",
            "module.vpc.data.aws_vpc_endpoint_service.ses",
            "module.vpc.aws_network_acl.public",
            "module.vpc.aws_route_table.private",
            "module.vpc.aws_vpc_endpoint.elasticloadbalancing",
            "module.vpc.aws_vpc_endpoint.secretsmanager",
            "module.vpc.data.aws_vpc_endpoint_service.textract",
            "module.vpc.aws_route.private_nat_gateway",
            "module.vpc.aws_vpc_endpoint.codecommit",
            "module.vpc.aws_vpc_endpoint.ecs",
            "module.vpc.data.aws_vpc_endpoint_service.ebs",
            "module.vpc.data.aws_vpc_endpoint_service.kinesis_streams",
            "module.vpc.aws_vpc_endpoint.s3",
            "module.vpc.data.aws_vpc_endpoint_service.codecommit",
            "module.vpc.aws_default_security_group.this",
            "module.vpc.aws_subnet.public",
            "module.vpc.aws_iam_role_policy_attachment.vpc_flow_log_cloudwatch",
            "module.vpc.aws_route_table_association.redshift_public",
            "module.vpc.aws_vpc_endpoint.efs",
            "module.vpc.data.aws_vpc_endpoint_service.sms",
            "module.vpc.aws_vpc_endpoint.monitoring",
            "module.vpc.aws_vpc_endpoint_route_table_association.public_s3",
            "module.vpc.data.aws_vpc_endpoint_service.datasync",
            "module.vpc.aws_egress_only_internet_gateway.this",
            "module.vpc.aws_vpc_endpoint.acm_pca",
            "module.vpc.data.aws_vpc_endpoint_service.s3",
            "module.vpc.aws_vpc_endpoint.access_analyzer",
            "module.vpc.aws_vpc_endpoint.elastic_inference_runtime",
            "module.vpc.aws_vpc_endpoint.sagemaker_notebook",
            "module.vpc.data.aws_vpc_endpoint_service.events",
            "module.vpc.aws_vpc_endpoint.elasticbeanstalk",
            "module.vpc.data.aws_vpc_endpoint_service.codeartifact_api",
            "module.vpc.data.aws_vpc_endpoint_service.logs",
            "module.vpc.aws_network_acl_rule.intra_inbound",
            "module.vpc.aws_network_acl_rule.redshift_outbound",
            "module.vpc.aws_vpc_endpoint.codeartifact_repositories",
            "module.vpc.aws_vpc_endpoint.codebuild",
            "module.vpc.aws_customer_gateway.this",
            "module.vpc.aws_network_acl.private",
            "module.vpc.aws_network_acl_rule.public_outbound",
            "module.vpc.aws_vpc_endpoint.ecs_agent",
            "module.vpc.data.aws_vpc_endpoint_service.ec2messages",
            "module.vpc.aws_vpc_endpoint.ec2_autoscaling",
            "module.vpc.data.aws_vpc_endpoint_service.ecr_api",
            "module.vpc.aws_db_subnet_group.database",
            "module.vpc.aws_subnet.database",
            "module.vpc.aws_subnet.elasticache",
            "module.vpc.aws_vpc_endpoint.cloud_directory",
            "module.vpc.aws_vpc_endpoint.ec2",
            "module.vpc.aws_vpc_endpoint.sagemaker_runtime",
            "data.aws_subnet_ids.sofin-net-ids",
            "module.vpc.data.aws_vpc_endpoint_service.monitoring",
            "module.vpc.data.aws_vpc_endpoint_service.states",
            "module.vpc.data.aws_vpc_endpoint_service.sts",
            "module.vpc.aws_route_table_association.intra",
            "module.vpc.aws_vpc_endpoint.appstream_streaming",
            "module.vpc.data.aws_vpc_endpoint_service.sqs",
            "module.vpc.data.aws_vpc_endpoint_service.cloudformation",
            "module.vpc.data.aws_vpc_endpoint_service.ecr_dkr",
            "module.vpc.data.aws_vpc_endpoint_service.elasticbeanstalk",
            "module.vpc.aws_route_table.intra",
            "module.vpc.aws_vpc_endpoint.dynamodb",
            "module.vpc.aws_vpc_endpoint.glue",
            "module.vpc.aws_vpc_endpoint.ssmmessages",
            "module.vpc.aws_network_acl_rule.private_inbound",
            "module.vpc.aws_vpc_endpoint.rekognition",
            "module.vpc.aws_internet_gateway.this",
            "module.vpc.aws_route_table.elasticache",
            "module.vpc.data.aws_vpc_endpoint_service.config",
            "module.vpc.data.aws_vpc_endpoint_service.glue",
            "module.vpc.aws_route_table.public",
            "module.vpc.aws_route_table_association.private",
            "module.vpc.data.aws_vpc_endpoint_service.apigw",
            "module.vpc.data.aws_vpc_endpoint_service.cloud_directory",
            "module.vpc.data.aws_vpc_endpoint_service.sns",
            "module.vpc.aws_elasticache_subnet_group.elasticache",
            "module.vpc.aws_network_acl.intra",
            "module.vpc.aws_redshift_subnet_group.redshift",
            "module.vpc.aws_vpc_endpoint.cloudtrail",
            "module.vpc.aws_vpc_endpoint.sms",
            "module.vpc.aws_vpc_endpoint.sns",
            "module.vpc.aws_vpc_endpoint.transferserver",
            "module.vpc.data.aws_vpc_endpoint_service.access_analyzer",
            "module.vpc.aws_vpc.this",
            "module.vpc.aws_vpc_endpoint.ebs",
            "module.vpc.aws_vpc_endpoint.ecr_api",
            "module.vpc.aws_vpc_endpoint.ecr_dkr",
            "module.vpc.data.aws_vpc_endpoint_service.ecs_telemetry",
            "module.vpc.data.aws_vpc_endpoint_service.ssmmessages",
            "module.vpc.aws_route.database_internet_gateway",
            "module.vpc.aws_vpc_endpoint.codeartifact_api",
            "module.vpc.aws_vpc_endpoint.config",
            "module.vpc.aws_vpc_endpoint.rds",
            "module.vpc.aws_vpc_endpoint.cloudformation",
            "module.vpc.aws_vpc_endpoint.codedeploy",
            "module.vpc.aws_vpc_endpoint.ssm",
            "module.vpc.aws_vpc_dhcp_options_association.this",
            "module.vpc.aws_vpc_endpoint.sagemaker_api",
            "module.vpc.data.aws_vpc_endpoint_service.rds",
            "module.vpc.aws_vpc_endpoint_route_table_association.private_s3",
            "module.vpc.data.aws_vpc_endpoint_service.ec2",
            "module.vpc.data.aws_vpc_endpoint_service.storagegateway",
            "module.vpc.data.aws_vpc_endpoint_service.workspaces",
            "module.vpc.aws_default_network_acl.this",
            "module.vpc.data.aws_vpc_endpoint_service.acm_pca",
            "module.vpc.data.aws_vpc_endpoint_service.codedeploy",
            "module.vpc.data.aws_vpc_endpoint_service.secretsmanager",
            "module.vpc.aws_network_acl_rule.elasticache_outbound",
            "module.vpc.aws_vpc_endpoint.emr",
            "module.vpc.aws_vpc_endpoint.logs",
            "module.vpc.aws_network_acl_rule.public_inbound",
            "module.vpc.aws_vpc_endpoint.lambda",
            "module.vpc.aws_vpc_endpoint.states",
            "module.vpc.data.aws_vpc_endpoint_service.ssm",
            "module.vpc.data.aws_vpc_endpoint_service.auto_scaling_plans",
            "module.vpc.aws_network_acl_rule.database_outbound",
            "module.vpc.aws_route_table_association.elasticache",
            "module.vpc.data.aws_vpc_endpoint_service.codedeploy_commands_secure",
            "module.vpc.data.aws_vpc_endpoint_service.codepipeline",
            "module.vpc.data.aws_vpc_endpoint_service.transferserver",
            "module.vpc.aws_default_vpc.this",
            "module.vpc.aws_vpc_endpoint.git_codecommit",
            "module.vpc.aws_vpc_endpoint_route_table_association.intra_dynamodb",
            "module.vpc.aws_vpc_endpoint_route_table_association.public_dynamodb",
            "module.vpc.data.aws_vpc_endpoint_service.sagemaker_api",
            "module.vpc.aws_eip.nat",
            "module.vpc.aws_route_table_association.public",
            "module.vpc.aws_subnet.private",
            "module.vpc.aws_vpn_gateway_route_propagation.public",
            "module.vpc.aws_vpc_endpoint.ec2messages",
            "module.vpc.aws_vpc_endpoint.transfer",
            "module.vpc.aws_vpc_endpoint_route_table_association.intra_s3",
            "module.vpc.data.aws_vpc_endpoint_service.appstream_streaming",
            "module.vpc.aws_iam_role.vpc_flow_log_cloudwatch",
            "module.vpc.aws_network_acl.redshift",
            "module.vpc.aws_vpc_endpoint.apigw",
            "module.vpc.aws_vpn_gateway_route_propagation.private",
            "module.vpc.aws_route_table.redshift",
            "module.vpc.data.aws_vpc_endpoint_service.dynamodb",
            "module.vpc.data.aws_vpc_endpoint_service.ecs_agent",
            "module.vpc.data.aws_vpc_endpoint_service.transfer",
            "module.vpc.aws_route_table_association.database",
            "module.vpc.aws_vpc_endpoint.sqs",
            "module.vpc.data.aws_vpc_endpoint_service.lambda",
            "module.vpc.aws_route_table.database",
            "module.vpc.data.aws_vpc_endpoint_service.elasticloadbalancing",
            "module.vpc.data.aws_vpc_endpoint_service.rekognition",
            "module.vpc.aws_vpc_endpoint.appmesh_envoy_management",
            "module.vpc.aws_vpc_endpoint.codepipeline",
            "module.vpc.aws_vpc_endpoint.events",
            "module.vpc.aws_vpc_endpoint.storagegateway",
            "module.vpc.data.aws_vpc_endpoint_service.codebuild",
            "data.aws_availability_zones.available",
            "module.vpc.aws_network_acl_rule.database_inbound",
            "module.vpc.data.aws_vpc_endpoint_service.sagemaker_runtime",
            "module.vpc.aws_vpc_endpoint.auto_scaling_plans",
            "module.vpc.aws_nat_gateway.this",
            "module.vpc.aws_network_acl_rule.intra_outbound",
            "module.vpc.aws_vpc_endpoint.qldb_session",
            "module.vpc.aws_vpc_endpoint_route_table_association.private_dynamodb",
            "module.vpc.data.aws_iam_policy_document.vpc_flow_log_cloudwatch",
            "module.vpc.aws_flow_log.this",
            "module.vpc.aws_subnet.redshift",
            "module.vpc.aws_vpc_endpoint.appstream_api",
            "module.vpc.data.aws_iam_policy_document.flow_log_cloudwatch_assume_role",
            "module.vpc.aws_route.public_internet_gateway",
            "module.vpc.aws_network_acl.elasticache",
            "module.vpc.aws_vpc_endpoint.kms",
            "module.vpc.aws_route.database_ipv6_egress",
            "module.vpc.aws_vpc_endpoint.ses",
            "module.vpc.data.aws_vpc_endpoint_service.appmesh_envoy_management",
            "module.vpc.aws_network_acl_rule.elasticache_inbound",
            "module.vpc.data.aws_vpc_endpoint_service.efs",
            "module.vpc.data.aws_vpc_endpoint_service.qldb_session",
            "module.vpc.aws_vpc_dhcp_options.this",
            "module.vpc.data.aws_vpc_endpoint_service.appstream_api",
            "module.vpc.data.aws_vpc_endpoint_service.ecs",
            "module.vpc.data.aws_vpc_endpoint_service.kinesis_firehose",
            "module.vpc.aws_network_acl.database",
            "module.vpc.data.aws_vpc_endpoint_service.codeartifact_repositories",
            "module.vpc.data.aws_vpc_endpoint_service.elastic_inference_runtime",
            "module.vpc.data.aws_vpc_endpoint_service.elasticbeanstalk_health",
            "module.vpc.aws_network_acl_rule.private_outbound",
            "module.vpc.aws_vpc_endpoint.datasync",
            "module.vpc.aws_vpc_endpoint.elasticbeanstalk_health",
            "module.vpc.data.aws_vpc_endpoint_service.cloudtrail",
            "module.vpc.aws_route.public_internet_gateway_ipv6",
            "module.vpc.aws_vpc_endpoint.kinesis_firehose",
            "module.vpc.data.aws_vpc_endpoint_service.ec2_autoscaling",
            "module.vpc.aws_route.database_nat_gateway",
            "module.vpc.aws_vpc_endpoint.athena",
            "module.vpc.aws_vpc_endpoint.sts",
            "module.vpc.data.aws_vpc_endpoint_service.servicecatalog",
            "module.vpc.aws_cloudwatch_log_group.flow_log",
            "module.vpc.aws_network_acl_rule.redshift_inbound",
            "module.vpc.aws_vpn_gateway_route_propagation.intra",
            "module.vpc.aws_vpc_endpoint.codedeploy_commands_secure",
            "module.vpc.aws_vpc_endpoint.ecs_telemetry",
            "module.vpc.aws_vpc_endpoint.kinesis_streams",
            "module.vpc.aws_route.private_ipv6_egress",
            "module.vpc.aws_vpc_endpoint.textract",
            "module.vpc.data.aws_vpc_endpoint_service.emr",
            "module.vpc.data.aws_vpc_endpoint_service.git_codecommit",
            "module.vpc.aws_route_table_association.redshift",
            "module.vpc.data.aws_vpc_endpoint_service.sagemaker_notebook"
          ]
        }
      ]
    },
    {
      "mode": "managed",
      "type": "aws_docdb_cluster",
      "name": "docdb",
      "provider": "provider[\"registry.terraform.io/hashicorp/aws\"]",
      "instances": [
        {
          "schema_version": 0,
          "attributes": {
            "apply_immediately": null,
            "arn": "arn:aws:rds:us-east-2:603494993596:cluster:my-docdb-cluster",
            "availability_zones": [
              "us-east-2a",
              "us-east-2b",
              "us-east-2c"
            ],
            "backup_retention_period": 5,
            "cluster_identifier": "my-docdb-cluster",
            "cluster_identifier_prefix": null,
            "cluster_members": [
              "my-docdb-cluster"
            ],
            "cluster_resource_id": "cluster-WRMZNYSDEHOMTBY73FBE7B2Q7Y",
            "db_cluster_parameter_group_name": "default.docdb4.0",
            "db_subnet_group_name": "main",
            "deletion_protection": false,
            "enabled_cloudwatch_logs_exports": [],
            "endpoint": "my-docdb-cluster.cluster-cvyuxvjadcvz.us-east-2.docdb.amazonaws.com",
            "engine": "docdb",
            "engine_version": "4.0.0",
            "final_snapshot_identifier": null,
            "hosted_zone_id": "Z7L8695A82IZ6",
            "id": "my-docdb-cluster",
            "kms_key_id": "",
            "master_password": "mustbeeightchars",
            "master_username": "foo",
            "port": 27017,
            "preferred_backup_window": "07:00-09:00",
            "preferred_maintenance_window": "fri:10:03-fri:10:33",
            "reader_endpoint": "my-docdb-cluster.cluster-ro-cvyuxvjadcvz.us-east-2.docdb.amazonaws.com",
            "skip_final_snapshot": true,
            "snapshot_identifier": null,
            "storage_encrypted": false,
            "tags": {},
            "tags_all": {},
            "timeouts": null,
            "vpc_security_group_ids": [
              "sg-0b61ae9f7ce242e7f"
            ]
          },
          "sensitive_attributes": [],
          "private": "eyJlMmJmYjczMC1lY2FhLTExZTYtOGY4OC0zNDM2M2JjN2M0YzAiOnsiY3JlYXRlIjo3MjAwMDAwMDAwMDAwLCJkZWxldGUiOjcyMDAwMDAwMDAwMDAsInVwZGF0ZSI6NzIwMDAwMDAwMDAwMH19",
          "dependencies": [
            "module.vpc.aws_route.private_ipv6_egress",
            "module.vpc.aws_vpc_endpoint.sms",
            "module.vpc.data.aws_vpc_endpoint_service.codecommit",
            "module.vpc.data.aws_vpc_endpoint_service.ebs",
            "module.vpc.aws_vpc_endpoint.ssmmessages",
            "module.vpc.aws_vpc_endpoint.sts",
            "module.vpc.aws_route_table.elasticache",
            "module.vpc.aws_subnet.database",
            "module.vpc.aws_vpc_endpoint.emr",
            "module.vpc.aws_network_acl.private",
            "module.vpc.aws_route.public_internet_gateway_ipv6",
            "module.vpc.aws_vpc_endpoint.codepipeline",
            "module.vpc.aws_vpc_endpoint.secretsmanager",
            "module.vpc.aws_vpc_endpoint_route_table_association.public_dynamodb",
            "module.vpc.data.aws_vpc_endpoint_service.cloudtrail",
            "module.vpc.data.aws_vpc_endpoint_service.codeartifact_repositories",
            "aws_security_group.worker_group",
            "module.vpc.aws_network_acl.public",
            "module.vpc.data.aws_vpc_endpoint_service.sagemaker_notebook",
            "module.vpc.aws_route_table.private",
            "module.vpc.aws_vpc_endpoint.cloudtrail",
            "module.vpc.aws_default_vpc.this",
            "module.vpc.data.aws_vpc_endpoint_service.events",
            "module.vpc.aws_route_table_association.database",
            "module.vpc.aws_vpc_endpoint.appstream_api",
            "module.vpc.aws_vpc_endpoint.kinesis_streams",
            "module.vpc.data.aws_vpc_endpoint_service.sns",
            "module.vpc.aws_network_acl_rule.intra_outbound",
            "module.vpc.aws_route_table.public",
            "module.vpc.aws_vpc_endpoint.states",
            "module.vpc.aws_vpc_endpoint_route_table_association.private_dynamodb",
            "module.vpc.aws_vpn_gateway.this",
            "module.vpc.data.aws_vpc_endpoint_service.cloudformation",
            "module.vpc.aws_route_table.intra",
            "module.vpc.aws_route_table.redshift",
            "module.vpc.aws_vpc_endpoint.codedeploy",
            "module.vpc.aws_flow_log.this",
            "module.vpc.aws_vpc_dhcp_options_association.this",
            "module.vpc.data.aws_vpc_endpoint_service.secretsmanager",
            "module.vpc.aws_default_security_group.this",
            "module.vpc.aws_iam_policy.vpc_flow_log_cloudwatch",
            "module.vpc.aws_vpc_endpoint.sagemaker_api",
            "module.vpc.data.aws_iam_policy_document.flow_log_cloudwatch_assume_role",
            "module.vpc.data.aws_vpc_endpoint_service.ssmmessages",
            "module.vpc.aws_vpc_endpoint.dynamodb",
            "module.vpc.aws_vpc_endpoint.ec2",
            "module.vpc.aws_vpc_endpoint.sqs",
            "module.vpc.aws_vpc_endpoint_route_table_association.public_s3",
            "module.vpc.aws_network_acl_rule.intra_inbound",
            "module.vpc.aws_vpc_endpoint.sagemaker_notebook",
            "module.vpc.aws_subnet.elasticache",
            "module.vpc.aws_route_table_association.intra",
            "module.vpc.aws_route_table_association.private",
            "module.vpc.aws_vpc_endpoint.glue",
            "module.vpc.aws_vpc_endpoint_route_table_association.intra_s3",
            "module.vpc.data.aws_vpc_endpoint_service.emr",
            "module.vpc.data.aws_vpc_endpoint_service.sagemaker_api",
            "module.vpc.aws_db_subnet_group.database",
            "module.vpc.aws_vpc_endpoint.ecs",
            "module.vpc.aws_vpc_endpoint.codedeploy_commands_secure",
            "module.vpc.aws_iam_role_policy_attachment.vpc_flow_log_cloudwatch",
            "module.vpc.aws_network_acl_rule.elasticache_outbound",
            "module.vpc.aws_vpc_endpoint.rekognition",
            "module.vpc.aws_vpc_endpoint.transfer",
            "module.vpc.aws_vpn_gateway_route_propagation.intra",
            "module.vpc.data.aws_vpc_endpoint_service.elasticbeanstalk_health",
            "module.vpc.data.aws_vpc_endpoint_service.states",
            "module.vpc.aws_vpc_endpoint.ec2messages",
            "module.vpc.aws_vpc_endpoint.kms",
            "module.vpc.aws_vpc_endpoint.appstream_streaming",
            "module.vpc.aws_vpc_endpoint.codecommit",
            "module.vpc.data.aws_vpc_endpoint_service.ecr_api",
            "module.vpc.aws_egress_only_internet_gateway.this",
            "module.vpc.aws_route_table_association.elasticache",
            "module.vpc.data.aws_vpc_endpoint_service.sts",
            "module.vpc.data.aws_vpc_endpoint_service.git_codecommit",
            "module.vpc.data.aws_vpc_endpoint_service.ssm",
            "module.vpc.aws_vpc_endpoint.transferserver",
            "module.vpc.aws_vpc_endpoint.workspaces",
            "module.vpc.aws_network_acl.intra",
            "module.vpc.aws_vpc_endpoint.cloudformation",
            "module.vpc.aws_vpc_endpoint.ebs",
            "module.vpc.data.aws_vpc_endpoint_service.qldb_session",
            "module.vpc.data.aws_vpc_endpoint_service.codeartifact_api",
            "module.vpc.aws_network_acl_rule.database_outbound",
            "module.vpc.aws_vpc_endpoint.codeartifact_api",
            "module.vpc.aws_vpc_endpoint.ses",
            "module.vpc.aws_vpc_endpoint.textract",
            "module.vpc.aws_vpc_ipv4_cidr_block_association.this",
            "module.vpc.aws_network_acl.redshift",
            "module.vpc.aws_route.database_nat_gateway",
            "module.vpc.data.aws_vpc_endpoint_service.sagemaker_runtime",
            "module.vpc.aws_subnet.public",
            "module.vpc.aws_vpc_endpoint.codebuild",
            "module.vpc.data.aws_vpc_endpoint_service.cloud_directory",
            "module.vpc.data.aws_vpc_endpoint_service.transfer",
            "module.vpc.aws_subnet.intra",
            "module.vpc.aws_vpn_gateway_attachment.this",
            "module.vpc.aws_vpc_endpoint.datasync",
            "module.vpc.data.aws_vpc_endpoint_service.codedeploy",
            "module.vpc.aws_vpc_endpoint.elasticloadbalancing",
            "module.vpc.aws_vpc_endpoint.git_codecommit",
            "module.vpc.aws_vpc_endpoint.qldb_session",
            "module.vpc.aws_internet_gateway.this",
            "module.vpc.aws_vpc_endpoint.config",
            "module.vpc.data.aws_vpc_endpoint_service.access_analyzer",
            "module.vpc.data.aws_vpc_endpoint_service.ec2",
            "module.vpc.aws_route.public_internet_gateway",
            "module.vpc.aws_vpc_endpoint.sns",
            "module.vpc.aws_network_acl_rule.redshift_inbound",
            "module.vpc.aws_route_table_association.public",
            "data.aws_subnet_ids.sofin-net-ids",
            "module.vpc.aws_eip.nat",
            "module.vpc.aws_vpc_endpoint.codeartifact_repositories",
            "module.vpc.data.aws_vpc_endpoint_service.lambda",
            "module.vpc.aws_vpc_endpoint.ecs_telemetry",
            "module.vpc.data.aws_vpc_endpoint_service.sqs",
            "module.vpc.aws_customer_gateway.this",
            "module.vpc.aws_vpc.this",
            "module.vpc.aws_vpc_endpoint.appmesh_envoy_management",
            "module.vpc.data.aws_vpc_endpoint_service.appstream_streaming",
            "module.vpc.data.aws_vpc_endpoint_service.rds",
            "module.vpc.aws_vpc_endpoint.efs",
            "module.vpc.data.aws_vpc_endpoint_service.athena",
            "module.vpc.aws_network_acl_rule.private_outbound",
            "module.vpc.aws_route.database_internet_gateway",
            "module.vpc.aws_vpc_endpoint.athena",
            "module.vpc.aws_vpc_endpoint.cloud_directory",
            "module.vpc.aws_vpn_gateway_route_propagation.private",
            "module.vpc.data.aws_vpc_endpoint_service.codedeploy_commands_secure",
            "module.vpc.aws_redshift_subnet_group.redshift",
            "module.vpc.aws_route.private_nat_gateway",
            "module.vpc.data.aws_vpc_endpoint_service.ecr_dkr",
            "module.vpc.data.aws_vpc_endpoint_service.kinesis_firehose",
            "module.vpc.aws_network_acl_rule.public_outbound",
            "module.vpc.aws_vpc_dhcp_options.this",
            "module.vpc.aws_subnet.private",
            "module.vpc.aws_vpc_endpoint.servicecatalog",
            "module.vpc.aws_vpc_endpoint.ssm",
            "module.vpc.data.aws_vpc_endpoint_service.auto_scaling_plans",
            "module.vpc.data.aws_vpc_endpoint_service.elasticloadbalancing",
            "module.vpc.data.aws_vpc_endpoint_service.glue",
            "module.vpc.data.aws_vpc_endpoint_service.storagegateway",
            "module.vpc.aws_network_acl_rule.private_inbound",
            "module.vpc.aws_vpc_endpoint.elasticbeanstalk",
            "module.vpc.aws_vpn_gateway_route_propagation.public",
            "module.vpc.aws_vpc_endpoint.ecs_agent",
            "module.vpc.aws_vpc_endpoint.logs",
            "module.vpc.data.aws_vpc_endpoint_service.ec2messages",
            "module.vpc.aws_network_acl_rule.database_inbound",
            "module.vpc.aws_subnet.redshift",
            "module.vpc.data.aws_iam_policy_document.vpc_flow_log_cloudwatch",
            "module.vpc.data.aws_vpc_endpoint_service.ec2_autoscaling",
            "data.aws_availability_zones.available",
            "module.vpc.aws_vpc_endpoint.ecr_dkr",
            "module.vpc.data.aws_vpc_endpoint_service.kms",
            "module.vpc.data.aws_vpc_endpoint_service.transferserver",
            "module.vpc.aws_route_table_association.redshift",
            "module.vpc.aws_vpc_endpoint.s3",
            "module.vpc.aws_network_acl.elasticache",
            "module.vpc.aws_vpc_endpoint.access_analyzer",
            "module.vpc.aws_vpc_endpoint.elasticbeanstalk_health",
            "module.vpc.data.aws_vpc_endpoint_service.ses",
            "module.vpc.data.aws_vpc_endpoint_service.sms",
            "module.vpc.aws_nat_gateway.this",
            "module.vpc.aws_network_acl_rule.elasticache_inbound",
            "module.vpc.data.aws_vpc_endpoint_service.ecs",
            "module.vpc.data.aws_vpc_endpoint_service.ecs_telemetry",
            "module.vpc.aws_vpc_endpoint_route_table_association.intra_dynamodb",
            "module.vpc.data.aws_vpc_endpoint_service.acm_pca",
            "module.vpc.aws_vpc_endpoint.kinesis_firehose",
            "module.vpc.aws_vpc_endpoint.sagemaker_runtime",
            "module.vpc.data.aws_vpc_endpoint_service.dynamodb",
            "module.vpc.data.aws_vpc_endpoint_service.efs",
            "module.vpc.data.aws_vpc_endpoint_service.kinesis_streams",
            "aws_db_subnet_group.sofin-net-gr",
            "module.vpc.aws_cloudwatch_log_group.flow_log",
            "module.vpc.aws_vpc_endpoint.monitoring",
            "module.vpc.aws_network_acl.database",
            "module.vpc.aws_vpc_endpoint.apigw",
            "module.vpc.aws_elasticache_subnet_group.elasticache",
            "module.vpc.data.aws_vpc_endpoint_service.logs",
            "module.vpc.aws_vpc_endpoint.events",
            "module.vpc.aws_vpc_endpoint.rds",
            "module.vpc.aws_iam_role.vpc_flow_log_cloudwatch",
            "module.vpc.aws_route_table.database",
            "module.vpc.data.aws_vpc_endpoint_service.apigw",
            "module.vpc.aws_route.database_ipv6_egress",
            "module.vpc.aws_route_table_association.redshift_public",
            "module.vpc.aws_vpc_endpoint.auto_scaling_plans",
            "module.vpc.data.aws_vpc_endpoint_service.config",
            "module.vpc.data.aws_vpc_endpoint_service.appstream_api",
            "module.vpc.data.aws_vpc_endpoint_service.elastic_inference_runtime",
            "module.vpc.data.aws_vpc_endpoint_service.elasticbeanstalk",
            "module.vpc.data.aws_vpc_endpoint_service.monitoring",
            "module.vpc.aws_vpc_endpoint.acm_pca",
            "module.vpc.aws_vpc_endpoint.elastic_inference_runtime",
            "module.vpc.data.aws_vpc_endpoint_service.appmesh_envoy_management",
            "module.vpc.data.aws_vpc_endpoint_service.ecs_agent",
            "module.vpc.data.aws_vpc_endpoint_service.rekognition",
            "module.vpc.data.aws_vpc_endpoint_service.codebuild",
            "module.vpc.data.aws_vpc_endpoint_service.datasync",
            "module.vpc.data.aws_vpc_endpoint_service.s3",
            "module.vpc.aws_vpc_endpoint.lambda",
            "module.vpc.data.aws_vpc_endpoint_service.codepipeline",
            "module.vpc.aws_vpc_endpoint_route_table_association.private_s3",
            "module.vpc.aws_default_network_acl.this",
            "module.vpc.aws_vpc_endpoint.ecr_api",
            "module.vpc.aws_vpc_endpoint.storagegateway",
            "module.vpc.data.aws_vpc_endpoint_service.textract",
            "module.vpc.data.aws_vpc_endpoint_service.servicecatalog",
            "module.vpc.data.aws_vpc_endpoint_service.workspaces",
            "module.vpc.aws_vpc_endpoint.ec2_autoscaling",
            "module.vpc.aws_network_acl_rule.public_inbound",
            "module.vpc.aws_network_acl_rule.redshift_outbound"
          ]
        }
      ]
    },
    {
      "mode": "managed",
      "type": "aws_efs_file_system",
      "name": "sofin_nfs",
      "provider": "provider[\"registry.terraform.io/hashicorp/aws\"]",
      "instances": [
        {
          "schema_version": 0,
          "attributes": {
            "arn": "arn:aws:elasticfilesystem:us-east-2:603494993596:file-system/fs-a23ac2d9",
            "availability_zone_id": "",
            "availability_zone_name": "",
            "creation_token": "terraform-20210609062811986500000001",
            "dns_name": "fs-a23ac2d9.efs.us-east-2.amazonaws.com",
            "encrypted": false,
            "id": "fs-a23ac2d9",
            "kms_key_id": "",
            "lifecycle_policy": [],
            "number_of_mount_targets": 3,
            "owner_id": "603494993596",
            "performance_mode": "generalPurpose",
            "provisioned_throughput_in_mibps": 0,
            "size_in_bytes": [
              {
                "value": 6144,
                "value_in_ia": 0,
                "value_in_standard": 6144
              }
            ],
            "tags": {},
            "tags_all": {},
            "throughput_mode": "bursting"
          },
          "sensitive_attributes": [],
          "private": "bnVsbA=="
        }
      ]
    },
    {
      "mode": "managed",
      "type": "aws_efs_mount_target",
      "name": "sofin_nfs_mp-a",
      "provider": "provider[\"registry.terraform.io/hashicorp/aws\"]",
      "instances": [
        {
          "schema_version": 0,
          "attributes": {
            "availability_zone_id": "use2-az1",
            "availability_zone_name": "us-east-2a",
            "dns_name": "fs-a23ac2d9.efs.us-east-2.amazonaws.com",
            "file_system_arn": "arn:aws:elasticfilesystem:us-east-2:603494993596:file-system/fs-a23ac2d9",
            "file_system_id": "fs-a23ac2d9",
            "id": "fsmt-6e5b4b17",
            "ip_address": "10.0.1.132",
            "mount_target_dns_name": "us-east-2a.fs-a23ac2d9.efs.us-east-2.amazonaws.com",
            "network_interface_id": "eni-01784655a6d954bd2",
            "owner_id": "603494993596",
            "security_groups": [
              "sg-09465337dd9db5105"
            ],
            "subnet_id": "subnet-07c322eb1f02ec759"
          },
          "sensitive_attributes": [],
          "private": "bnVsbA==",
          "dependencies": [
            "module.vpc.aws_subnet.public",
            "module.vpc.aws_vpc.this",
            "module.vpc.aws_vpc_ipv4_cidr_block_association.this",
            "aws_efs_file_system.sofin_nfs",
            "data.aws_availability_zones.available"
          ]
        }
      ]
    },
    {
      "mode": "managed",
      "type": "aws_efs_mount_target",
      "name": "sofin_nfs_mp-b",
      "provider": "provider[\"registry.terraform.io/hashicorp/aws\"]",
      "instances": [
        {
          "schema_version": 0,
          "attributes": {
            "availability_zone_id": "use2-az2",
            "availability_zone_name": "us-east-2b",
            "dns_name": "fs-a23ac2d9.efs.us-east-2.amazonaws.com",
            "file_system_arn": "arn:aws:elasticfilesystem:us-east-2:603494993596:file-system/fs-a23ac2d9",
            "file_system_id": "fs-a23ac2d9",
            "id": "fsmt-635b4b1a",
            "ip_address": "10.0.2.110",
            "mount_target_dns_name": "us-east-2b.fs-a23ac2d9.efs.us-east-2.amazonaws.com",
            "network_interface_id": "eni-0359f591e66fd3812",
            "owner_id": "603494993596",
            "security_groups": [
              "sg-09465337dd9db5105"
            ],
            "subnet_id": "subnet-047a98ace48246557"
          },
          "sensitive_attributes": [],
          "private": "bnVsbA==",
          "dependencies": [
            "module.vpc.aws_vpc_ipv4_cidr_block_association.this",
            "aws_efs_file_system.sofin_nfs",
            "data.aws_availability_zones.available",
            "module.vpc.aws_subnet.public",
            "module.vpc.aws_vpc.this"
          ]
        }
      ]
    },
    {
      "mode": "managed",
      "type": "aws_efs_mount_target",
      "name": "sofin_nfs_mp-c",
      "provider": "provider[\"registry.terraform.io/hashicorp/aws\"]",
      "instances": [
        {
          "schema_version": 0,
          "attributes": {
            "availability_zone_id": "use2-az3",
            "availability_zone_name": "us-east-2c",
            "dns_name": "fs-a23ac2d9.efs.us-east-2.amazonaws.com",
            "file_system_arn": "arn:aws:elasticfilesystem:us-east-2:603494993596:file-system/fs-a23ac2d9",
            "file_system_id": "fs-a23ac2d9",
            "id": "fsmt-615b4b18",
            "ip_address": "10.0.3.50",
            "mount_target_dns_name": "us-east-2c.fs-a23ac2d9.efs.us-east-2.amazonaws.com",
            "network_interface_id": "eni-0b512b436637742c5",
            "owner_id": "603494993596",
            "security_groups": [
              "sg-09465337dd9db5105"
            ],
            "subnet_id": "subnet-007e0c10de69ebb42"
          },
          "sensitive_attributes": [],
          "private": "bnVsbA==",
          "dependencies": [
            "aws_efs_file_system.sofin_nfs",
            "data.aws_availability_zones.available",
            "module.vpc.aws_subnet.public",
            "module.vpc.aws_vpc.this",
            "module.vpc.aws_vpc_ipv4_cidr_block_association.this"
          ]
        }
      ]
    },
    {
      "mode": "managed",
      "type": "aws_security_group",
      "name": "worker_group",
      "provider": "provider[\"registry.terraform.io/hashicorp/aws\"]",
      "instances": [
        {
          "schema_version": 1,
          "attributes": {
            "arn": "arn:aws:ec2:us-east-2:603494993596:security-group/sg-0b61ae9f7ce242e7f",
            "description": "Managed by Terraform",
            "egress": [
              {
                "cidr_blocks": [
                  "0.0.0.0/0"
                ],
                "description": "",
                "from_port": 0,
                "ipv6_cidr_blocks": [],
                "prefix_list_ids": [],
                "protocol": "-1",
                "security_groups": [],
                "self": false,
                "to_port": 0
              }
            ],
            "id": "sg-0b61ae9f7ce242e7f",
            "ingress": [
              {
                "cidr_blocks": [
                  "0.0.0.0/0"
                ],
                "description": "",
                "from_port": 0,
                "ipv6_cidr_blocks": [],
                "prefix_list_ids": [],
                "protocol": "-1",
                "security_groups": [],
                "self": false,
                "to_port": 0
              }
            ],
            "name": "worker_group20210609062830245000000009",
            "name_prefix": "worker_group",
            "owner_id": "603494993596",
            "revoke_rules_on_delete": false,
            "tags": {},
            "tags_all": {},
            "timeouts": null,
            "vpc_id": "vpc-06fcd8437491a7c13"
          },
          "sensitive_attributes": [],
          "private": "eyJlMmJmYjczMC1lY2FhLTExZTYtOGY4OC0zNDM2M2JjN2M0YzAiOnsiY3JlYXRlIjo2MDAwMDAwMDAwMDAsImRlbGV0ZSI6OTAwMDAwMDAwMDAwfSwic2NoZW1hX3ZlcnNpb24iOiIxIn0=",
          "dependencies": [
            "module.vpc.aws_vpc.this"
          ],
          "create_before_destroy": true
        }
      ]
    },
    {
      "mode": "managed",
      "type": "kubernetes_namespace",
      "name": "sofin_dev",
      "provider": "provider[\"registry.terraform.io/hashicorp/kubernetes\"]",
      "instances": [
        {
          "schema_version": 0,
          "attributes": {
            "id": "development",
            "metadata": [
              {
                "annotations": {
                  "name": "This namespace is for development"
                },
                "generate_name": "",
                "generation": 0,
                "labels": {
                  "mylabel": "dev"
                },
                "name": "development",
                "resource_version": "675",
                "self_link": "",
                "uid": "cc91c0be-21fc-4562-bfbf-1a6a3c643b0e"
              }
            ],
            "timeouts": null
          },
          "sensitive_attributes": [],
          "private": "eyJlMmJmYjczMC1lY2FhLTExZTYtOGY4OC0zNDM2M2JjN2M0YzAiOnsiZGVsZXRlIjozMDAwMDAwMDAwMDB9fQ==",
          "dependencies": [
            "data.aws_eks_cluster_auth.cluster",
            "data.aws_eks_cluster.cluster",
            "module.eks.aws_iam_role_policy_attachment.cluster_AmazonEKSClusterPolicy",
            "module.eks.data.aws_iam_role.custom_cluster_iam_role",
            "module.eks.data.http.wait_for_cluster",
            "module.vpc.aws_vpc.this",
            "module.eks.aws_security_group_rule.cluster_private_access_sg_source",
            "module.eks.data.aws_iam_policy_document.cluster_assume_role_policy",
            "module.eks.aws_cloudwatch_log_group.this",
            "module.eks.aws_iam_role_policy_attachment.cluster_AmazonEKSServicePolicy",
            "module.eks.aws_iam_role_policy_attachment.cluster_AmazonEKSVPCResourceControllerPolicy",
            "module.eks.aws_security_group.cluster",
            "module.eks.aws_security_group_rule.cluster_egress_internet",
            "module.eks.aws_security_group_rule.cluster_private_access_cidrs_source",
            "module.vpc.aws_subnet.public",
            "module.vpc.aws_vpc_ipv4_cidr_block_association.this",
            "data.aws_availability_zones.available",
            "module.eks.aws_eks_cluster.this",
            "module.eks.aws_iam_role.cluster",
            "module.eks.aws_security_group.workers",
            "module.eks.aws_security_group_rule.cluster_https_worker_ingress",
            "module.eks.data.aws_partition.current"
          ]
        }
      ]
    },
    {
      "mode": "managed",
      "type": "kubernetes_namespace",
      "name": "sofin_prod",
      "provider": "provider[\"registry.terraform.io/hashicorp/kubernetes\"]",
      "instances": [
        {
          "schema_version": 0,
          "attributes": {
            "id": "production",
            "metadata": [
              {
                "annotations": {
                  "name": "This namespace is for productive env"
                },
                "generate_name": "",
                "generation": 0,
                "labels": {
                  "mylabel": "prod"
                },
                "name": "production",
                "resource_version": "676",
                "self_link": "",
                "uid": "2318f20d-a5be-45a8-b0ec-24f86dabff3d"
              }
            ],
            "timeouts": null
          },
          "sensitive_attributes": [],
          "private": "eyJlMmJmYjczMC1lY2FhLTExZTYtOGY4OC0zNDM2M2JjN2M0YzAiOnsiZGVsZXRlIjozMDAwMDAwMDAwMDB9fQ==",
          "dependencies": [
            "module.eks.aws_security_group.cluster",
            "module.eks.aws_security_group_rule.cluster_private_access_cidrs_source",
            "module.eks.data.aws_partition.current",
            "module.vpc.aws_subnet.public",
            "data.aws_availability_zones.available",
            "module.eks.aws_iam_role_policy_attachment.cluster_AmazonEKSClusterPolicy",
            "module.eks.aws_security_group_rule.cluster_https_worker_ingress",
            "module.eks.data.aws_iam_role.custom_cluster_iam_role",
            "module.eks.aws_iam_role.cluster",
            "data.aws_eks_cluster_auth.cluster",
            "module.eks.aws_cloudwatch_log_group.this",
            "module.eks.aws_iam_role_policy_attachment.cluster_AmazonEKSServicePolicy",
            "module.eks.aws_iam_role_policy_attachment.cluster_AmazonEKSVPCResourceControllerPolicy",
            "module.eks.aws_security_group.workers",
            "module.eks.aws_security_group_rule.cluster_egress_internet",
            "module.eks.data.aws_iam_policy_document.cluster_assume_role_policy",
            "data.aws_eks_cluster.cluster",
            "module.vpc.aws_vpc_ipv4_cidr_block_association.this",
            "module.vpc.aws_vpc.this",
            "module.eks.aws_security_group_rule.cluster_private_access_sg_source",
            "module.eks.data.http.wait_for_cluster",
            "module.eks.aws_eks_cluster.this"
          ]
        }
      ]
    },
    {
      "module": "module.eks",
      "mode": "data",
      "type": "aws_ami",
      "name": "eks_worker",
      "provider": "provider[\"registry.terraform.io/hashicorp/aws\"]",
      "instances": [
        {
          "index_key": 0,
          "schema_version": 0,
          "attributes": {
            "architecture": "x86_64",
            "arn": "arn:aws:ec2:us-east-2::image/ami-0717749dd0428bc56",
            "block_device_mappings": [
              {
                "device_name": "/dev/xvda",
                "ebs": {
                  "delete_on_termination": "true",
                  "encrypted": "false",
                  "iops": "0",
                  "snapshot_id": "snap-080925d3463478d14",
                  "throughput": "0",
                  "volume_size": "20",
                  "volume_type": "gp2"
                },
                "no_device": "",
                "virtual_name": ""
              }
            ],
            "creation_date": "2021-05-26T22:53:13.000Z",
            "description": "EKS Kubernetes Worker AMI with AmazonLinux2 image, (k8s: 1.20.4, docker: 19.03.13ce-1.amzn2, containerd: 1.4.1-2.amzn2)",
            "ena_support": true,
            "executable_users": null,
            "filter": [
              {
                "name": "name",
                "values": [
                  "amazon-eks-node-1.20-v*"
                ]
              }
            ],
            "hypervisor": "xen",
            "id": "ami-0717749dd0428bc56",
            "image_id": "ami-0717749dd0428bc56",
            "image_location": "amazon/amazon-eks-node-1.20-v20210526",
            "image_owner_alias": "amazon",
            "image_type": "machine",
            "kernel_id": null,
            "most_recent": true,
            "name": "amazon-eks-node-1.20-v20210526",
            "name_regex": null,
            "owner_id": "602401143452",
            "owners": [
              "amazon"
            ],
            "platform": null,
            "platform_details": "Linux/UNIX",
            "product_codes": [],
            "public": true,
            "ramdisk_id": null,
            "root_device_name": "/dev/xvda",
            "root_device_type": "ebs",
            "root_snapshot_id": "snap-080925d3463478d14",
            "sriov_net_support": "simple",
            "state": "available",
            "state_reason": {
              "code": "UNSET",
              "message": "UNSET"
            },
            "tags": {},
            "usage_operation": "RunInstances",
            "virtualization_type": "hvm"
          },
          "sensitive_attributes": []
        }
      ]
    },
    {
      "module": "module.eks",
      "mode": "data",
      "type": "aws_caller_identity",
      "name": "current",
      "provider": "provider[\"registry.terraform.io/hashicorp/aws\"]",
      "instances": [
        {
          "schema_version": 0,
          "attributes": {
            "account_id": "603494993596",
            "arn": "arn:aws:iam::603494993596:user/epam_hw_user",
            "id": "603494993596",
            "user_id": "AIDAYZAY2Z26MVDPGPLB4"
          },
          "sensitive_attributes": []
        }
      ]
    },
    {
      "module": "module.eks",
      "mode": "data",
      "type": "aws_iam_policy_document",
      "name": "cluster_assume_role_policy",
      "provider": "provider[\"registry.terraform.io/hashicorp/aws\"]",
      "instances": [
        {
          "schema_version": 0,
          "attributes": {
            "id": "2764486067",
            "json": "{\n  \"Version\": \"2012-10-17\",\n  \"Statement\": [\n    {\n      \"Sid\": \"EKSClusterAssumeRole\",\n      \"Effect\": \"Allow\",\n      \"Action\": \"sts:AssumeRole\",\n      \"Principal\": {\n        \"Service\": \"eks.amazonaws.com\"\n      }\n    }\n  ]\n}",
            "override_json": null,
            "override_policy_documents": null,
            "policy_id": null,
            "source_json": null,
            "source_policy_documents": null,
            "statement": [
              {
                "actions": [
                  "sts:AssumeRole"
                ],
                "condition": [],
                "effect": "Allow",
                "not_actions": [],
                "not_principals": [],
                "not_resources": [],
                "principals": [
                  {
                    "identifiers": [
                      "eks.amazonaws.com"
                    ],
                    "type": "Service"
                  }
                ],
                "resources": [],
                "sid": "EKSClusterAssumeRole"
              }
            ],
            "version": "2012-10-17"
          },
          "sensitive_attributes": []
        }
      ]
    },
    {
      "module": "module.eks",
      "mode": "data",
      "type": "aws_iam_policy_document",
      "name": "cluster_elb_sl_role_creation",
      "provider": "provider[\"registry.terraform.io/hashicorp/aws\"]",
      "instances": [
        {
          "index_key": 0,
          "schema_version": 0,
          "attributes": {
            "id": "3709839417",
            "json": "{\n  \"Version\": \"2012-10-17\",\n  \"Statement\": [\n    {\n      \"Sid\": \"\",\n      \"Effect\": \"Allow\",\n      \"Action\": [\n        \"ec2:DescribeInternetGateways\",\n        \"ec2:DescribeAddresses\",\n        \"ec2:DescribeAccountAttributes\"\n      ],\n      \"Resource\": \"*\"\n    }\n  ]\n}",
            "override_json": null,
            "override_policy_documents": null,
            "policy_id": null,
            "source_json": null,
            "source_policy_documents": null,
            "statement": [
              {
                "actions": [
                  "ec2:DescribeAccountAttributes",
                  "ec2:DescribeAddresses",
                  "ec2:DescribeInternetGateways"
                ],
                "condition": [],
                "effect": "Allow",
                "not_actions": [],
                "not_principals": [],
                "not_resources": [],
                "principals": [],
                "resources": [
                  "*"
                ],
                "sid": ""
              }
            ],
            "version": "2012-10-17"
          },
          "sensitive_attributes": []
        }
      ]
    },
    {
      "module": "module.eks",
      "mode": "data",
      "type": "aws_iam_policy_document",
      "name": "workers_assume_role_policy",
      "provider": "provider[\"registry.terraform.io/hashicorp/aws\"]",
      "instances": [
        {
          "schema_version": 0,
          "attributes": {
            "id": "3778018924",
            "json": "{\n  \"Version\": \"2012-10-17\",\n  \"Statement\": [\n    {\n      \"Sid\": \"EKSWorkerAssumeRole\",\n      \"Effect\": \"Allow\",\n      \"Action\": \"sts:AssumeRole\",\n      \"Principal\": {\n        \"Service\": \"ec2.amazonaws.com\"\n      }\n    }\n  ]\n}",
            "override_json": null,
            "override_policy_documents": null,
            "policy_id": null,
            "source_json": null,
            "source_policy_documents": null,
            "statement": [
              {
                "actions": [
                  "sts:AssumeRole"
                ],
                "condition": [],
                "effect": "Allow",
                "not_actions": [],
                "not_principals": [],
                "not_resources": [],
                "principals": [
                  {
                    "identifiers": [
                      "ec2.amazonaws.com"
                    ],
                    "type": "Service"
                  }
                ],
                "resources": [],
                "sid": "EKSWorkerAssumeRole"
              }
            ],
            "version": "2012-10-17"
          },
          "sensitive_attributes": []
        }
      ]
    },
    {
      "module": "module.eks",
      "mode": "data",
      "type": "aws_partition",
      "name": "current",
      "provider": "provider[\"registry.terraform.io/hashicorp/aws\"]",
      "instances": [
        {
          "schema_version": 0,
          "attributes": {
            "dns_suffix": "amazonaws.com",
            "id": "aws",
            "partition": "aws",
            "reverse_dns_prefix": "com.amazonaws"
          },
          "sensitive_attributes": []
        }
      ]
    },
    {
      "module": "module.eks",
      "mode": "data",
      "type": "http",
      "name": "wait_for_cluster",
      "provider": "provider[\"registry.terraform.io/terraform-aws-modules/http\"]",
      "instances": [
        {
          "index_key": 0,
          "schema_version": 0,
          "attributes": {
            "body": "ok",
            "ca_certificate": "-----BEGIN CERTIFICATE-----\nMIIC5zCCAc+gAwIBAgIBADANBgkqhkiG9w0BAQsFADAVMRMwEQYDVQQDEwprdWJl\ncm5ldGVzMB4XDTIxMDYwOTA2MzQzOVoXDTMxMDYwNzA2MzQzOVowFTETMBEGA1UE\nAxMKa3ViZXJuZXRlczCCASIwDQYJKoZIhvcNAQEBBQADggEPADCCAQoCggEBAK7k\nDdd8FvVR+3dEOlJK4z+gZluDoeR0YQ5tBP9742jn7GvjB7+QqpR9t713lqlFKhMn\nzgluPwW4aBnqDnkI10aDIpWO946DNLRMRAWEYnoEJ5P9ww94UuI/JJJXtkhvMI78\n2Vkkdy8SbOCOaj06OcS6W7aFeYkyg7Aj1JKdK6oD/4FJCPhCSSQllYLbf0ieUIWj\nOP19L+kvP/vimTMydENzRzyxMyeo+qzgl8VlUSW/pub+5KI7rRkEeIXBFviemOnw\n6Q3mbOwYa6O0DdE5bI/L0lHjHe4IwPD3pPuwEwkSptJstti9bOf5IG7Aa3RpLMwS\nXRzuiSxjZxjFjF+QmfMCAwEAAaNCMEAwDgYDVR0PAQH/BAQDAgKkMA8GA1UdEwEB\n/wQFMAMBAf8wHQYDVR0OBBYEFLgg0b+diYsIKwlKx3Ut5cdsHhZuMA0GCSqGSIb3\nDQEBCwUAA4IBAQBkXaw+CcpyAH//L51o10lVLRkjH533IwRPosq6Ikbrg+IJgX7/\nI8SPqhFvmBcQWL8UXwS5vTtQ396otpThYbkQTXmN/LgKLWZzv05+FW0enPnLrVuH\nFh9YjiXKtb1FJ6KUPRwBzCBtXh8zBMzRD0DG4cOPBTY1u5KF1ZOLs/RZ3L3Xotj3\nhV3ceMj8SjzBcTW04U/R2C0Fnd7UkQvJaQDsXP2z+q8cd2EbXJJlN/YE8jR1rzzH\n9jDfHv2rKgUY3LobFIwc6noGw5Ry6+YLxfJ1OPEBYIjylDCP4qpwIUesoNB1BcF1\n+djPudD812fPG2dPnQTU/SW83qqM84obGwJd\n-----END CERTIFICATE-----\n",
            "id": "https://2EDD67006D33AC3103B3030CEDC98EAC.gr7.us-east-2.eks.amazonaws.com/healthz",
            "insecure": false,
            "request_headers": null,
            "response_headers": {
              "Cache-Control": "no-cache, private",
              "Content-Length": "2",
              "Content-Type": "text/plain; charset=utf-8",
              "Date": "Wed, 09 Jun 2021 06:59:04 GMT",
              "X-Content-Type-Options": "nosniff",
              "X-Kubernetes-Pf-Flowschema-Uid": "822b32ed-88ce-41d3-a664-d008bc17a06f",
              "X-Kubernetes-Pf-Prioritylevel-Uid": "acf2a569-2252-4b09-a155-e7dcba4edf36"
            },
            "timeout": 300,
            "url": "https://2EDD67006D33AC3103B3030CEDC98EAC.gr7.us-east-2.eks.amazonaws.com/healthz"
          },
          "sensitive_attributes": []
        }
      ]
    },
    {
      "module": "module.eks",
      "mode": "managed",
      "type": "aws_autoscaling_group",
      "name": "workers",
      "provider": "provider[\"registry.terraform.io/hashicorp/aws\"]",
      "instances": [
        {
          "index_key": 0,
          "schema_version": 0,
          "attributes": {
            "arn": "arn:aws:autoscaling:us-east-2:603494993596:autoScalingGroup:4be950a1-65b8-45f9-8851-fa09a0bdfb9d:autoScalingGroupName/sofin-eks-020210609063928174600000011",
            "availability_zones": [
              "us-east-2a",
              "us-east-2b",
              "us-east-2c"
            ],
            "capacity_rebalance": false,
            "default_cooldown": 300,
            "desired_capacity": 3,
            "enabled_metrics": [],
            "force_delete": false,
            "force_delete_warm_pool": false,
            "health_check_grace_period": 300,
            "health_check_type": "EC2",
            "id": "sofin-eks-020210609063928174600000011",
            "initial_lifecycle_hook": [],
            "instance_refresh": [],
            "launch_configuration": "sofin-eks-020210609063916158800000010",
            "launch_template": [],
            "load_balancers": [],
            "max_instance_lifetime": 0,
            "max_size": 3,
            "metrics_granularity": "1Minute",
            "min_elb_capacity": null,
            "min_size": 1,
            "mixed_instances_policy": [],
            "name": "sofin-eks-020210609063928174600000011",
            "name_prefix": "sofin-eks-0",
            "placement_group": "",
            "protect_from_scale_in": false,
            "service_linked_role_arn": "arn:aws:iam::603494993596:role/aws-service-role/autoscaling.amazonaws.com/AWSServiceRoleForAutoScaling",
            "suspended_processes": [
              "AZRebalance"
            ],
            "tag": [
              {
                "key": "Name",
                "propagate_at_launch": true,
                "value": "sofin-eks-0-eks_asg"
              },
              {
                "key": "k8s.io/cluster/sofin-eks",
                "propagate_at_launch": true,
                "value": "owned"
              },
              {
                "key": "kubernetes.io/cluster/sofin-eks",
                "propagate_at_launch": true,
                "value": "owned"
              }
            ],
            "tags": null,
            "target_group_arns": [],
            "termination_policies": [],
            "timeouts": null,
            "vpc_zone_identifier": [
              "subnet-007e0c10de69ebb42",
              "subnet-047a98ace48246557",
              "subnet-07c322eb1f02ec759"
            ],
            "wait_for_capacity_timeout": "10m",
            "wait_for_elb_capacity": null,
            "warm_pool": []
          },
          "sensitive_attributes": [],
          "private": "eyJlMmJmYjczMC1lY2FhLTExZTYtOGY4OC0zNDM2M2JjN2M0YzAiOnsiZGVsZXRlIjo2MDAwMDAwMDAwMDB9fQ==",
          "dependencies": [
            "module.eks.aws_iam_role.cluster",
            "module.eks.aws_iam_role_policy_attachment.cluster_AmazonEKSVPCResourceControllerPolicy",
            "module.eks.aws_security_group.cluster",
            "module.eks.aws_security_group_rule.workers_ingress_cluster",
            "module.vpc.aws_subnet.public",
            "module.eks.aws_iam_role_policy_attachment.workers_additional_policies",
            "module.eks.aws_security_group.workers",
            "module.eks.aws_security_group_rule.workers_ingress_cluster_kubelet",
            "module.eks.data.aws_iam_policy_document.workers_assume_role_policy",
            "module.eks.aws_security_group_rule.cluster_egress_internet",
            "module.eks.aws_security_group_rule.workers_ingress_self",
            "module.eks.data.aws_ami.eks_worker",
            "module.eks.data.aws_ami.eks_worker_windows",
            "module.vpc.aws_vpc_ipv4_cidr_block_association.this",
            "module.eks.data.aws_partition.current",
            "module.eks.aws_iam_role.workers",
            "module.eks.aws_iam_role_policy_attachment.cluster_AmazonEKSClusterPolicy",
            "module.eks.aws_iam_role_policy_attachment.cluster_AmazonEKSServicePolicy",
            "module.eks.aws_iam_role_policy_attachment.workers_AmazonEC2ContainerRegistryReadOnly",
            "module.eks.aws_iam_role_policy_attachment.workers_AmazonEKS_CNI_Policy",
            "module.eks.aws_launch_configuration.workers",
            "module.eks.aws_security_group_rule.cluster_https_worker_ingress",
            "module.eks.aws_iam_instance_profile.workers",
            "module.eks.aws_security_group_rule.workers_egress_internet",
            "module.eks.data.aws_iam_policy_document.cluster_assume_role_policy",
            "module.eks.aws_iam_role_policy_attachment.workers_AmazonEKSWorkerNodePolicy",
            "module.eks.aws_security_group_rule.workers_ingress_cluster_https",
            "module.eks.data.aws_iam_instance_profile.custom_worker_group_iam_instance_profile",
            "module.eks.data.aws_iam_role.custom_cluster_iam_role",
            "module.vpc.aws_vpc.this",
            "aws_security_group.worker_group",
            "data.aws_availability_zones.available",
            "module.eks.aws_cloudwatch_log_group.this",
            "module.eks.aws_eks_cluster.this",
            "module.eks.aws_security_group_rule.cluster_primary_ingress_workers",
            "module.eks.aws_security_group_rule.workers_ingress_cluster_primary"
          ],
          "create_before_destroy": true
        }
      ]
    },
    {
      "module": "module.eks",
      "mode": "managed",
      "type": "aws_eks_cluster",
      "name": "this",
      "provider": "provider[\"registry.terraform.io/hashicorp/aws\"]",
      "instances": [
        {
          "index_key": 0,
          "schema_version": 0,
          "attributes": {
            "arn": "arn:aws:eks:us-east-2:603494993596:cluster/sofin-eks",
            "certificate_authority": [
              {
                "data": "LS0tLS1CRUdJTiBDRVJUSUZJQ0FURS0tLS0tCk1JSUM1ekNDQWMrZ0F3SUJBZ0lCQURBTkJna3Foa2lHOXcwQkFRc0ZBREFWTVJNd0VRWURWUVFERXdwcmRXSmwKY201bGRHVnpNQjRYRFRJeE1EWXdPVEEyTXpRek9Wb1hEVE14TURZd056QTJNelF6T1Zvd0ZURVRNQkVHQTFVRQpBeE1LYTNWaVpYSnVaWFJsY3pDQ0FTSXdEUVlKS29aSWh2Y05BUUVCQlFBRGdnRVBBRENDQVFvQ2dnRUJBSzdrCkRkZDhGdlZSKzNkRU9sSks0eitnWmx1RG9lUjBZUTV0QlA5NzQyam43R3ZqQjcrUXFwUjl0NzEzbHFsRktoTW4KemdsdVB3VzRhQm5xRG5rSTEwYURJcFdPOTQ2RE5MUk1SQVdFWW5vRUo1UDl3dzk0VXVJL0pKSlh0a2h2TUk3OAoyVmtrZHk4U2JPQ09hajA2T2NTNlc3YUZlWWt5ZzdBajFKS2RLNm9ELzRGSkNQaENTU1FsbFlMYmYwaWVVSVdqCk9QMTlMK2t2UC92aW1UTXlkRU56Unp5eE15ZW8rcXpnbDhWbFVTVy9wdWIrNUtJN3JSa0VlSVhCRnZpZW1PbncKNlEzbWJPd1lhNk8wRGRFNWJJL0wwbEhqSGU0SXdQRDNwUHV3RXdrU3B0SnN0dGk5Yk9mNUlHN0FhM1JwTE13UwpYUnp1aVN4alp4akZqRitRbWZNQ0F3RUFBYU5DTUVBd0RnWURWUjBQQVFIL0JBUURBZ0trTUE4R0ExVWRFd0VCCi93UUZNQU1CQWY4d0hRWURWUjBPQkJZRUZMZ2cwYitkaVlzSUt3bEt4M1V0NWNkc0hoWnVNQTBHQ1NxR1NJYjMKRFFFQkN3VUFBNElCQVFCa1hhdytDY3B5QUgvL0w1MW8xMGxWTFJrakg1MzNJd1JQb3NxNklrYnJnK0lKZ1g3LwpJOFNQcWhGdm1CY1FXTDhVWHdTNXZUdFEzOTZvdHBUaFlia1FUWG1OL0xnS0xXWnp2MDUrRlcwZW5QbkxyVnVICkZoOVlqaVhLdGIxRko2S1VQUndCekNCdFhoOHpCTXpSRDBERzRjT1BCVFkxdTVLRjFaT0xzL1JaM0wzWG90ajMKaFYzY2VNajhTanpCY1RXMDRVL1IyQzBGbmQ3VWtRdkphUURzWFAyeitxOGNkMkViWEpKbE4vWUU4alIxcnp6SAo5akRmSHYycktnVVkzTG9iRkl3YzZub0d3NVJ5NitZTHhmSjFPUEVCWUlqeWxEQ1A0cXB3SVVlc29OQjFCY0YxCitkalB1ZEQ4MTJmUEcyZFBuUVRVL1NXODNxcU04NG9iR3dKZAotLS0tLUVORCBDRVJUSUZJQ0FURS0tLS0tCg=="
              }
            ],
            "created_at": "2021-06-09 06:28:44.733 +0000 UTC",
            "enabled_cluster_log_types": [],
            "encryption_config": [],
            "endpoint": "https://2EDD67006D33AC3103B3030CEDC98EAC.gr7.us-east-2.eks.amazonaws.com",
            "id": "sofin-eks",
            "identity": [
              {
                "oidc": [
                  {
                    "issuer": "https://oidc.eks.us-east-2.amazonaws.com/id/2EDD67006D33AC3103B3030CEDC98EAC"
                  }
                ]
              }
            ],
            "kubernetes_network_config": [
              {
                "service_ipv4_cidr": "172.20.0.0/16"
              }
            ],
            "name": "sofin-eks",
            "platform_version": "eks.1",
            "role_arn": "arn:aws:iam::603494993596:role/sofin-eks20210609062812098000000002",
            "status": "ACTIVE",
            "tags": {},
            "tags_all": {},
            "timeouts": {
              "create": "30m",
              "delete": "15m",
              "update": null
            },
            "version": "1.20",
            "vpc_config": [
              {
                "cluster_security_group_id": "sg-0b300cf68dc248aea",
                "endpoint_private_access": false,
                "endpoint_public_access": true,
                "public_access_cidrs": [
                  "0.0.0.0/0"
                ],
                "security_group_ids": [
                  "sg-0326be506e6b169f8"
                ],
                "subnet_ids": [
                  "subnet-007e0c10de69ebb42",
                  "subnet-047a98ace48246557",
                  "subnet-07c322eb1f02ec759"
                ],
                "vpc_id": "vpc-06fcd8437491a7c13"
              }
            ]
          },
          "sensitive_attributes": [],
          "private": "eyJlMmJmYjczMC1lY2FhLTExZTYtOGY4OC0zNDM2M2JjN2M0YzAiOnsiY3JlYXRlIjoxODAwMDAwMDAwMDAwLCJkZWxldGUiOjkwMDAwMDAwMDAwMCwidXBkYXRlIjozNjAwMDAwMDAwMDAwfX0=",
          "dependencies": [
            "data.aws_availability_zones.available",
            "module.eks.aws_iam_role_policy_attachment.cluster_AmazonEKSVPCResourceControllerPolicy",
            "module.eks.aws_security_group.cluster",
            "module.eks.aws_security_group_rule.cluster_egress_internet",
            "module.vpc.aws_subnet.public",
            "module.eks.aws_iam_role_policy_attachment.cluster_AmazonEKSClusterPolicy",
            "module.eks.aws_security_group.workers",
            "module.eks.data.aws_iam_policy_document.cluster_assume_role_policy",
            "module.eks.data.aws_iam_role.custom_cluster_iam_role",
            "module.eks.data.aws_partition.current",
            "module.vpc.aws_vpc.this",
            "module.eks.aws_cloudwatch_log_group.this",
            "module.eks.aws_iam_role.cluster",
            "module.eks.aws_iam_role_policy_attachment.cluster_AmazonEKSServicePolicy",
            "module.eks.aws_security_group_rule.cluster_https_worker_ingress",
            "module.vpc.aws_vpc_ipv4_cidr_block_association.this"
          ],
          "create_before_destroy": true
        }
      ]
    },
    {
      "module": "module.eks",
      "mode": "managed",
      "type": "aws_iam_instance_profile",
      "name": "workers",
      "provider": "provider[\"registry.terraform.io/hashicorp/aws\"]",
      "instances": [
        {
          "index_key": 0,
          "schema_version": 0,
          "attributes": {
            "arn": "arn:aws:iam::603494993596:instance-profile/sofin-eks2021060906391292540000000c",
            "create_date": "2021-06-09T06:39:13Z",
            "id": "sofin-eks2021060906391292540000000c",
            "name": "sofin-eks2021060906391292540000000c",
            "name_prefix": "sofin-eks",
            "path": "/",
            "role": "sofin-eks2021060906391047980000000b",
            "tags": {},
            "tags_all": {},
            "unique_id": "AIPAYZAY2Z26DQKXGSXN3"
          },
          "sensitive_attributes": [],
          "private": "bnVsbA==",
          "dependencies": [
            "module.eks.aws_security_group_rule.cluster_https_worker_ingress",
            "module.eks.data.aws_iam_role.custom_cluster_iam_role",
            "module.vpc.aws_vpc.this",
            "data.aws_availability_zones.available",
            "module.eks.aws_iam_role.workers",
            "module.eks.aws_iam_role_policy_attachment.cluster_AmazonEKSVPCResourceControllerPolicy",
            "module.eks.aws_iam_role_policy_attachment.cluster_AmazonEKSClusterPolicy",
            "module.eks.aws_iam_role_policy_attachment.cluster_AmazonEKSServicePolicy",
            "module.eks.aws_security_group.cluster",
            "module.eks.aws_security_group.workers",
            "module.eks.data.aws_iam_policy_document.cluster_assume_role_policy",
            "module.eks.aws_cloudwatch_log_group.this",
            "module.eks.aws_eks_cluster.this",
            "module.eks.aws_iam_role.cluster",
            "module.vpc.aws_subnet.public",
            "module.vpc.aws_vpc_ipv4_cidr_block_association.this",
            "module.eks.aws_security_group_rule.cluster_egress_internet",
            "module.eks.data.aws_iam_policy_document.workers_assume_role_policy",
            "aws_security_group.worker_group",
            "module.eks.data.aws_partition.current"
          ],
          "create_before_destroy": true
        }
      ]
    },
    {
      "module": "module.eks",
      "mode": "managed",
      "type": "aws_iam_policy",
      "name": "cluster_elb_sl_role_creation",
      "provider": "provider[\"registry.terraform.io/hashicorp/aws\"]",
      "instances": [
        {
          "index_key": 0,
          "schema_version": 0,
          "attributes": {
            "arn": "arn:aws:iam::603494993596:policy/sofin-eks-elb-sl-role-creation20210609062812202300000003",
            "description": "Permissions for EKS to create AWSServiceRoleForElasticLoadBalancing service-linked role",
            "id": "arn:aws:iam::603494993596:policy/sofin-eks-elb-sl-role-creation20210609062812202300000003",
            "name": "sofin-eks-elb-sl-role-creation20210609062812202300000003",
            "name_prefix": "sofin-eks-elb-sl-role-creation",
            "path": "/",
            "policy": "{\n  \"Version\": \"2012-10-17\",\n  \"Statement\": [\n    {\n      \"Sid\": \"\",\n      \"Effect\": \"Allow\",\n      \"Action\": [\n        \"ec2:DescribeInternetGateways\",\n        \"ec2:DescribeAddresses\",\n        \"ec2:DescribeAccountAttributes\"\n      ],\n      \"Resource\": \"*\"\n    }\n  ]\n}",
            "policy_id": "ANPAYZAY2Z26LRONLARFP",
            "tags": {},
            "tags_all": {}
          },
          "sensitive_attributes": [],
          "private": "bnVsbA==",
          "dependencies": [
            "module.eks.data.aws_iam_policy_document.cluster_elb_sl_role_creation"
          ]
        }
      ]
    },
    {
      "module": "module.eks",
      "mode": "managed",
      "type": "aws_iam_role",
      "name": "cluster",
      "provider": "provider[\"registry.terraform.io/hashicorp/aws\"]",
      "instances": [
        {
          "index_key": 0,
          "schema_version": 0,
          "attributes": {
            "arn": "arn:aws:iam::603494993596:role/sofin-eks20210609062812098000000002",
            "assume_role_policy": "{\"Version\":\"2012-10-17\",\"Statement\":[{\"Sid\":\"EKSClusterAssumeRole\",\"Effect\":\"Allow\",\"Principal\":{\"Service\":\"eks.amazonaws.com\"},\"Action\":\"sts:AssumeRole\"}]}",
            "create_date": "2021-06-09T06:28:12Z",
            "description": "",
            "force_detach_policies": true,
            "id": "sofin-eks20210609062812098000000002",
            "inline_policy": [
              {
                "name": "",
                "policy": ""
              }
            ],
            "managed_policy_arns": [
              "arn:aws:iam::603494993596:policy/sofin-eks-elb-sl-role-creation20210609062812202300000003",
              "arn:aws:iam::aws:policy/AmazonEKSClusterPolicy",
              "arn:aws:iam::aws:policy/AmazonEKSServicePolicy",
              "arn:aws:iam::aws:policy/AmazonEKSVPCResourceController"
            ],
            "max_session_duration": 3600,
            "name": "sofin-eks20210609062812098000000002",
            "name_prefix": "sofin-eks",
            "path": "/",
            "permissions_boundary": null,
            "tags": {},
            "tags_all": {},
            "unique_id": "AROAYZAY2Z26AWVA7YICI"
          },
          "sensitive_attributes": [],
          "private": "bnVsbA==",
          "dependencies": [
            "module.eks.data.aws_iam_policy_document.cluster_assume_role_policy"
          ],
          "create_before_destroy": true
        }
      ]
    },
    {
      "module": "module.eks",
      "mode": "managed",
      "type": "aws_iam_role",
      "name": "workers",
      "provider": "provider[\"registry.terraform.io/hashicorp/aws\"]",
      "instances": [
        {
          "index_key": 0,
          "schema_version": 0,
          "attributes": {
            "arn": "arn:aws:iam::603494993596:role/sofin-eks2021060906391047980000000b",
            "assume_role_policy": "{\"Version\":\"2012-10-17\",\"Statement\":[{\"Sid\":\"EKSWorkerAssumeRole\",\"Effect\":\"Allow\",\"Principal\":{\"Service\":\"ec2.amazonaws.com\"},\"Action\":\"sts:AssumeRole\"}]}",
            "create_date": "2021-06-09T06:39:11Z",
            "description": "",
            "force_detach_policies": true,
            "id": "sofin-eks2021060906391047980000000b",
            "inline_policy": [
              {
                "name": "",
                "policy": ""
              }
            ],
            "managed_policy_arns": [
              "arn:aws:iam::aws:policy/AmazonEC2ContainerRegistryReadOnly",
              "arn:aws:iam::aws:policy/AmazonEKSWorkerNodePolicy",
              "arn:aws:iam::aws:policy/AmazonEKS_CNI_Policy"
            ],
            "max_session_duration": 3600,
            "name": "sofin-eks2021060906391047980000000b",
            "name_prefix": "sofin-eks",
            "path": "/",
            "permissions_boundary": null,
            "tags": {},
            "tags_all": {},
            "unique_id": "AROAYZAY2Z26IU2POSHO7"
          },
          "sensitive_attributes": [],
          "private": "bnVsbA==",
          "dependencies": [
            "module.vpc.aws_subnet.public",
            "module.eks.aws_eks_cluster.this",
            "module.eks.aws_iam_role.cluster",
            "module.eks.aws_iam_role_policy_attachment.cluster_AmazonEKSServicePolicy",
            "module.eks.data.aws_partition.current",
            "module.eks.aws_security_group.cluster",
            "module.eks.aws_security_group.workers",
            "module.eks.data.aws_iam_policy_document.cluster_assume_role_policy",
            "module.eks.data.aws_iam_policy_document.workers_assume_role_policy",
            "data.aws_availability_zones.available",
            "module.eks.aws_cloudwatch_log_group.this",
            "module.eks.aws_iam_role_policy_attachment.cluster_AmazonEKSClusterPolicy",
            "module.eks.aws_iam_role_policy_attachment.cluster_AmazonEKSVPCResourceControllerPolicy",
            "module.eks.data.aws_iam_role.custom_cluster_iam_role",
            "module.eks.aws_security_group_rule.cluster_egress_internet",
            "module.eks.aws_security_group_rule.cluster_https_worker_ingress",
            "module.vpc.aws_vpc_ipv4_cidr_block_association.this",
            "module.vpc.aws_vpc.this"
          ],
          "create_before_destroy": true
        }
      ]
    },
    {
      "module": "module.eks",
      "mode": "managed",
      "type": "aws_iam_role_policy_attachment",
      "name": "cluster_AmazonEKSClusterPolicy",
      "provider": "provider[\"registry.terraform.io/hashicorp/aws\"]",
      "instances": [
        {
          "index_key": 0,
          "schema_version": 0,
          "attributes": {
            "id": "sofin-eks20210609062812098000000002-20210609062814931400000007",
            "policy_arn": "arn:aws:iam::aws:policy/AmazonEKSClusterPolicy",
            "role": "sofin-eks20210609062812098000000002"
          },
          "sensitive_attributes": [],
          "private": "bnVsbA==",
          "dependencies": [
            "module.eks.data.aws_partition.current",
            "module.eks.aws_iam_role.cluster",
            "module.eks.data.aws_iam_policy_document.cluster_assume_role_policy"
          ],
          "create_before_destroy": true
        }
      ]
    },
    {
      "module": "module.eks",
      "mode": "managed",
      "type": "aws_iam_role_policy_attachment",
      "name": "cluster_AmazonEKSServicePolicy",
      "provider": "provider[\"registry.terraform.io/hashicorp/aws\"]",
      "instances": [
        {
          "index_key": 0,
          "schema_version": 0,
          "attributes": {
            "id": "sofin-eks20210609062812098000000002-20210609062814918900000005",
            "policy_arn": "arn:aws:iam::aws:policy/AmazonEKSServicePolicy",
            "role": "sofin-eks20210609062812098000000002"
          },
          "sensitive_attributes": [],
          "private": "bnVsbA==",
          "dependencies": [
            "module.eks.aws_iam_role.cluster",
            "module.eks.data.aws_iam_policy_document.cluster_assume_role_policy",
            "module.eks.data.aws_partition.current"
          ],
          "create_before_destroy": true
        }
      ]
    },
    {
      "module": "module.eks",
      "mode": "managed",
      "type": "aws_iam_role_policy_attachment",
      "name": "cluster_AmazonEKSVPCResourceControllerPolicy",
      "provider": "provider[\"registry.terraform.io/hashicorp/aws\"]",
      "instances": [
        {
          "index_key": 0,
          "schema_version": 0,
          "attributes": {
            "id": "sofin-eks20210609062812098000000002-20210609062814920000000006",
            "policy_arn": "arn:aws:iam::aws:policy/AmazonEKSVPCResourceController",
            "role": "sofin-eks20210609062812098000000002"
          },
          "sensitive_attributes": [],
          "private": "bnVsbA==",
          "dependencies": [
            "module.eks.aws_iam_role.cluster",
            "module.eks.data.aws_iam_policy_document.cluster_assume_role_policy",
            "module.eks.data.aws_partition.current"
          ],
          "create_before_destroy": true
        }
      ]
    },
    {
      "module": "module.eks",
      "mode": "managed",
      "type": "aws_iam_role_policy_attachment",
      "name": "cluster_elb_sl_role_creation",
      "provider": "provider[\"registry.terraform.io/hashicorp/aws\"]",
      "instances": [
        {
          "index_key": 0,
          "schema_version": 0,
          "attributes": {
            "id": "sofin-eks20210609062812098000000002-20210609062814918100000004",
            "policy_arn": "arn:aws:iam::603494993596:policy/sofin-eks-elb-sl-role-creation20210609062812202300000003",
            "role": "sofin-eks20210609062812098000000002"
          },
          "sensitive_attributes": [],
          "private": "bnVsbA==",
          "dependencies": [
            "module.eks.data.aws_iam_policy_document.cluster_assume_role_policy",
            "module.eks.data.aws_iam_policy_document.cluster_elb_sl_role_creation",
            "module.eks.aws_iam_policy.cluster_elb_sl_role_creation",
            "module.eks.aws_iam_role.cluster"
          ]
        }
      ]
    },
    {
      "module": "module.eks",
      "mode": "managed",
      "type": "aws_iam_role_policy_attachment",
      "name": "workers_AmazonEC2ContainerRegistryReadOnly",
      "provider": "provider[\"registry.terraform.io/hashicorp/aws\"]",
      "instances": [
        {
          "index_key": 0,
          "schema_version": 0,
          "attributes": {
            "id": "sofin-eks2021060906391047980000000b-2021060906391352160000000d",
            "policy_arn": "arn:aws:iam::aws:policy/AmazonEC2ContainerRegistryReadOnly",
            "role": "sofin-eks2021060906391047980000000b"
          },
          "sensitive_attributes": [],
          "private": "bnVsbA==",
          "dependencies": [
            "module.eks.data.aws_iam_policy_document.workers_assume_role_policy",
            "module.vpc.aws_vpc.this",
            "module.eks.aws_eks_cluster.this",
            "module.eks.aws_iam_role_policy_attachment.cluster_AmazonEKSVPCResourceControllerPolicy",
            "module.eks.aws_security_group_rule.cluster_https_worker_ingress",
            "module.eks.aws_iam_role_policy_attachment.cluster_AmazonEKSServicePolicy",
            "module.eks.aws_security_group_rule.cluster_egress_internet",
            "module.eks.data.aws_iam_role.custom_cluster_iam_role",
            "module.vpc.aws_subnet.public",
            "data.aws_availability_zones.available",
            "module.eks.aws_cloudwatch_log_group.this",
            "module.eks.aws_iam_role.workers",
            "module.eks.aws_security_group.cluster",
            "module.eks.data.aws_iam_policy_document.cluster_assume_role_policy",
            "module.eks.data.aws_partition.current",
            "module.vpc.aws_vpc_ipv4_cidr_block_association.this",
            "module.eks.aws_iam_role.cluster",
            "module.eks.aws_iam_role_policy_attachment.cluster_AmazonEKSClusterPolicy",
            "module.eks.aws_security_group.workers"
          ],
          "create_before_destroy": true
        }
      ]
    },
    {
      "module": "module.eks",
      "mode": "managed",
      "type": "aws_iam_role_policy_attachment",
      "name": "workers_AmazonEKSWorkerNodePolicy",
      "provider": "provider[\"registry.terraform.io/hashicorp/aws\"]",
      "instances": [
        {
          "index_key": 0,
          "schema_version": 0,
          "attributes": {
            "id": "sofin-eks2021060906391047980000000b-2021060906391354630000000f",
            "policy_arn": "arn:aws:iam::aws:policy/AmazonEKSWorkerNodePolicy",
            "role": "sofin-eks2021060906391047980000000b"
          },
          "sensitive_attributes": [],
          "private": "bnVsbA==",
          "dependencies": [
            "module.eks.aws_eks_cluster.this",
            "module.eks.aws_iam_role.workers",
            "module.eks.aws_iam_role_policy_attachment.cluster_AmazonEKSClusterPolicy",
            "module.eks.aws_security_group.cluster",
            "module.eks.data.aws_partition.current",
            "module.vpc.aws_subnet.public",
            "module.eks.aws_cloudwatch_log_group.this",
            "module.vpc.aws_vpc.this",
            "module.eks.aws_iam_role_policy_attachment.cluster_AmazonEKSVPCResourceControllerPolicy",
            "module.eks.aws_security_group_rule.cluster_https_worker_ingress",
            "module.eks.data.aws_iam_role.custom_cluster_iam_role",
            "data.aws_availability_zones.available",
            "module.eks.aws_iam_role_policy_attachment.cluster_AmazonEKSServicePolicy",
            "module.eks.aws_security_group.workers",
            "module.eks.aws_security_group_rule.cluster_egress_internet",
            "module.eks.data.aws_iam_policy_document.cluster_assume_role_policy",
            "module.eks.data.aws_iam_policy_document.workers_assume_role_policy",
            "module.vpc.aws_vpc_ipv4_cidr_block_association.this",
            "module.eks.aws_iam_role.cluster"
          ],
          "create_before_destroy": true
        }
      ]
    },
    {
      "module": "module.eks",
      "mode": "managed",
      "type": "aws_iam_role_policy_attachment",
      "name": "workers_AmazonEKS_CNI_Policy",
      "provider": "provider[\"registry.terraform.io/hashicorp/aws\"]",
      "instances": [
        {
          "index_key": 0,
          "schema_version": 0,
          "attributes": {
            "id": "sofin-eks2021060906391047980000000b-2021060906391352870000000e",
            "policy_arn": "arn:aws:iam::aws:policy/AmazonEKS_CNI_Policy",
            "role": "sofin-eks2021060906391047980000000b"
          },
          "sensitive_attributes": [],
          "private": "bnVsbA==",
          "dependencies": [
            "module.eks.aws_iam_role_policy_attachment.cluster_AmazonEKSClusterPolicy",
            "module.eks.aws_iam_role_policy_attachment.cluster_AmazonEKSVPCResourceControllerPolicy",
            "module.eks.aws_security_group_rule.cluster_https_worker_ingress",
            "module.eks.data.aws_iam_policy_document.workers_assume_role_policy",
            "module.vpc.aws_vpc_ipv4_cidr_block_association.this",
            "module.eks.aws_iam_role.cluster",
            "module.eks.aws_iam_role_policy_attachment.cluster_AmazonEKSServicePolicy",
            "module.eks.data.aws_iam_role.custom_cluster_iam_role",
            "module.eks.data.aws_partition.current",
            "module.vpc.aws_subnet.public",
            "data.aws_availability_zones.available",
            "module.eks.aws_eks_cluster.this",
            "module.eks.aws_security_group.cluster",
            "module.eks.aws_security_group.workers",
            "module.eks.aws_security_group_rule.cluster_egress_internet",
            "module.eks.data.aws_iam_policy_document.cluster_assume_role_policy",
            "module.vpc.aws_vpc.this",
            "module.eks.aws_cloudwatch_log_group.this",
            "module.eks.aws_iam_role.workers"
          ],
          "create_before_destroy": true
        }
      ]
    },
    {
      "module": "module.eks",
      "mode": "managed",
      "type": "aws_launch_configuration",
      "name": "workers",
      "provider": "provider[\"registry.terraform.io/hashicorp/aws\"]",
      "instances": [
        {
          "index_key": 0,
          "schema_version": 0,
          "attributes": {
            "arn": "arn:aws:autoscaling:us-east-2:603494993596:launchConfiguration:dadd1697-7311-4d30-b85a-0c2bb258e52e:launchConfigurationName/sofin-eks-020210609063916158800000010",
            "associate_public_ip_address": false,
            "ebs_block_device": [],
            "ebs_optimized": false,
            "enable_monitoring": true,
            "ephemeral_block_device": [],
            "iam_instance_profile": "sofin-eks2021060906391292540000000c",
            "id": "sofin-eks-020210609063916158800000010",
            "image_id": "ami-0717749dd0428bc56",
            "instance_type": "t2.large",
            "key_name": "",
            "metadata_options": [
              {
                "http_endpoint": "enabled",
                "http_put_response_hop_limit": 1,
                "http_tokens": "optional"
              }
            ],
            "name": "sofin-eks-020210609063916158800000010",
            "name_prefix": "sofin-eks-0",
            "placement_tenancy": "",
            "root_block_device": [
              {
                "delete_on_termination": true,
                "encrypted": false,
                "iops": 0,
                "volume_size": 100,
                "volume_type": "gp2"
              }
            ],
            "security_groups": [
              "sg-0b61ae9f7ce242e7f",
              "sg-0dd4c83d9b64466d8"
            ],
            "spot_price": "",
            "user_data": null,
            "user_data_base64": "IyEvYmluL2Jhc2ggLWUKCiMgQWxsb3cgdXNlciBzdXBwbGllZCBwcmUgdXNlcmRhdGEgY29kZQoKCiMgQm9vdHN0cmFwIGFuZCBqb2luIHRoZSBjbHVzdGVyCi9ldGMvZWtzL2Jvb3RzdHJhcC5zaCAtLWI2NC1jbHVzdGVyLWNhICdMUzB0TFMxQ1JVZEpUaUJEUlZKVVNVWkpRMEZVUlMwdExTMHRDazFKU1VNMWVrTkRRV01yWjBGM1NVSkJaMGxDUVVSQlRrSm5hM0ZvYTJsSE9YY3dRa0ZSYzBaQlJFRldUVkpOZDBWUldVUldVVkZFUlhkd2NtUlhTbXdLWTIwMWJHUkhWbnBOUWpSWVJGUkplRTFFV1hkUFZFRXlUWHBSZWs5V2IxaEVWRTE0VFVSWmQwNTZRVEpOZWxGNlQxWnZkMFpVUlZSTlFrVkhRVEZWUlFwQmVFMUxZVE5XYVZwWVNuVmFXRkpzWTNwRFEwRlRTWGRFVVZsS1MyOWFTV2gyWTA1QlVVVkNRbEZCUkdkblJWQkJSRU5EUVZGdlEyZG5SVUpCU3pkckNrUmtaRGhHZGxaU0t6TmtSVTlzU2tzMGVpdG5XbXgxUkc5bFVqQlpVVFYwUWxBNU56UXlhbTQzUjNacVFqY3JVWEZ3VWpsME56RXpiSEZzUmt0b1RXNEtlbWRzZFZCM1Z6UmhRbTV4Ukc1clNURXdZVVJKY0ZkUE9UUTJSRTVNVWsxU1FWZEZXVzV2UlVvMVVEbDNkemswVlhWSkwwcEtTbGgwYTJoMlRVazNPQW95Vm10clpIazRVMkpQUTA5aGFqQTJUMk5UTmxjM1lVWmxXV3Q1WnpkQmFqRktTMlJMTm05RUx6UkdTa05RYUVOVFUxRnNiRmxNWW1Zd2FXVlZTVmRxQ2s5UU1UbE1LMnQyVUM5MmFXMVVUWGxrUlU1NlVucDVlRTE1Wlc4cmNYcG5iRGhXYkZWVFZ5OXdkV0lyTlV0Sk4zSlNhMFZsU1ZoQ1JuWnBaVzFQYm5jS05sRXpiV0pQZDFsaE5rOHdSR1JGTldKSkwwd3diRWhxU0dVMFNYZFFSRE53VUhWM1JYZHJVM0IwU25OMGRHazVZazltTlVsSE4wRmhNMUp3VEUxM1V3cFlVbnAxYVZONGFscDRha1pxUml0UmJXWk5RMEYzUlVGQllVNURUVVZCZDBSbldVUldVakJRUVZGSUwwSkJVVVJCWjB0clRVRTRSMEV4VldSRmQwVkNDaTkzVVVaTlFVMUNRV1k0ZDBoUldVUldVakJQUWtKWlJVWk1aMmN3WWl0a2FWbHpTVXQzYkV0NE0xVjBOV05rYzBob1duVk5RVEJIUTFOeFIxTkpZak1LUkZGRlFrTjNWVUZCTkVsQ1FWRkNhMWhoZHl0RFkzQjVRVWd2TDB3MU1XOHhNR3hXVEZKcmFrZzFNek5KZDFKUWIzTnhOa2xyWW5KbkswbEtaMWczTHdwSk9GTlFjV2hHZG0xQ1kxRlhURGhWV0hkVE5YWlVkRkV6T1RadmRIQlVhRmxpYTFGVVdHMU9MMHhuUzB4WFducDJNRFVyUmxjd1pXNVFia3h5Vm5WSUNrWm9PVmxxYVZoTGRHSXhSa28yUzFWUVVuZENla05DZEZob09IcENUWHBTUkRCRVJ6UmpUMUJDVkZreGRUVkxSakZhVDB4ekwxSmFNMHd6V0c5MGFqTUthRll6WTJWTmFqaFRhbnBDWTFSWE1EUlZMMUl5UXpCR2JtUTNWV3RSZGtwaFVVUnpXRkF5ZWl0eE9HTmtNa1ZpV0VwS2JFNHZXVVU0YWxJeGNucDZTQW81YWtSbVNIWXlja3RuVlZrelRHOWlSa2wzWXpadWIwZDNOVko1Tml0WlRIaG1TakZQVUVWQ1dVbHFlV3hFUTFBMGNYQjNTVlZsYzI5T1FqRkNZMFl4Q2l0a2FsQjFaRVE0TVRKbVVFY3laRkJ1VVZSVkwxTlhPRE54Y1UwNE5HOWlSM2RLWkFvdExTMHRMVVZPUkNCRFJWSlVTVVpKUTBGVVJTMHRMUzB0Q2c9PScgLS1hcGlzZXJ2ZXItZW5kcG9pbnQgJ2h0dHBzOi8vMkVERDY3MDA2RDMzQUMzMTAzQjMwMzBDRURDOThFQUMuZ3I3LnVzLWVhc3QtMi5la3MuYW1hem9uYXdzLmNvbScgIC0ta3ViZWxldC1leHRyYS1hcmdzICIiICdzb2Zpbi1la3MnCgojIEFsbG93IHVzZXIgc3VwcGxpZWQgdXNlcmRhdGEgY29kZQoK",
            "vpc_classic_link_id": "",
            "vpc_classic_link_security_groups": []
          },
          "sensitive_attributes": [],
          "private": "bnVsbA==",
          "dependencies": [
            "module.eks.data.aws_ami.eks_worker",
            "module.eks.data.aws_partition.current",
            "module.eks.aws_iam_role_policy_attachment.cluster_AmazonEKSClusterPolicy",
            "module.eks.aws_security_group_rule.workers_ingress_cluster",
            "module.vpc.aws_vpc.this",
            "module.eks.aws_cloudwatch_log_group.this",
            "module.eks.aws_iam_role_policy_attachment.cluster_AmazonEKSVPCResourceControllerPolicy",
            "module.eks.aws_iam_role_policy_attachment.workers_AmazonEC2ContainerRegistryReadOnly",
            "module.eks.aws_iam_role_policy_attachment.workers_additional_policies",
            "module.eks.aws_security_group_rule.workers_egress_internet",
            "module.eks.aws_security_group_rule.workers_ingress_cluster_kubelet",
            "module.vpc.aws_vpc_ipv4_cidr_block_association.this",
            "module.eks.aws_iam_role.workers",
            "module.eks.aws_security_group.cluster",
            "module.eks.aws_security_group_rule.cluster_egress_internet",
            "module.eks.aws_security_group_rule.workers_ingress_cluster_https",
            "module.eks.data.aws_iam_policy_document.cluster_assume_role_policy",
            "module.eks.aws_security_group.workers",
            "module.eks.aws_security_group_rule.cluster_https_worker_ingress",
            "aws_security_group.worker_group",
            "module.eks.aws_eks_cluster.this",
            "module.eks.aws_iam_role.cluster",
            "module.eks.aws_iam_role_policy_attachment.cluster_AmazonEKSServicePolicy",
            "module.eks.aws_iam_role_policy_attachment.workers_AmazonEKSWorkerNodePolicy",
            "module.eks.aws_iam_role_policy_attachment.workers_AmazonEKS_CNI_Policy",
            "module.eks.aws_security_group_rule.cluster_primary_ingress_workers",
            "module.eks.data.aws_iam_policy_document.workers_assume_role_policy",
            "module.eks.aws_iam_instance_profile.workers",
            "module.eks.aws_security_group_rule.workers_ingress_cluster_primary",
            "module.eks.aws_security_group_rule.workers_ingress_self",
            "module.eks.data.aws_ami.eks_worker_windows",
            "module.vpc.aws_subnet.public",
            "data.aws_availability_zones.available",
            "module.eks.data.aws_iam_instance_profile.custom_worker_group_iam_instance_profile",
            "module.eks.data.aws_iam_role.custom_cluster_iam_role"
          ],
          "create_before_destroy": true
        }
      ]
    },
    {
      "module": "module.eks",
      "mode": "managed",
      "type": "aws_security_group",
      "name": "cluster",
      "provider": "provider[\"registry.terraform.io/hashicorp/aws\"]",
      "instances": [
        {
          "index_key": 0,
          "schema_version": 1,
          "attributes": {
            "arn": "arn:aws:ec2:us-east-2:603494993596:security-group/sg-0326be506e6b169f8",
            "description": "EKS cluster security group.",
            "egress": [
              {
                "cidr_blocks": [
                  "0.0.0.0/0"
                ],
                "description": "Allow cluster egress access to the Internet.",
                "from_port": 0,
                "ipv6_cidr_blocks": [],
                "prefix_list_ids": [],
                "protocol": "-1",
                "security_groups": [],
                "self": false,
                "to_port": 0
              }
            ],
            "id": "sg-0326be506e6b169f8",
            "ingress": [
              {
                "cidr_blocks": [],
                "description": "Allow pods to communicate with the EKS cluster API.",
                "from_port": 443,
                "ipv6_cidr_blocks": [],
                "prefix_list_ids": [],
                "protocol": "tcp",
                "security_groups": [
                  "sg-0dd4c83d9b64466d8"
                ],
                "self": false,
                "to_port": 443
              }
            ],
            "name": "sofin-eks20210609062830244700000008",
            "name_prefix": "sofin-eks",
            "owner_id": "603494993596",
            "revoke_rules_on_delete": false,
            "tags": {
              "Name": "sofin-eks-eks_cluster_sg"
            },
            "tags_all": {
              "Name": "sofin-eks-eks_cluster_sg"
            },
            "timeouts": null,
            "vpc_id": "vpc-06fcd8437491a7c13"
          },
          "sensitive_attributes": [],
          "private": "eyJlMmJmYjczMC1lY2FhLTExZTYtOGY4OC0zNDM2M2JjN2M0YzAiOnsiY3JlYXRlIjo2MDAwMDAwMDAwMDAsImRlbGV0ZSI6OTAwMDAwMDAwMDAwfSwic2NoZW1hX3ZlcnNpb24iOiIxIn0=",
          "dependencies": [
            "module.vpc.aws_vpc.this"
          ],
          "create_before_destroy": true
        }
      ]
    },
    {
      "module": "module.eks",
      "mode": "managed",
      "type": "aws_security_group",
      "name": "workers",
      "provider": "provider[\"registry.terraform.io/hashicorp/aws\"]",
      "instances": [
        {
          "index_key": 0,
          "schema_version": 1,
          "attributes": {
            "arn": "arn:aws:ec2:us-east-2:603494993596:security-group/sg-0dd4c83d9b64466d8",
            "description": "Security group for all nodes in the cluster.",
            "egress": [
              {
                "cidr_blocks": [
                  "0.0.0.0/0"
                ],
                "description": "Allow nodes all egress to the Internet.",
                "from_port": 0,
                "ipv6_cidr_blocks": [],
                "prefix_list_ids": [],
                "protocol": "-1",
                "security_groups": [],
                "self": false,
                "to_port": 0
              }
            ],
            "id": "sg-0dd4c83d9b64466d8",
            "ingress": [
              {
                "cidr_blocks": [],
                "description": "Allow node to communicate with each other.",
                "from_port": 0,
                "ipv6_cidr_blocks": [],
                "prefix_list_ids": [],
                "protocol": "-1",
                "security_groups": [],
                "self": true,
                "to_port": 0
              },
              {
                "cidr_blocks": [],
                "description": "Allow pods running extension API servers on port 443 to receive communication from cluster control plane.",
                "from_port": 443,
                "ipv6_cidr_blocks": [],
                "prefix_list_ids": [],
                "protocol": "tcp",
                "security_groups": [
                  "sg-0326be506e6b169f8"
                ],
                "self": false,
                "to_port": 443
              },
              {
                "cidr_blocks": [],
                "description": "Allow workers pods to receive communication from the cluster control plane.",
                "from_port": 1025,
                "ipv6_cidr_blocks": [],
                "prefix_list_ids": [],
                "protocol": "tcp",
                "security_groups": [
                  "sg-0326be506e6b169f8"
                ],
                "self": false,
                "to_port": 65535
              }
            ],
            "name": "sofin-eks2021060906283024610000000a",
            "name_prefix": "sofin-eks",
            "owner_id": "603494993596",
            "revoke_rules_on_delete": false,
            "tags": {
              "Name": "sofin-eks-eks_worker_sg",
              "kubernetes.io/cluster/sofin-eks": "owned"
            },
            "tags_all": {
              "Name": "sofin-eks-eks_worker_sg",
              "kubernetes.io/cluster/sofin-eks": "owned"
            },
            "timeouts": null,
            "vpc_id": "vpc-06fcd8437491a7c13"
          },
          "sensitive_attributes": [],
          "private": "eyJlMmJmYjczMC1lY2FhLTExZTYtOGY4OC0zNDM2M2JjN2M0YzAiOnsiY3JlYXRlIjo2MDAwMDAwMDAwMDAsImRlbGV0ZSI6OTAwMDAwMDAwMDAwfSwic2NoZW1hX3ZlcnNpb24iOiIxIn0=",
          "dependencies": [
            "module.vpc.aws_vpc.this"
          ],
          "create_before_destroy": true
        }
      ]
    },
    {
      "module": "module.eks",
      "mode": "managed",
      "type": "aws_security_group_rule",
      "name": "cluster_egress_internet",
      "provider": "provider[\"registry.terraform.io/hashicorp/aws\"]",
      "instances": [
        {
          "index_key": 0,
          "schema_version": 2,
          "attributes": {
            "cidr_blocks": [
              "0.0.0.0/0"
            ],
            "description": "Allow cluster egress access to the Internet.",
            "from_port": 0,
            "id": "sgrule-1919437903",
            "ipv6_cidr_blocks": [],
            "prefix_list_ids": [],
            "protocol": "-1",
            "security_group_id": "sg-0326be506e6b169f8",
            "self": false,
            "source_security_group_id": null,
            "to_port": 0,
            "type": "egress"
          },
          "sensitive_attributes": [],
          "private": "eyJzY2hlbWFfdmVyc2lvbiI6IjIifQ==",
          "dependencies": [
            "module.eks.aws_security_group.cluster",
            "module.vpc.aws_vpc.this"
          ],
          "create_before_destroy": true
        }
      ]
    },
    {
      "module": "module.eks",
      "mode": "managed",
      "type": "aws_security_group_rule",
      "name": "cluster_https_worker_ingress",
      "provider": "provider[\"registry.terraform.io/hashicorp/aws\"]",
      "instances": [
        {
          "index_key": 0,
          "schema_version": 2,
          "attributes": {
            "cidr_blocks": [],
            "description": "Allow pods to communicate with the EKS cluster API.",
            "from_port": 443,
            "id": "sgrule-2277508225",
            "ipv6_cidr_blocks": [],
            "prefix_list_ids": [],
            "protocol": "tcp",
            "security_group_id": "sg-0326be506e6b169f8",
            "self": false,
            "source_security_group_id": "sg-0dd4c83d9b64466d8",
            "to_port": 443,
            "type": "ingress"
          },
          "sensitive_attributes": [],
          "private": "eyJzY2hlbWFfdmVyc2lvbiI6IjIifQ==",
          "dependencies": [
            "module.eks.aws_security_group.cluster",
            "module.eks.aws_security_group.workers",
            "module.vpc.aws_vpc.this"
          ],
          "create_before_destroy": true
        }
      ]
    },
    {
      "module": "module.eks",
      "mode": "managed",
      "type": "aws_security_group_rule",
      "name": "workers_egress_internet",
      "provider": "provider[\"registry.terraform.io/hashicorp/aws\"]",
      "instances": [
        {
          "index_key": 0,
          "schema_version": 2,
          "attributes": {
            "cidr_blocks": [
              "0.0.0.0/0"
            ],
            "description": "Allow nodes all egress to the Internet.",
            "from_port": 0,
            "id": "sgrule-3935780080",
            "ipv6_cidr_blocks": [],
            "prefix_list_ids": [],
            "protocol": "-1",
            "security_group_id": "sg-0dd4c83d9b64466d8",
            "self": false,
            "source_security_group_id": null,
            "to_port": 0,
            "type": "egress"
          },
          "sensitive_attributes": [],
          "private": "eyJzY2hlbWFfdmVyc2lvbiI6IjIifQ==",
          "dependencies": [
            "module.eks.aws_security_group.workers",
            "module.vpc.aws_vpc.this"
          ],
          "create_before_destroy": true
        }
      ]
    },
    {
      "module": "module.eks",
      "mode": "managed",
      "type": "aws_security_group_rule",
      "name": "workers_ingress_cluster",
      "provider": "provider[\"registry.terraform.io/hashicorp/aws\"]",
      "instances": [
        {
          "index_key": 0,
          "schema_version": 2,
          "attributes": {
            "cidr_blocks": [],
            "description": "Allow workers pods to receive communication from the cluster control plane.",
            "from_port": 1025,
            "id": "sgrule-3238466341",
            "ipv6_cidr_blocks": [],
            "prefix_list_ids": [],
            "protocol": "tcp",
            "security_group_id": "sg-0dd4c83d9b64466d8",
            "self": false,
            "source_security_group_id": "sg-0326be506e6b169f8",
            "to_port": 65535,
            "type": "ingress"
          },
          "sensitive_attributes": [],
          "private": "eyJzY2hlbWFfdmVyc2lvbiI6IjIifQ==",
          "dependencies": [
            "module.eks.aws_security_group.cluster",
            "module.eks.aws_security_group.workers",
            "module.vpc.aws_vpc.this"
          ],
          "create_before_destroy": true
        }
      ]
    },
    {
      "module": "module.eks",
      "mode": "managed",
      "type": "aws_security_group_rule",
      "name": "workers_ingress_cluster_https",
      "provider": "provider[\"registry.terraform.io/hashicorp/aws\"]",
      "instances": [
        {
          "index_key": 0,
          "schema_version": 2,
          "attributes": {
            "cidr_blocks": [],
            "description": "Allow pods running extension API servers on port 443 to receive communication from cluster control plane.",
            "from_port": 443,
            "id": "sgrule-1951504862",
            "ipv6_cidr_blocks": [],
            "prefix_list_ids": [],
            "protocol": "tcp",
            "security_group_id": "sg-0dd4c83d9b64466d8",
            "self": false,
            "source_security_group_id": "sg-0326be506e6b169f8",
            "to_port": 443,
            "type": "ingress"
          },
          "sensitive_attributes": [],
          "private": "eyJzY2hlbWFfdmVyc2lvbiI6IjIifQ==",
          "dependencies": [
            "module.eks.aws_security_group.cluster",
            "module.eks.aws_security_group.workers",
            "module.vpc.aws_vpc.this"
          ],
          "create_before_destroy": true
        }
      ]
    },
    {
      "module": "module.eks",
      "mode": "managed",
      "type": "aws_security_group_rule",
      "name": "workers_ingress_self",
      "provider": "provider[\"registry.terraform.io/hashicorp/aws\"]",
      "instances": [
        {
          "index_key": 0,
          "schema_version": 2,
          "attributes": {
            "cidr_blocks": [],
            "description": "Allow node to communicate with each other.",
            "from_port": 0,
            "id": "sgrule-3699877649",
            "ipv6_cidr_blocks": [],
            "prefix_list_ids": [],
            "protocol": "-1",
            "security_group_id": "sg-0dd4c83d9b64466d8",
            "self": false,
            "source_security_group_id": "sg-0dd4c83d9b64466d8",
            "to_port": 0,
            "type": "ingress"
          },
          "sensitive_attributes": [],
          "private": "eyJzY2hlbWFfdmVyc2lvbiI6IjIifQ==",
          "dependencies": [
            "module.eks.aws_security_group.workers",
            "module.vpc.aws_vpc.this"
          ],
          "create_before_destroy": true
        }
      ]
    },
    {
      "module": "module.eks",
      "mode": "managed",
      "type": "kubernetes_config_map",
      "name": "aws_auth",
      "provider": "provider[\"registry.terraform.io/hashicorp/kubernetes\"]",
      "instances": [
        {
          "index_key": 0,
          "schema_version": 0,
          "attributes": {
            "binary_data": {},
            "data": {
              "mapAccounts": "[]\n",
              "mapRoles": "- \"groups\":\n  - \"system:bootstrappers\"\n  - \"system:nodes\"\n  \"rolearn\": \"arn:aws:iam::603494993596:role/sofin-eks2021060906391047980000000b\"\n  \"username\": \"system:node:{{EC2PrivateDNSName}}\"\n",
              "mapUsers": "[]\n"
            },
            "id": "kube-system/aws-auth",
            "metadata": [
              {
                "annotations": {},
                "generate_name": "",
                "generation": 0,
                "labels": {
                  "app.kubernetes.io/managed-by": "Terraform",
                  "terraform.io/module": "terraform-aws-modules.eks.aws"
                },
                "name": "aws-auth",
                "namespace": "kube-system",
                "resource_version": "687",
                "self_link": "",
                "uid": "ed5686ff-f084-4c28-83a4-4fb18650e0a5"
              }
            ]
          },
          "sensitive_attributes": [],
          "private": "bnVsbA==",
          "dependencies": [
            "data.aws_eks_cluster_auth.cluster",
            "module.eks.aws_iam_instance_profile.workers",
            "module.eks.aws_security_group.workers",
            "module.eks.aws_security_group_rule.cluster_egress_internet",
            "module.eks.data.aws_ami.eks_worker",
            "module.eks.data.aws_ami.eks_worker_windows",
            "module.eks.aws_security_group_rule.cluster_https_worker_ingress",
            "data.aws_availability_zones.available",
            "module.eks.aws_eks_cluster.this",
            "module.eks.aws_iam_instance_profile.workers_launch_template",
            "module.eks.data.aws_iam_instance_profile.custom_worker_group_iam_instance_profile",
            "module.eks.module.fargate.aws_iam_role.eks_fargate_pod",
            "module.eks.module.fargate.data.aws_iam_role.custom_fargate_iam_role",
            "module.eks.aws_cloudwatch_log_group.this",
            "module.eks.aws_security_group_rule.cluster_private_access_cidrs_source",
            "module.eks.data.aws_caller_identity.current",
            "module.eks.data.http.wait_for_cluster",
            "module.vpc.aws_vpc_ipv4_cidr_block_association.this",
            "data.aws_eks_cluster.cluster",
            "module.eks.aws_security_group_rule.cluster_private_access_sg_source",
            "module.eks.data.aws_iam_policy_document.cluster_assume_role_policy",
            "module.eks.data.aws_iam_role.custom_cluster_iam_role",
            "module.eks.aws_iam_role.cluster",
            "module.vpc.aws_subnet.public",
            "module.vpc.aws_vpc.this",
            "module.eks.aws_iam_role.workers",
            "module.eks.data.aws_iam_instance_profile.custom_worker_group_launch_template_iam_instance_profile",
            "module.eks.data.aws_iam_policy_document.workers_assume_role_policy",
            "aws_security_group.worker_group",
            "module.eks.aws_iam_role_policy_attachment.cluster_AmazonEKSClusterPolicy",
            "module.eks.aws_iam_role_policy_attachment.cluster_AmazonEKSServicePolicy",
            "module.eks.aws_iam_role_policy_attachment.cluster_AmazonEKSVPCResourceControllerPolicy",
            "module.eks.aws_security_group.cluster",
            "module.eks.data.aws_partition.current",
            "module.eks.module.fargate.data.aws_iam_policy_document.eks_fargate_pod_assume_role"
          ],
          "create_before_destroy": true
        }
      ]
    },
    {
      "module": "module.eks",
      "mode": "managed",
      "type": "local_file",
      "name": "kubeconfig",
      "provider": "provider[\"registry.terraform.io/hashicorp/local\"]",
      "instances": [
        {
          "index_key": 0,
          "schema_version": 0,
          "attributes": {
            "content": "apiVersion: v1\npreferences: {}\nkind: Config\n\nclusters:\n- cluster:\n    server: https://2EDD67006D33AC3103B3030CEDC98EAC.gr7.us-east-2.eks.amazonaws.com\n    certificate-authority-data: LS0tLS1CRUdJTiBDRVJUSUZJQ0FURS0tLS0tCk1JSUM1ekNDQWMrZ0F3SUJBZ0lCQURBTkJna3Foa2lHOXcwQkFRc0ZBREFWTVJNd0VRWURWUVFERXdwcmRXSmwKY201bGRHVnpNQjRYRFRJeE1EWXdPVEEyTXpRek9Wb1hEVE14TURZd056QTJNelF6T1Zvd0ZURVRNQkVHQTFVRQpBeE1LYTNWaVpYSnVaWFJsY3pDQ0FTSXdEUVlKS29aSWh2Y05BUUVCQlFBRGdnRVBBRENDQVFvQ2dnRUJBSzdrCkRkZDhGdlZSKzNkRU9sSks0eitnWmx1RG9lUjBZUTV0QlA5NzQyam43R3ZqQjcrUXFwUjl0NzEzbHFsRktoTW4KemdsdVB3VzRhQm5xRG5rSTEwYURJcFdPOTQ2RE5MUk1SQVdFWW5vRUo1UDl3dzk0VXVJL0pKSlh0a2h2TUk3OAoyVmtrZHk4U2JPQ09hajA2T2NTNlc3YUZlWWt5ZzdBajFKS2RLNm9ELzRGSkNQaENTU1FsbFlMYmYwaWVVSVdqCk9QMTlMK2t2UC92aW1UTXlkRU56Unp5eE15ZW8rcXpnbDhWbFVTVy9wdWIrNUtJN3JSa0VlSVhCRnZpZW1PbncKNlEzbWJPd1lhNk8wRGRFNWJJL0wwbEhqSGU0SXdQRDNwUHV3RXdrU3B0SnN0dGk5Yk9mNUlHN0FhM1JwTE13UwpYUnp1aVN4alp4akZqRitRbWZNQ0F3RUFBYU5DTUVBd0RnWURWUjBQQVFIL0JBUURBZ0trTUE4R0ExVWRFd0VCCi93UUZNQU1CQWY4d0hRWURWUjBPQkJZRUZMZ2cwYitkaVlzSUt3bEt4M1V0NWNkc0hoWnVNQTBHQ1NxR1NJYjMKRFFFQkN3VUFBNElCQVFCa1hhdytDY3B5QUgvL0w1MW8xMGxWTFJrakg1MzNJd1JQb3NxNklrYnJnK0lKZ1g3LwpJOFNQcWhGdm1CY1FXTDhVWHdTNXZUdFEzOTZvdHBUaFlia1FUWG1OL0xnS0xXWnp2MDUrRlcwZW5QbkxyVnVICkZoOVlqaVhLdGIxRko2S1VQUndCekNCdFhoOHpCTXpSRDBERzRjT1BCVFkxdTVLRjFaT0xzL1JaM0wzWG90ajMKaFYzY2VNajhTanpCY1RXMDRVL1IyQzBGbmQ3VWtRdkphUURzWFAyeitxOGNkMkViWEpKbE4vWUU4alIxcnp6SAo5akRmSHYycktnVVkzTG9iRkl3YzZub0d3NVJ5NitZTHhmSjFPUEVCWUlqeWxEQ1A0cXB3SVVlc29OQjFCY0YxCitkalB1ZEQ4MTJmUEcyZFBuUVRVL1NXODNxcU04NG9iR3dKZAotLS0tLUVORCBDRVJUSUZJQ0FURS0tLS0tCg==\n  name: eks_sofin-eks\n\ncontexts:\n- context:\n    cluster: eks_sofin-eks\n    user: eks_sofin-eks\n  name: eks_sofin-eks\n\ncurrent-context: eks_sofin-eks\n\nusers:\n- name: eks_sofin-eks\n  user:\n    exec:\n      apiVersion: client.authentication.k8s.io/v1alpha1\n      command: aws-iam-authenticator\n      args:\n        - \"token\"\n        - \"-i\"\n        - \"sofin-eks\"\n",
            "content_base64": null,
            "directory_permission": "0755",
            "file_permission": "0600",
            "filename": "./kubeconfig_sofin-eks",
            "id": "c2ab424e48f645ed3cf878a909f85b0ed4998653",
            "sensitive_content": null,
            "source": null
          },
          "sensitive_attributes": [],
          "private": "bnVsbA==",
          "dependencies": [
            "module.eks.data.aws_partition.current",
            "module.vpc.aws_vpc_ipv4_cidr_block_association.this",
            "module.eks.aws_iam_role.cluster",
            "module.eks.aws_iam_role_policy_attachment.cluster_AmazonEKSServicePolicy",
            "module.eks.aws_iam_role_policy_attachment.cluster_AmazonEKSVPCResourceControllerPolicy",
            "module.eks.aws_security_group_rule.cluster_egress_internet",
            "module.eks.aws_security_group_rule.cluster_https_worker_ingress",
            "module.eks.data.aws_iam_role.custom_cluster_iam_role",
            "module.vpc.aws_vpc.this",
            "module.eks.aws_eks_cluster.this",
            "module.eks.aws_iam_role_policy_attachment.cluster_AmazonEKSClusterPolicy",
            "module.eks.aws_security_group.workers",
            "module.eks.data.aws_iam_policy_document.cluster_assume_role_policy",
            "data.aws_availability_zones.available",
            "module.eks.aws_cloudwatch_log_group.this",
            "module.eks.aws_security_group.cluster",
            "module.vpc.aws_subnet.public"
          ]
        }
      ]
    },
    {
      "module": "module.vpc",
      "mode": "managed",
      "type": "aws_internet_gateway",
      "name": "this",
      "provider": "provider[\"registry.terraform.io/hashicorp/aws\"]",
      "instances": [
        {
          "index_key": 0,
          "schema_version": 0,
          "attributes": {
            "arn": "arn:aws:ec2:us-east-2:603494993596:internet-gateway/igw-02fa14a4da5a1694a",
            "id": "igw-02fa14a4da5a1694a",
            "owner_id": "603494993596",
            "tags": {
              "Name": "sofin-vpc"
            },
            "tags_all": {
              "Name": "sofin-vpc"
            },
            "vpc_id": "vpc-06fcd8437491a7c13"
          },
          "sensitive_attributes": [],
          "private": "bnVsbA==",
          "dependencies": [
            "module.vpc.aws_vpc.this",
            "module.vpc.aws_vpc_ipv4_cidr_block_association.this"
          ]
        }
      ]
    },
    {
      "module": "module.vpc",
      "mode": "managed",
      "type": "aws_route",
      "name": "public_internet_gateway",
      "provider": "provider[\"registry.terraform.io/hashicorp/aws\"]",
      "instances": [
        {
          "index_key": 0,
          "schema_version": 0,
          "attributes": {
            "carrier_gateway_id": "",
            "destination_cidr_block": "0.0.0.0/0",
            "destination_ipv6_cidr_block": "",
            "destination_prefix_list_id": "",
            "egress_only_gateway_id": "",
            "gateway_id": "igw-02fa14a4da5a1694a",
            "id": "r-rtb-01cb316939df32e8a1080289494",
            "instance_id": "",
            "instance_owner_id": "",
            "local_gateway_id": "",
            "nat_gateway_id": "",
            "network_interface_id": "",
            "origin": "CreateRoute",
            "route_table_id": "rtb-01cb316939df32e8a",
            "state": "active",
            "timeouts": {
              "create": "5m",
              "delete": null
            },
            "transit_gateway_id": "",
            "vpc_endpoint_id": "",
            "vpc_peering_connection_id": ""
          },
          "sensitive_attributes": [],
          "private": "eyJlMmJmYjczMC1lY2FhLTExZTYtOGY4OC0zNDM2M2JjN2M0YzAiOnsiY3JlYXRlIjozMDAwMDAwMDAwMDAsImRlbGV0ZSI6MzAwMDAwMDAwMDAwfX0=",
          "dependencies": [
            "module.vpc.aws_vpc_ipv4_cidr_block_association.this",
            "module.vpc.aws_internet_gateway.this",
            "module.vpc.aws_route_table.public",
            "module.vpc.aws_vpc.this"
          ]
        }
      ]
    },
    {
      "module": "module.vpc",
      "mode": "managed",
      "type": "aws_route_table",
      "name": "public",
      "provider": "provider[\"registry.terraform.io/hashicorp/aws\"]",
      "instances": [
        {
          "index_key": 0,
          "schema_version": 0,
          "attributes": {
            "arn": "arn:aws:ec2:us-east-2:603494993596:route-table/rtb-01cb316939df32e8a",
            "id": "rtb-01cb316939df32e8a",
            "owner_id": "603494993596",
            "propagating_vgws": [],
            "route": [
              {
                "carrier_gateway_id": "",
                "cidr_block": "0.0.0.0/0",
                "destination_prefix_list_id": "",
                "egress_only_gateway_id": "",
                "gateway_id": "igw-02fa14a4da5a1694a",
                "instance_id": "",
                "ipv6_cidr_block": "",
                "local_gateway_id": "",
                "nat_gateway_id": "",
                "network_interface_id": "",
                "transit_gateway_id": "",
                "vpc_endpoint_id": "",
                "vpc_peering_connection_id": ""
              }
            ],
            "tags": {
              "Name": "sofin-vpc-public"
            },
            "tags_all": {
              "Name": "sofin-vpc-public"
            },
            "vpc_id": "vpc-06fcd8437491a7c13"
          },
          "sensitive_attributes": [],
          "private": "bnVsbA==",
          "dependencies": [
            "module.vpc.aws_vpc.this",
            "module.vpc.aws_vpc_ipv4_cidr_block_association.this"
          ]
        }
      ]
    },
    {
      "module": "module.vpc",
      "mode": "managed",
      "type": "aws_route_table_association",
      "name": "public",
      "provider": "provider[\"registry.terraform.io/hashicorp/aws\"]",
      "instances": [
        {
          "index_key": 0,
          "schema_version": 0,
          "attributes": {
            "gateway_id": null,
            "id": "rtbassoc-0c75b8dd73c9b22da",
            "route_table_id": "rtb-01cb316939df32e8a",
            "subnet_id": "subnet-07c322eb1f02ec759"
          },
          "sensitive_attributes": [],
          "private": "bnVsbA==",
          "dependencies": [
            "data.aws_availability_zones.available",
            "module.vpc.aws_route_table.public",
            "module.vpc.aws_subnet.public",
            "module.vpc.aws_vpc.this",
            "module.vpc.aws_vpc_ipv4_cidr_block_association.this"
          ]
        },
        {
          "index_key": 1,
          "schema_version": 0,
          "attributes": {
            "gateway_id": null,
            "id": "rtbassoc-0ff41ae20bc109aba",
            "route_table_id": "rtb-01cb316939df32e8a",
            "subnet_id": "subnet-047a98ace48246557"
          },
          "sensitive_attributes": [],
          "private": "bnVsbA==",
          "dependencies": [
            "data.aws_availability_zones.available",
            "module.vpc.aws_route_table.public",
            "module.vpc.aws_subnet.public",
            "module.vpc.aws_vpc.this",
            "module.vpc.aws_vpc_ipv4_cidr_block_association.this"
          ]
        },
        {
          "index_key": 2,
          "schema_version": 0,
          "attributes": {
            "gateway_id": null,
            "id": "rtbassoc-033796800742d4da1",
            "route_table_id": "rtb-01cb316939df32e8a",
            "subnet_id": "subnet-007e0c10de69ebb42"
          },
          "sensitive_attributes": [],
          "private": "bnVsbA==",
          "dependencies": [
            "module.vpc.aws_route_table.public",
            "module.vpc.aws_subnet.public",
            "module.vpc.aws_vpc.this",
            "module.vpc.aws_vpc_ipv4_cidr_block_association.this",
            "data.aws_availability_zones.available"
          ]
        }
      ]
    },
    {
      "module": "module.vpc",
      "mode": "managed",
      "type": "aws_subnet",
      "name": "public",
      "provider": "provider[\"registry.terraform.io/hashicorp/aws\"]",
      "instances": [
        {
          "index_key": 0,
          "schema_version": 1,
          "attributes": {
            "arn": "arn:aws:ec2:us-east-2:603494993596:subnet/subnet-07c322eb1f02ec759",
            "assign_ipv6_address_on_creation": false,
            "availability_zone": "us-east-2a",
            "availability_zone_id": "use2-az1",
            "cidr_block": "10.0.1.0/24",
            "customer_owned_ipv4_pool": "",
            "id": "subnet-07c322eb1f02ec759",
            "ipv6_cidr_block": "",
            "ipv6_cidr_block_association_id": "",
            "map_customer_owned_ip_on_launch": false,
            "map_public_ip_on_launch": true,
            "outpost_arn": "",
            "owner_id": "603494993596",
            "tags": {
              "Name": "sofin-vpc-public-us-east-2a"
            },
            "tags_all": {
              "Name": "sofin-vpc-public-us-east-2a"
            },
            "timeouts": null,
            "vpc_id": "vpc-06fcd8437491a7c13"
          },
          "sensitive_attributes": [],
          "private": "eyJlMmJmYjczMC1lY2FhLTExZTYtOGY4OC0zNDM2M2JjN2M0YzAiOnsiY3JlYXRlIjo2MDAwMDAwMDAwMDAsImRlbGV0ZSI6MTIwMDAwMDAwMDAwMH0sInNjaGVtYV92ZXJzaW9uIjoiMSJ9",
          "dependencies": [
            "data.aws_availability_zones.available",
            "module.vpc.aws_vpc.this",
            "module.vpc.aws_vpc_ipv4_cidr_block_association.this"
          ],
          "create_before_destroy": true
        },
        {
          "index_key": 1,
          "schema_version": 1,
          "attributes": {
            "arn": "arn:aws:ec2:us-east-2:603494993596:subnet/subnet-047a98ace48246557",
            "assign_ipv6_address_on_creation": false,
            "availability_zone": "us-east-2b",
            "availability_zone_id": "use2-az2",
            "cidr_block": "10.0.2.0/24",
            "customer_owned_ipv4_pool": "",
            "id": "subnet-047a98ace48246557",
            "ipv6_cidr_block": "",
            "ipv6_cidr_block_association_id": "",
            "map_customer_owned_ip_on_launch": false,
            "map_public_ip_on_launch": true,
            "outpost_arn": "",
            "owner_id": "603494993596",
            "tags": {
              "Name": "sofin-vpc-public-us-east-2b"
            },
            "tags_all": {
              "Name": "sofin-vpc-public-us-east-2b"
            },
            "timeouts": null,
            "vpc_id": "vpc-06fcd8437491a7c13"
          },
          "sensitive_attributes": [],
          "private": "eyJlMmJmYjczMC1lY2FhLTExZTYtOGY4OC0zNDM2M2JjN2M0YzAiOnsiY3JlYXRlIjo2MDAwMDAwMDAwMDAsImRlbGV0ZSI6MTIwMDAwMDAwMDAwMH0sInNjaGVtYV92ZXJzaW9uIjoiMSJ9",
          "dependencies": [
            "data.aws_availability_zones.available",
            "module.vpc.aws_vpc.this",
            "module.vpc.aws_vpc_ipv4_cidr_block_association.this"
          ],
          "create_before_destroy": true
        },
        {
          "index_key": 2,
          "schema_version": 1,
          "attributes": {
            "arn": "arn:aws:ec2:us-east-2:603494993596:subnet/subnet-007e0c10de69ebb42",
            "assign_ipv6_address_on_creation": false,
            "availability_zone": "us-east-2c",
            "availability_zone_id": "use2-az3",
            "cidr_block": "10.0.3.0/24",
            "customer_owned_ipv4_pool": "",
            "id": "subnet-007e0c10de69ebb42",
            "ipv6_cidr_block": "",
            "ipv6_cidr_block_association_id": "",
            "map_customer_owned_ip_on_launch": false,
            "map_public_ip_on_launch": true,
            "outpost_arn": "",
            "owner_id": "603494993596",
            "tags": {
              "Name": "sofin-vpc-public-us-east-2c"
            },
            "tags_all": {
              "Name": "sofin-vpc-public-us-east-2c"
            },
            "timeouts": null,
            "vpc_id": "vpc-06fcd8437491a7c13"
          },
          "sensitive_attributes": [],
          "private": "eyJlMmJmYjczMC1lY2FhLTExZTYtOGY4OC0zNDM2M2JjN2M0YzAiOnsiY3JlYXRlIjo2MDAwMDAwMDAwMDAsImRlbGV0ZSI6MTIwMDAwMDAwMDAwMH0sInNjaGVtYV92ZXJzaW9uIjoiMSJ9",
          "dependencies": [
            "data.aws_availability_zones.available",
            "module.vpc.aws_vpc.this",
            "module.vpc.aws_vpc_ipv4_cidr_block_association.this"
          ],
          "create_before_destroy": true
        }
      ]
    },
    {
      "module": "module.vpc",
      "mode": "managed",
      "type": "aws_vpc",
      "name": "this",
      "provider": "provider[\"registry.terraform.io/hashicorp/aws\"]",
      "instances": [
        {
          "index_key": 0,
          "schema_version": 1,
          "attributes": {
            "arn": "arn:aws:ec2:us-east-2:603494993596:vpc/vpc-06fcd8437491a7c13",
            "assign_generated_ipv6_cidr_block": false,
            "cidr_block": "10.0.0.0/16",
            "default_network_acl_id": "acl-0fd3e35376823cda6",
            "default_route_table_id": "rtb-03e80ce99110d73f1",
            "default_security_group_id": "sg-09465337dd9db5105",
            "dhcp_options_id": "dopt-04809b7f5d8b8317d",
            "enable_classiclink": null,
            "enable_classiclink_dns_support": null,
            "enable_dns_hostnames": true,
            "enable_dns_support": true,
            "id": "vpc-06fcd8437491a7c13",
            "instance_tenancy": "default",
            "ipv6_association_id": "",
            "ipv6_cidr_block": "",
            "main_route_table_id": "rtb-03e80ce99110d73f1",
            "owner_id": "603494993596",
            "tags": {
              "Name": "sofin-vpc"
            },
            "tags_all": {
              "Name": "sofin-vpc"
            }
          },
          "sensitive_attributes": [],
          "private": "eyJzY2hlbWFfdmVyc2lvbiI6IjEifQ==",
          "create_before_destroy": true
        }
      ]
    }
  ]
}
