{
  "version": 4,
  "terraform_version": "0.15.0",
  "serial": 2515,
  "lineage": "d721a853-efcb-aaef-737a-2371de8be2e1",
  "outputs": {
    "cluster_endpoint": {
      "value": "https://784591AB7CEB25749752B7FA9E03A389.gr7.us-east-2.eks.amazonaws.com",
      "type": "string"
    },
    "cluster_id": {
      "value": "sofin-eks",
      "type": "string"
    },
    "cluster_name": {
      "value": "sofin-eks",
      "type": "string"
    },
    "cluster_security_group_id": {
      "value": "sg-0d87e31940a62181b",
      "type": "string"
    },
    "config_map_aws_auth": {
      "value": [
        {
          "binary_data": null,
          "data": {
            "mapAccounts": "[]\n",
            "mapRoles": "- \"groups\":\n  - \"system:bootstrappers\"\n  - \"system:nodes\"\n  \"rolearn\": \"arn:aws:iam::603494993596:role/sofin-eks2021061012212373450000000b\"\n  \"username\": \"system:node:{{EC2PrivateDNSName}}\"\n",
            "mapUsers": "[]\n"
          },
          "id": "kube-system/aws-auth",
          "metadata": [
            {
              "annotations": null,
              "generate_name": "",
              "generation": 0,
              "labels": {
                "app.kubernetes.io/managed-by": "Terraform",
                "terraform.io/module": "terraform-aws-modules.eks.aws"
              },
              "name": "aws-auth",
              "namespace": "kube-system",
              "resource_version": "680",
              "self_link": "",
              "uid": "d319d839-3f48-447b-a522-340fe1e8aadc"
            }
          ]
        }
      ],
      "type": [
        "tuple",
        [
          [
            "object",
            {
              "binary_data": [
                "map",
                "string"
              ],
              "data": [
                "map",
                "string"
              ],
              "id": "string",
              "metadata": [
                "list",
                [
                  "object",
                  {
                    "annotations": [
                      "map",
                      "string"
                    ],
                    "generate_name": "string",
                    "generation": "number",
                    "labels": [
                      "map",
                      "string"
                    ],
                    "name": "string",
                    "namespace": "string",
                    "resource_version": "string",
                    "self_link": "string",
                    "uid": "string"
                  }
                ]
              ]
            }
          ]
        ]
      ]
    },
    "db_endpoint": {
      "value": "my-docdb-cluster.cluster-cvyuxvjadcvz.us-east-2.docdb.amazonaws.com",
      "type": "string"
    },
    "kubectl_config": {
      "value": "apiVersion: v1\npreferences: {}\nkind: Config\n\nclusters:\n- cluster:\n    server: https://784591AB7CEB25749752B7FA9E03A389.gr7.us-east-2.eks.amazonaws.com\n    certificate-authority-data: LS0tLS1CRUdJTiBDRVJUSUZJQ0FURS0tLS0tCk1JSUM1ekNDQWMrZ0F3SUJBZ0lCQURBTkJna3Foa2lHOXcwQkFRc0ZBREFWTVJNd0VRWURWUVFERXdwcmRXSmwKY201bGRHVnpNQjRYRFRJeE1EWXhNREV5TVRjek1Gb1hEVE14TURZd09ERXlNVGN6TUZvd0ZURVRNQkVHQTFVRQpBeE1LYTNWaVpYSnVaWFJsY3pDQ0FTSXdEUVlKS29aSWh2Y05BUUVCQlFBRGdnRVBBRENDQVFvQ2dnRUJBTURsCnN5Q0VWd29RRU9ITmVDcks5MVczQWw2R1NKdFltNURmTDRnUXFGa1RxRW1acGZqWlJnRzlYR2dXbXlyL1p4NjUKbFByaFZKQVZDZ2tCSWNIa2hZRThneWRWR2JERHhRa2UvZWNybEk4MTJoaGNjTWJYZTFTK09rTEpibzF0NUhWZwpOYno0SEFHQTh1TTcrb214S0hnaHIyc1pMZ2NmeGdrNmlPTUthaWhLYjRtYzRrSWNaR1N0cVZsL2lRL0tWV0FzCmRQNFVrMjRHMmxPcVE3UG4xdHY0ZHZ2cjFDTVRzUGJHby83eTdLYThLMjd5K3pQNWJ0NEJFcWdVazQrSmg3UkcKVGFaclBQYVlaVm8rSm85SFkzQUFVL04xUEo3S3FCb2FYQ09lajQ0cnFEQnU3cmVRY1NHbytXdFp3MHJWVWovaAptbkpuNVkrQ3MwckpDRDdMNmJVQ0F3RUFBYU5DTUVBd0RnWURWUjBQQVFIL0JBUURBZ0trTUE4R0ExVWRFd0VCCi93UUZNQU1CQWY4d0hRWURWUjBPQkJZRUZGYW8rYmxtVmpYK0MwZG5TWUQ2TjJJcTFuSS9NQTBHQ1NxR1NJYjMKRFFFQkN3VUFBNElCQVFBTnJxTHJKUGRKck5SemZBbWMxdWZLajFjZVV6eU82U3h5UHVFSGsyYU90NjZJckVpWgpZQ2p2ZGlnQ2p1MjR5U2luczk3L216NGsybVRuVkJPYm5XTkpEaG1sZE56RDQyMWNpS3lBS2kzeFplczl5dnVICm1KVEpHNmU2N2gyNnUzMGFtVStmYkVrV3VsLzZYQ3NyVlJZblJoQzRIZUJaQmZMZnNiSXJnMEZ2Znh6Z0VLOWkKaXVETTlHWHVleXkyQ0ZlS2FZRWJKakQ2cE5jK2xGbU9MTTNhMWhXRnQvbUdVc01XbThSUC9Ud2RReDBxMXVaUwpROWNRVnRxeW1XQ2xtQzBUMHhrZUxBQ2ZLaHFqUjhOb2RmL1pZcWxmNkFteEZ4czBLZ2RoNHk4dUJ4aU1paUZCCklBMEpBcVJVSWU0TnFtRzJCOG5oZkUrSFozbkdGZGZxNWRZMgotLS0tLUVORCBDRVJUSUZJQ0FURS0tLS0tCg==\n  name: eks_sofin-eks\n\ncontexts:\n- context:\n    cluster: eks_sofin-eks\n    user: eks_sofin-eks\n  name: eks_sofin-eks\n\ncurrent-context: eks_sofin-eks\n\nusers:\n- name: eks_sofin-eks\n  user:\n    exec:\n      apiVersion: client.authentication.k8s.io/v1alpha1\n      command: aws-iam-authenticator\n      args:\n        - \"token\"\n        - \"-i\"\n        - \"sofin-eks\"\n",
      "type": "string"
    },
    "region": {
      "value": "us-east-2",
      "type": "string"
    }
  },
  "resources": [
    {
      "mode": "data",
      "type": "aws_availability_zones",
      "name": "available",
      "provider": "provider[\"registry.terraform.io/hashicorp/aws\"]",
      "instances": [
        {
          "schema_version": 0,
          "attributes": {
            "all_availability_zones": null,
            "exclude_names": null,
            "exclude_zone_ids": null,
            "filter": null,
            "group_names": [
              "us-east-2"
            ],
            "id": "us-east-2",
            "names": [
              "us-east-2a",
              "us-east-2b",
              "us-east-2c"
            ],
            "state": null,
            "zone_ids": [
              "use2-az1",
              "use2-az2",
              "use2-az3"
            ]
          },
          "sensitive_attributes": []
        }
      ]
    },
    {
      "mode": "data",
      "type": "aws_eks_cluster",
      "name": "cluster",
      "provider": "provider[\"registry.terraform.io/hashicorp/aws\"]",
      "instances": [
        {
          "schema_version": 0,
          "attributes": {
            "arn": "arn:aws:eks:us-east-2:603494993596:cluster/sofin-eks",
            "certificate_authority": [
              {
                "data": "LS0tLS1CRUdJTiBDRVJUSUZJQ0FURS0tLS0tCk1JSUM1ekNDQWMrZ0F3SUJBZ0lCQURBTkJna3Foa2lHOXcwQkFRc0ZBREFWTVJNd0VRWURWUVFERXdwcmRXSmwKY201bGRHVnpNQjRYRFRJeE1EWXhNREV5TVRjek1Gb1hEVE14TURZd09ERXlNVGN6TUZvd0ZURVRNQkVHQTFVRQpBeE1LYTNWaVpYSnVaWFJsY3pDQ0FTSXdEUVlKS29aSWh2Y05BUUVCQlFBRGdnRVBBRENDQVFvQ2dnRUJBTURsCnN5Q0VWd29RRU9ITmVDcks5MVczQWw2R1NKdFltNURmTDRnUXFGa1RxRW1acGZqWlJnRzlYR2dXbXlyL1p4NjUKbFByaFZKQVZDZ2tCSWNIa2hZRThneWRWR2JERHhRa2UvZWNybEk4MTJoaGNjTWJYZTFTK09rTEpibzF0NUhWZwpOYno0SEFHQTh1TTcrb214S0hnaHIyc1pMZ2NmeGdrNmlPTUthaWhLYjRtYzRrSWNaR1N0cVZsL2lRL0tWV0FzCmRQNFVrMjRHMmxPcVE3UG4xdHY0ZHZ2cjFDTVRzUGJHby83eTdLYThLMjd5K3pQNWJ0NEJFcWdVazQrSmg3UkcKVGFaclBQYVlaVm8rSm85SFkzQUFVL04xUEo3S3FCb2FYQ09lajQ0cnFEQnU3cmVRY1NHbytXdFp3MHJWVWovaAptbkpuNVkrQ3MwckpDRDdMNmJVQ0F3RUFBYU5DTUVBd0RnWURWUjBQQVFIL0JBUURBZ0trTUE4R0ExVWRFd0VCCi93UUZNQU1CQWY4d0hRWURWUjBPQkJZRUZGYW8rYmxtVmpYK0MwZG5TWUQ2TjJJcTFuSS9NQTBHQ1NxR1NJYjMKRFFFQkN3VUFBNElCQVFBTnJxTHJKUGRKck5SemZBbWMxdWZLajFjZVV6eU82U3h5UHVFSGsyYU90NjZJckVpWgpZQ2p2ZGlnQ2p1MjR5U2luczk3L216NGsybVRuVkJPYm5XTkpEaG1sZE56RDQyMWNpS3lBS2kzeFplczl5dnVICm1KVEpHNmU2N2gyNnUzMGFtVStmYkVrV3VsLzZYQ3NyVlJZblJoQzRIZUJaQmZMZnNiSXJnMEZ2Znh6Z0VLOWkKaXVETTlHWHVleXkyQ0ZlS2FZRWJKakQ2cE5jK2xGbU9MTTNhMWhXRnQvbUdVc01XbThSUC9Ud2RReDBxMXVaUwpROWNRVnRxeW1XQ2xtQzBUMHhrZUxBQ2ZLaHFqUjhOb2RmL1pZcWxmNkFteEZ4czBLZ2RoNHk4dUJ4aU1paUZCCklBMEpBcVJVSWU0TnFtRzJCOG5oZkUrSFozbkdGZGZxNWRZMgotLS0tLUVORCBDRVJUSUZJQ0FURS0tLS0tCg=="
              }
            ],
            "created_at": "2021-06-10 12:12:23.66 +0000 UTC",
            "enabled_cluster_log_types": [],
            "endpoint": "https://784591AB7CEB25749752B7FA9E03A389.gr7.us-east-2.eks.amazonaws.com",
            "id": "sofin-eks",
            "identity": [
              {
                "oidc": [
                  {
                    "issuer": "https://oidc.eks.us-east-2.amazonaws.com/id/784591AB7CEB25749752B7FA9E03A389"
                  }
                ]
              }
            ],
            "kubernetes_network_config": [
              {
                "service_ipv4_cidr": "172.20.0.0/16"
              }
            ],
            "name": "sofin-eks",
            "platform_version": "eks.1",
            "role_arn": "arn:aws:iam::603494993596:role/sofin-eks20210610121151173300000003",
            "status": "ACTIVE",
            "tags": {},
            "version": "1.20",
            "vpc_config": [
              {
                "cluster_security_group_id": "sg-0284ad8bf99015ce4",
                "endpoint_private_access": false,
                "endpoint_public_access": true,
                "public_access_cidrs": [
                  "0.0.0.0/0"
                ],
                "security_group_ids": [
                  "sg-0d87e31940a62181b"
                ],
                "subnet_ids": [
                  "subnet-0040cc8635665cc37",
                  "subnet-04b7c9d4369951d63",
                  "subnet-08b22012ce3381199"
                ],
                "vpc_id": "vpc-064978e6052419fcc"
              }
            ]
          },
          "sensitive_attributes": []
        }
      ]
    },
    {
      "mode": "data",
      "type": "aws_eks_cluster_auth",
      "name": "cluster",
      "provider": "provider[\"registry.terraform.io/hashicorp/aws\"]",
      "instances": [
        {
          "schema_version": 0,
          "attributes": {
            "id": "sofin-eks",
            "name": "sofin-eks",
            "token": "k8s-aws-v1.aHR0cHM6Ly9zdHMuYW1hem9uYXdzLmNvbS8_QWN0aW9uPUdldENhbGxlcklkZW50aXR5JlZlcnNpb249MjAxMS0wNi0xNSZYLUFtei1BbGdvcml0aG09QVdTNC1ITUFDLVNIQTI1NiZYLUFtei1DcmVkZW50aWFsPUFLSUFZWkFZMloyNlA3TVBBQlBRJTJGMjAyMTA2MTAlMkZ1cy1lYXN0LTElMkZzdHMlMkZhd3M0X3JlcXVlc3QmWC1BbXotRGF0ZT0yMDIxMDYxMFQxMjIxMjRaJlgtQW16LUV4cGlyZXM9MCZYLUFtei1TaWduZWRIZWFkZXJzPWhvc3QlM0J4LWs4cy1hd3MtaWQmWC1BbXotU2lnbmF0dXJlPWMzMGJmYmRkOGNhZjQxZDE3Yzg2NTc2YWY4MDM3ZDZiM2RjMTI1ZGNiMTgwYTJiZTQxZThmOTEwNDU0ODdlYWQ"
          },
          "sensitive_attributes": []
        }
      ]
    },
    {
      "mode": "data",
      "type": "aws_subnet_ids",
      "name": "sofin-net-ids",
      "provider": "provider[\"registry.terraform.io/hashicorp/aws\"]",
      "instances": [
        {
          "schema_version": 0,
          "attributes": {
            "filter": null,
            "id": "vpc-064978e6052419fcc",
            "ids": [
              "subnet-0040cc8635665cc37",
              "subnet-04b7c9d4369951d63",
              "subnet-08b22012ce3381199"
            ],
            "tags": null,
            "vpc_id": "vpc-064978e6052419fcc"
          },
          "sensitive_attributes": []
        }
      ]
    },
    {
      "mode": "managed",
      "type": "aws_db_subnet_group",
      "name": "sofin-net-gr",
      "provider": "provider[\"registry.terraform.io/hashicorp/aws\"]",
      "instances": [
        {
          "schema_version": 0,
          "attributes": {
            "arn": "arn:aws:rds:us-east-2:603494993596:subgrp:main",
            "description": "Managed by Terraform",
            "id": "main",
            "name": "main",
            "name_prefix": null,
            "subnet_ids": [
              "subnet-0040cc8635665cc37",
              "subnet-04b7c9d4369951d63",
              "subnet-08b22012ce3381199"
            ],
            "tags": null,
            "tags_all": {}
          },
          "sensitive_attributes": [],
          "private": "bnVsbA==",
          "dependencies": [
            "data.aws_availability_zones.available",
            "data.aws_subnet_ids.sofin-net-ids",
            "module.vpc.aws_cloudwatch_log_group.flow_log",
            "module.vpc.aws_customer_gateway.this",
            "module.vpc.aws_db_subnet_group.database",
            "module.vpc.aws_default_network_acl.this",
            "module.vpc.aws_default_security_group.this",
            "module.vpc.aws_default_vpc.this",
            "module.vpc.aws_egress_only_internet_gateway.this",
            "module.vpc.aws_eip.nat",
            "module.vpc.aws_elasticache_subnet_group.elasticache",
            "module.vpc.aws_flow_log.this",
            "module.vpc.aws_iam_policy.vpc_flow_log_cloudwatch",
            "module.vpc.aws_iam_role.vpc_flow_log_cloudwatch",
            "module.vpc.aws_iam_role_policy_attachment.vpc_flow_log_cloudwatch",
            "module.vpc.aws_internet_gateway.this",
            "module.vpc.aws_nat_gateway.this",
            "module.vpc.aws_network_acl.database",
            "module.vpc.aws_network_acl.elasticache",
            "module.vpc.aws_network_acl.intra",
            "module.vpc.aws_network_acl.private",
            "module.vpc.aws_network_acl.public",
            "module.vpc.aws_network_acl.redshift",
            "module.vpc.aws_network_acl_rule.database_inbound",
            "module.vpc.aws_network_acl_rule.database_outbound",
            "module.vpc.aws_network_acl_rule.elasticache_inbound",
            "module.vpc.aws_network_acl_rule.elasticache_outbound",
            "module.vpc.aws_network_acl_rule.intra_inbound",
            "module.vpc.aws_network_acl_rule.intra_outbound",
            "module.vpc.aws_network_acl_rule.private_inbound",
            "module.vpc.aws_network_acl_rule.private_outbound",
            "module.vpc.aws_network_acl_rule.public_inbound",
            "module.vpc.aws_network_acl_rule.public_outbound",
            "module.vpc.aws_network_acl_rule.redshift_inbound",
            "module.vpc.aws_network_acl_rule.redshift_outbound",
            "module.vpc.aws_redshift_subnet_group.redshift",
            "module.vpc.aws_route.database_internet_gateway",
            "module.vpc.aws_route.database_ipv6_egress",
            "module.vpc.aws_route.database_nat_gateway",
            "module.vpc.aws_route.private_ipv6_egress",
            "module.vpc.aws_route.private_nat_gateway",
            "module.vpc.aws_route.public_internet_gateway",
            "module.vpc.aws_route.public_internet_gateway_ipv6",
            "module.vpc.aws_route_table.database",
            "module.vpc.aws_route_table.elasticache",
            "module.vpc.aws_route_table.intra",
            "module.vpc.aws_route_table.private",
            "module.vpc.aws_route_table.public",
            "module.vpc.aws_route_table.redshift",
            "module.vpc.aws_route_table_association.database",
            "module.vpc.aws_route_table_association.elasticache",
            "module.vpc.aws_route_table_association.intra",
            "module.vpc.aws_route_table_association.private",
            "module.vpc.aws_route_table_association.public",
            "module.vpc.aws_route_table_association.redshift",
            "module.vpc.aws_route_table_association.redshift_public",
            "module.vpc.aws_subnet.database",
            "module.vpc.aws_subnet.elasticache",
            "module.vpc.aws_subnet.intra",
            "module.vpc.aws_subnet.private",
            "module.vpc.aws_subnet.public",
            "module.vpc.aws_subnet.redshift",
            "module.vpc.aws_vpc.this",
            "module.vpc.aws_vpc_dhcp_options.this",
            "module.vpc.aws_vpc_dhcp_options_association.this",
            "module.vpc.aws_vpc_endpoint.access_analyzer",
            "module.vpc.aws_vpc_endpoint.acm_pca",
            "module.vpc.aws_vpc_endpoint.apigw",
            "module.vpc.aws_vpc_endpoint.appmesh_envoy_management",
            "module.vpc.aws_vpc_endpoint.appstream_api",
            "module.vpc.aws_vpc_endpoint.appstream_streaming",
            "module.vpc.aws_vpc_endpoint.athena",
            "module.vpc.aws_vpc_endpoint.auto_scaling_plans",
            "module.vpc.aws_vpc_endpoint.cloud_directory",
            "module.vpc.aws_vpc_endpoint.cloudformation",
            "module.vpc.aws_vpc_endpoint.cloudtrail",
            "module.vpc.aws_vpc_endpoint.codeartifact_api",
            "module.vpc.aws_vpc_endpoint.codeartifact_repositories",
            "module.vpc.aws_vpc_endpoint.codebuild",
            "module.vpc.aws_vpc_endpoint.codecommit",
            "module.vpc.aws_vpc_endpoint.codedeploy",
            "module.vpc.aws_vpc_endpoint.codedeploy_commands_secure",
            "module.vpc.aws_vpc_endpoint.codepipeline",
            "module.vpc.aws_vpc_endpoint.config",
            "module.vpc.aws_vpc_endpoint.datasync",
            "module.vpc.aws_vpc_endpoint.dynamodb",
            "module.vpc.aws_vpc_endpoint.ebs",
            "module.vpc.aws_vpc_endpoint.ec2",
            "module.vpc.aws_vpc_endpoint.ec2_autoscaling",
            "module.vpc.aws_vpc_endpoint.ec2messages",
            "module.vpc.aws_vpc_endpoint.ecr_api",
            "module.vpc.aws_vpc_endpoint.ecr_dkr",
            "module.vpc.aws_vpc_endpoint.ecs",
            "module.vpc.aws_vpc_endpoint.ecs_agent",
            "module.vpc.aws_vpc_endpoint.ecs_telemetry",
            "module.vpc.aws_vpc_endpoint.efs",
            "module.vpc.aws_vpc_endpoint.elastic_inference_runtime",
            "module.vpc.aws_vpc_endpoint.elasticbeanstalk",
            "module.vpc.aws_vpc_endpoint.elasticbeanstalk_health",
            "module.vpc.aws_vpc_endpoint.elasticloadbalancing",
            "module.vpc.aws_vpc_endpoint.emr",
            "module.vpc.aws_vpc_endpoint.events",
            "module.vpc.aws_vpc_endpoint.git_codecommit",
            "module.vpc.aws_vpc_endpoint.glue",
            "module.vpc.aws_vpc_endpoint.kinesis_firehose",
            "module.vpc.aws_vpc_endpoint.kinesis_streams",
            "module.vpc.aws_vpc_endpoint.kms",
            "module.vpc.aws_vpc_endpoint.lambda",
            "module.vpc.aws_vpc_endpoint.logs",
            "module.vpc.aws_vpc_endpoint.monitoring",
            "module.vpc.aws_vpc_endpoint.qldb_session",
            "module.vpc.aws_vpc_endpoint.rds",
            "module.vpc.aws_vpc_endpoint.rekognition",
            "module.vpc.aws_vpc_endpoint.s3",
            "module.vpc.aws_vpc_endpoint.sagemaker_api",
            "module.vpc.aws_vpc_endpoint.sagemaker_notebook",
            "module.vpc.aws_vpc_endpoint.sagemaker_runtime",
            "module.vpc.aws_vpc_endpoint.secretsmanager",
            "module.vpc.aws_vpc_endpoint.servicecatalog",
            "module.vpc.aws_vpc_endpoint.ses",
            "module.vpc.aws_vpc_endpoint.sms",
            "module.vpc.aws_vpc_endpoint.sns",
            "module.vpc.aws_vpc_endpoint.sqs",
            "module.vpc.aws_vpc_endpoint.ssm",
            "module.vpc.aws_vpc_endpoint.ssmmessages",
            "module.vpc.aws_vpc_endpoint.states",
            "module.vpc.aws_vpc_endpoint.storagegateway",
            "module.vpc.aws_vpc_endpoint.sts",
            "module.vpc.aws_vpc_endpoint.textract",
            "module.vpc.aws_vpc_endpoint.transfer",
            "module.vpc.aws_vpc_endpoint.transferserver",
            "module.vpc.aws_vpc_endpoint.workspaces",
            "module.vpc.aws_vpc_endpoint_route_table_association.intra_dynamodb",
            "module.vpc.aws_vpc_endpoint_route_table_association.intra_s3",
            "module.vpc.aws_vpc_endpoint_route_table_association.private_dynamodb",
            "module.vpc.aws_vpc_endpoint_route_table_association.private_s3",
            "module.vpc.aws_vpc_endpoint_route_table_association.public_dynamodb",
            "module.vpc.aws_vpc_endpoint_route_table_association.public_s3",
            "module.vpc.aws_vpc_ipv4_cidr_block_association.this",
            "module.vpc.aws_vpn_gateway.this",
            "module.vpc.aws_vpn_gateway_attachment.this",
            "module.vpc.aws_vpn_gateway_route_propagation.intra",
            "module.vpc.aws_vpn_gateway_route_propagation.private",
            "module.vpc.aws_vpn_gateway_route_propagation.public",
            "module.vpc.data.aws_iam_policy_document.flow_log_cloudwatch_assume_role",
            "module.vpc.data.aws_iam_policy_document.vpc_flow_log_cloudwatch",
            "module.vpc.data.aws_vpc_endpoint_service.access_analyzer",
            "module.vpc.data.aws_vpc_endpoint_service.acm_pca",
            "module.vpc.data.aws_vpc_endpoint_service.apigw",
            "module.vpc.data.aws_vpc_endpoint_service.appmesh_envoy_management",
            "module.vpc.data.aws_vpc_endpoint_service.appstream_api",
            "module.vpc.data.aws_vpc_endpoint_service.appstream_streaming",
            "module.vpc.data.aws_vpc_endpoint_service.athena",
            "module.vpc.data.aws_vpc_endpoint_service.auto_scaling_plans",
            "module.vpc.data.aws_vpc_endpoint_service.cloud_directory",
            "module.vpc.data.aws_vpc_endpoint_service.cloudformation",
            "module.vpc.data.aws_vpc_endpoint_service.cloudtrail",
            "module.vpc.data.aws_vpc_endpoint_service.codeartifact_api",
            "module.vpc.data.aws_vpc_endpoint_service.codeartifact_repositories",
            "module.vpc.data.aws_vpc_endpoint_service.codebuild",
            "module.vpc.data.aws_vpc_endpoint_service.codecommit",
            "module.vpc.data.aws_vpc_endpoint_service.codedeploy",
            "module.vpc.data.aws_vpc_endpoint_service.codedeploy_commands_secure",
            "module.vpc.data.aws_vpc_endpoint_service.codepipeline",
            "module.vpc.data.aws_vpc_endpoint_service.config",
            "module.vpc.data.aws_vpc_endpoint_service.datasync",
            "module.vpc.data.aws_vpc_endpoint_service.dynamodb",
            "module.vpc.data.aws_vpc_endpoint_service.ebs",
            "module.vpc.data.aws_vpc_endpoint_service.ec2",
            "module.vpc.data.aws_vpc_endpoint_service.ec2_autoscaling",
            "module.vpc.data.aws_vpc_endpoint_service.ec2messages",
            "module.vpc.data.aws_vpc_endpoint_service.ecr_api",
            "module.vpc.data.aws_vpc_endpoint_service.ecr_dkr",
            "module.vpc.data.aws_vpc_endpoint_service.ecs",
            "module.vpc.data.aws_vpc_endpoint_service.ecs_agent",
            "module.vpc.data.aws_vpc_endpoint_service.ecs_telemetry",
            "module.vpc.data.aws_vpc_endpoint_service.efs",
            "module.vpc.data.aws_vpc_endpoint_service.elastic_inference_runtime",
            "module.vpc.data.aws_vpc_endpoint_service.elasticbeanstalk",
            "module.vpc.data.aws_vpc_endpoint_service.elasticbeanstalk_health",
            "module.vpc.data.aws_vpc_endpoint_service.elasticloadbalancing",
            "module.vpc.data.aws_vpc_endpoint_service.emr",
            "module.vpc.data.aws_vpc_endpoint_service.events",
            "module.vpc.data.aws_vpc_endpoint_service.git_codecommit",
            "module.vpc.data.aws_vpc_endpoint_service.glue",
            "module.vpc.data.aws_vpc_endpoint_service.kinesis_firehose",
            "module.vpc.data.aws_vpc_endpoint_service.kinesis_streams",
            "module.vpc.data.aws_vpc_endpoint_service.kms",
            "module.vpc.data.aws_vpc_endpoint_service.lambda",
            "module.vpc.data.aws_vpc_endpoint_service.logs",
            "module.vpc.data.aws_vpc_endpoint_service.monitoring",
            "module.vpc.data.aws_vpc_endpoint_service.qldb_session",
            "module.vpc.data.aws_vpc_endpoint_service.rds",
            "module.vpc.data.aws_vpc_endpoint_service.rekognition",
            "module.vpc.data.aws_vpc_endpoint_service.s3",
            "module.vpc.data.aws_vpc_endpoint_service.sagemaker_api",
            "module.vpc.data.aws_vpc_endpoint_service.sagemaker_notebook",
            "module.vpc.data.aws_vpc_endpoint_service.sagemaker_runtime",
            "module.vpc.data.aws_vpc_endpoint_service.secretsmanager",
            "module.vpc.data.aws_vpc_endpoint_service.servicecatalog",
            "module.vpc.data.aws_vpc_endpoint_service.ses",
            "module.vpc.data.aws_vpc_endpoint_service.sms",
            "module.vpc.data.aws_vpc_endpoint_service.sns",
            "module.vpc.data.aws_vpc_endpoint_service.sqs",
            "module.vpc.data.aws_vpc_endpoint_service.ssm",
            "module.vpc.data.aws_vpc_endpoint_service.ssmmessages",
            "module.vpc.data.aws_vpc_endpoint_service.states",
            "module.vpc.data.aws_vpc_endpoint_service.storagegateway",
            "module.vpc.data.aws_vpc_endpoint_service.sts",
            "module.vpc.data.aws_vpc_endpoint_service.textract",
            "module.vpc.data.aws_vpc_endpoint_service.transfer",
            "module.vpc.data.aws_vpc_endpoint_service.transferserver",
            "module.vpc.data.aws_vpc_endpoint_service.workspaces"
          ]
        }
      ]
    },
    {
      "mode": "managed",
      "type": "aws_docdb_cluster",
      "name": "docdb",
      "provider": "provider[\"registry.terraform.io/hashicorp/aws\"]",
      "instances": [
        {
          "schema_version": 0,
          "attributes": {
            "apply_immediately": null,
            "arn": "arn:aws:rds:us-east-2:603494993596:cluster:my-docdb-cluster",
            "availability_zones": [
              "us-east-2a",
              "us-east-2b",
              "us-east-2c"
            ],
            "backup_retention_period": 5,
            "cluster_identifier": "my-docdb-cluster",
            "cluster_identifier_prefix": null,
            "cluster_members": [],
            "cluster_resource_id": "cluster-5JKPVQCZNNZIG6RNWUJWGJBJOI",
            "db_cluster_parameter_group_name": "default.docdb4.0",
            "db_subnet_group_name": "main",
            "deletion_protection": false,
            "enabled_cloudwatch_logs_exports": null,
            "endpoint": "my-docdb-cluster.cluster-cvyuxvjadcvz.us-east-2.docdb.amazonaws.com",
            "engine": "docdb",
            "engine_version": "4.0.0",
            "final_snapshot_identifier": null,
            "hosted_zone_id": "Z7L8695A82IZ6",
            "id": "my-docdb-cluster",
            "kms_key_id": "",
            "master_password": "Qwerty12345",
            "master_username": "sofin",
            "port": 27017,
            "preferred_backup_window": "07:00-09:00",
            "preferred_maintenance_window": "sat:03:41-sat:04:11",
            "reader_endpoint": "my-docdb-cluster.cluster-ro-cvyuxvjadcvz.us-east-2.docdb.amazonaws.com",
            "skip_final_snapshot": true,
            "snapshot_identifier": null,
            "storage_encrypted": false,
            "tags": null,
            "tags_all": {},
            "timeouts": null,
            "vpc_security_group_ids": [
              "sg-045221b57f1400f6a"
            ]
          },
          "sensitive_attributes": [],
          "private": "eyJlMmJmYjczMC1lY2FhLTExZTYtOGY4OC0zNDM2M2JjN2M0YzAiOnsiY3JlYXRlIjo3MjAwMDAwMDAwMDAwLCJkZWxldGUiOjcyMDAwMDAwMDAwMDAsInVwZGF0ZSI6NzIwMDAwMDAwMDAwMH19",
          "dependencies": [
            "aws_db_subnet_group.sofin-net-gr",
            "aws_security_group.worker_group",
            "data.aws_availability_zones.available",
            "data.aws_subnet_ids.sofin-net-ids",
            "module.vpc.aws_cloudwatch_log_group.flow_log",
            "module.vpc.aws_customer_gateway.this",
            "module.vpc.aws_db_subnet_group.database",
            "module.vpc.aws_default_network_acl.this",
            "module.vpc.aws_default_security_group.this",
            "module.vpc.aws_default_vpc.this",
            "module.vpc.aws_egress_only_internet_gateway.this",
            "module.vpc.aws_eip.nat",
            "module.vpc.aws_elasticache_subnet_group.elasticache",
            "module.vpc.aws_flow_log.this",
            "module.vpc.aws_iam_policy.vpc_flow_log_cloudwatch",
            "module.vpc.aws_iam_role.vpc_flow_log_cloudwatch",
            "module.vpc.aws_iam_role_policy_attachment.vpc_flow_log_cloudwatch",
            "module.vpc.aws_internet_gateway.this",
            "module.vpc.aws_nat_gateway.this",
            "module.vpc.aws_network_acl.database",
            "module.vpc.aws_network_acl.elasticache",
            "module.vpc.aws_network_acl.intra",
            "module.vpc.aws_network_acl.private",
            "module.vpc.aws_network_acl.public",
            "module.vpc.aws_network_acl.redshift",
            "module.vpc.aws_network_acl_rule.database_inbound",
            "module.vpc.aws_network_acl_rule.database_outbound",
            "module.vpc.aws_network_acl_rule.elasticache_inbound",
            "module.vpc.aws_network_acl_rule.elasticache_outbound",
            "module.vpc.aws_network_acl_rule.intra_inbound",
            "module.vpc.aws_network_acl_rule.intra_outbound",
            "module.vpc.aws_network_acl_rule.private_inbound",
            "module.vpc.aws_network_acl_rule.private_outbound",
            "module.vpc.aws_network_acl_rule.public_inbound",
            "module.vpc.aws_network_acl_rule.public_outbound",
            "module.vpc.aws_network_acl_rule.redshift_inbound",
            "module.vpc.aws_network_acl_rule.redshift_outbound",
            "module.vpc.aws_redshift_subnet_group.redshift",
            "module.vpc.aws_route.database_internet_gateway",
            "module.vpc.aws_route.database_ipv6_egress",
            "module.vpc.aws_route.database_nat_gateway",
            "module.vpc.aws_route.private_ipv6_egress",
            "module.vpc.aws_route.private_nat_gateway",
            "module.vpc.aws_route.public_internet_gateway",
            "module.vpc.aws_route.public_internet_gateway_ipv6",
            "module.vpc.aws_route_table.database",
            "module.vpc.aws_route_table.elasticache",
            "module.vpc.aws_route_table.intra",
            "module.vpc.aws_route_table.private",
            "module.vpc.aws_route_table.public",
            "module.vpc.aws_route_table.redshift",
            "module.vpc.aws_route_table_association.database",
            "module.vpc.aws_route_table_association.elasticache",
            "module.vpc.aws_route_table_association.intra",
            "module.vpc.aws_route_table_association.private",
            "module.vpc.aws_route_table_association.public",
            "module.vpc.aws_route_table_association.redshift",
            "module.vpc.aws_route_table_association.redshift_public",
            "module.vpc.aws_subnet.database",
            "module.vpc.aws_subnet.elasticache",
            "module.vpc.aws_subnet.intra",
            "module.vpc.aws_subnet.private",
            "module.vpc.aws_subnet.public",
            "module.vpc.aws_subnet.redshift",
            "module.vpc.aws_vpc.this",
            "module.vpc.aws_vpc_dhcp_options.this",
            "module.vpc.aws_vpc_dhcp_options_association.this",
            "module.vpc.aws_vpc_endpoint.access_analyzer",
            "module.vpc.aws_vpc_endpoint.acm_pca",
            "module.vpc.aws_vpc_endpoint.apigw",
            "module.vpc.aws_vpc_endpoint.appmesh_envoy_management",
            "module.vpc.aws_vpc_endpoint.appstream_api",
            "module.vpc.aws_vpc_endpoint.appstream_streaming",
            "module.vpc.aws_vpc_endpoint.athena",
            "module.vpc.aws_vpc_endpoint.auto_scaling_plans",
            "module.vpc.aws_vpc_endpoint.cloud_directory",
            "module.vpc.aws_vpc_endpoint.cloudformation",
            "module.vpc.aws_vpc_endpoint.cloudtrail",
            "module.vpc.aws_vpc_endpoint.codeartifact_api",
            "module.vpc.aws_vpc_endpoint.codeartifact_repositories",
            "module.vpc.aws_vpc_endpoint.codebuild",
            "module.vpc.aws_vpc_endpoint.codecommit",
            "module.vpc.aws_vpc_endpoint.codedeploy",
            "module.vpc.aws_vpc_endpoint.codedeploy_commands_secure",
            "module.vpc.aws_vpc_endpoint.codepipeline",
            "module.vpc.aws_vpc_endpoint.config",
            "module.vpc.aws_vpc_endpoint.datasync",
            "module.vpc.aws_vpc_endpoint.dynamodb",
            "module.vpc.aws_vpc_endpoint.ebs",
            "module.vpc.aws_vpc_endpoint.ec2",
            "module.vpc.aws_vpc_endpoint.ec2_autoscaling",
            "module.vpc.aws_vpc_endpoint.ec2messages",
            "module.vpc.aws_vpc_endpoint.ecr_api",
            "module.vpc.aws_vpc_endpoint.ecr_dkr",
            "module.vpc.aws_vpc_endpoint.ecs",
            "module.vpc.aws_vpc_endpoint.ecs_agent",
            "module.vpc.aws_vpc_endpoint.ecs_telemetry",
            "module.vpc.aws_vpc_endpoint.efs",
            "module.vpc.aws_vpc_endpoint.elastic_inference_runtime",
            "module.vpc.aws_vpc_endpoint.elasticbeanstalk",
            "module.vpc.aws_vpc_endpoint.elasticbeanstalk_health",
            "module.vpc.aws_vpc_endpoint.elasticloadbalancing",
            "module.vpc.aws_vpc_endpoint.emr",
            "module.vpc.aws_vpc_endpoint.events",
            "module.vpc.aws_vpc_endpoint.git_codecommit",
            "module.vpc.aws_vpc_endpoint.glue",
            "module.vpc.aws_vpc_endpoint.kinesis_firehose",
            "module.vpc.aws_vpc_endpoint.kinesis_streams",
            "module.vpc.aws_vpc_endpoint.kms",
            "module.vpc.aws_vpc_endpoint.lambda",
            "module.vpc.aws_vpc_endpoint.logs",
            "module.vpc.aws_vpc_endpoint.monitoring",
            "module.vpc.aws_vpc_endpoint.qldb_session",
            "module.vpc.aws_vpc_endpoint.rds",
            "module.vpc.aws_vpc_endpoint.rekognition",
            "module.vpc.aws_vpc_endpoint.s3",
            "module.vpc.aws_vpc_endpoint.sagemaker_api",
            "module.vpc.aws_vpc_endpoint.sagemaker_notebook",
            "module.vpc.aws_vpc_endpoint.sagemaker_runtime",
            "module.vpc.aws_vpc_endpoint.secretsmanager",
            "module.vpc.aws_vpc_endpoint.servicecatalog",
            "module.vpc.aws_vpc_endpoint.ses",
            "module.vpc.aws_vpc_endpoint.sms",
            "module.vpc.aws_vpc_endpoint.sns",
            "module.vpc.aws_vpc_endpoint.sqs",
            "module.vpc.aws_vpc_endpoint.ssm",
            "module.vpc.aws_vpc_endpoint.ssmmessages",
            "module.vpc.aws_vpc_endpoint.states",
            "module.vpc.aws_vpc_endpoint.storagegateway",
            "module.vpc.aws_vpc_endpoint.sts",
            "module.vpc.aws_vpc_endpoint.textract",
            "module.vpc.aws_vpc_endpoint.transfer",
            "module.vpc.aws_vpc_endpoint.transferserver",
            "module.vpc.aws_vpc_endpoint.workspaces",
            "module.vpc.aws_vpc_endpoint_route_table_association.intra_dynamodb",
            "module.vpc.aws_vpc_endpoint_route_table_association.intra_s3",
            "module.vpc.aws_vpc_endpoint_route_table_association.private_dynamodb",
            "module.vpc.aws_vpc_endpoint_route_table_association.private_s3",
            "module.vpc.aws_vpc_endpoint_route_table_association.public_dynamodb",
            "module.vpc.aws_vpc_endpoint_route_table_association.public_s3",
            "module.vpc.aws_vpc_ipv4_cidr_block_association.this",
            "module.vpc.aws_vpn_gateway.this",
            "module.vpc.aws_vpn_gateway_attachment.this",
            "module.vpc.aws_vpn_gateway_route_propagation.intra",
            "module.vpc.aws_vpn_gateway_route_propagation.private",
            "module.vpc.aws_vpn_gateway_route_propagation.public",
            "module.vpc.data.aws_iam_policy_document.flow_log_cloudwatch_assume_role",
            "module.vpc.data.aws_iam_policy_document.vpc_flow_log_cloudwatch",
            "module.vpc.data.aws_vpc_endpoint_service.access_analyzer",
            "module.vpc.data.aws_vpc_endpoint_service.acm_pca",
            "module.vpc.data.aws_vpc_endpoint_service.apigw",
            "module.vpc.data.aws_vpc_endpoint_service.appmesh_envoy_management",
            "module.vpc.data.aws_vpc_endpoint_service.appstream_api",
            "module.vpc.data.aws_vpc_endpoint_service.appstream_streaming",
            "module.vpc.data.aws_vpc_endpoint_service.athena",
            "module.vpc.data.aws_vpc_endpoint_service.auto_scaling_plans",
            "module.vpc.data.aws_vpc_endpoint_service.cloud_directory",
            "module.vpc.data.aws_vpc_endpoint_service.cloudformation",
            "module.vpc.data.aws_vpc_endpoint_service.cloudtrail",
            "module.vpc.data.aws_vpc_endpoint_service.codeartifact_api",
            "module.vpc.data.aws_vpc_endpoint_service.codeartifact_repositories",
            "module.vpc.data.aws_vpc_endpoint_service.codebuild",
            "module.vpc.data.aws_vpc_endpoint_service.codecommit",
            "module.vpc.data.aws_vpc_endpoint_service.codedeploy",
            "module.vpc.data.aws_vpc_endpoint_service.codedeploy_commands_secure",
            "module.vpc.data.aws_vpc_endpoint_service.codepipeline",
            "module.vpc.data.aws_vpc_endpoint_service.config",
            "module.vpc.data.aws_vpc_endpoint_service.datasync",
            "module.vpc.data.aws_vpc_endpoint_service.dynamodb",
            "module.vpc.data.aws_vpc_endpoint_service.ebs",
            "module.vpc.data.aws_vpc_endpoint_service.ec2",
            "module.vpc.data.aws_vpc_endpoint_service.ec2_autoscaling",
            "module.vpc.data.aws_vpc_endpoint_service.ec2messages",
            "module.vpc.data.aws_vpc_endpoint_service.ecr_api",
            "module.vpc.data.aws_vpc_endpoint_service.ecr_dkr",
            "module.vpc.data.aws_vpc_endpoint_service.ecs",
            "module.vpc.data.aws_vpc_endpoint_service.ecs_agent",
            "module.vpc.data.aws_vpc_endpoint_service.ecs_telemetry",
            "module.vpc.data.aws_vpc_endpoint_service.efs",
            "module.vpc.data.aws_vpc_endpoint_service.elastic_inference_runtime",
            "module.vpc.data.aws_vpc_endpoint_service.elasticbeanstalk",
            "module.vpc.data.aws_vpc_endpoint_service.elasticbeanstalk_health",
            "module.vpc.data.aws_vpc_endpoint_service.elasticloadbalancing",
            "module.vpc.data.aws_vpc_endpoint_service.emr",
            "module.vpc.data.aws_vpc_endpoint_service.events",
            "module.vpc.data.aws_vpc_endpoint_service.git_codecommit",
            "module.vpc.data.aws_vpc_endpoint_service.glue",
            "module.vpc.data.aws_vpc_endpoint_service.kinesis_firehose",
            "module.vpc.data.aws_vpc_endpoint_service.kinesis_streams",
            "module.vpc.data.aws_vpc_endpoint_service.kms",
            "module.vpc.data.aws_vpc_endpoint_service.lambda",
            "module.vpc.data.aws_vpc_endpoint_service.logs",
            "module.vpc.data.aws_vpc_endpoint_service.monitoring",
            "module.vpc.data.aws_vpc_endpoint_service.qldb_session",
            "module.vpc.data.aws_vpc_endpoint_service.rds",
            "module.vpc.data.aws_vpc_endpoint_service.rekognition",
            "module.vpc.data.aws_vpc_endpoint_service.s3",
            "module.vpc.data.aws_vpc_endpoint_service.sagemaker_api",
            "module.vpc.data.aws_vpc_endpoint_service.sagemaker_notebook",
            "module.vpc.data.aws_vpc_endpoint_service.sagemaker_runtime",
            "module.vpc.data.aws_vpc_endpoint_service.secretsmanager",
            "module.vpc.data.aws_vpc_endpoint_service.servicecatalog",
            "module.vpc.data.aws_vpc_endpoint_service.ses",
            "module.vpc.data.aws_vpc_endpoint_service.sms",
            "module.vpc.data.aws_vpc_endpoint_service.sns",
            "module.vpc.data.aws_vpc_endpoint_service.sqs",
            "module.vpc.data.aws_vpc_endpoint_service.ssm",
            "module.vpc.data.aws_vpc_endpoint_service.ssmmessages",
            "module.vpc.data.aws_vpc_endpoint_service.states",
            "module.vpc.data.aws_vpc_endpoint_service.storagegateway",
            "module.vpc.data.aws_vpc_endpoint_service.sts",
            "module.vpc.data.aws_vpc_endpoint_service.textract",
            "module.vpc.data.aws_vpc_endpoint_service.transfer",
            "module.vpc.data.aws_vpc_endpoint_service.transferserver",
            "module.vpc.data.aws_vpc_endpoint_service.workspaces"
          ]
        }
      ]
    },
    {
      "mode": "managed",
      "type": "aws_docdb_cluster_instance",
      "name": "cluster_instances",
      "provider": "provider[\"registry.terraform.io/hashicorp/aws\"]",
      "instances": [
        {
          "index_key": 0,
          "schema_version": 0,
          "attributes": {
            "apply_immediately": null,
            "arn": "arn:aws:rds:us-east-2:603494993596:db:docdb-cluster-sofin-0",
            "auto_minor_version_upgrade": true,
            "availability_zone": "us-east-2a",
            "ca_cert_identifier": "rds-ca-2019",
            "cluster_identifier": "my-docdb-cluster",
            "db_subnet_group_name": "main",
            "dbi_resource_id": "db-DLOXBUEU3UN6UAAALVCI4TRKCY",
            "endpoint": "docdb-cluster-sofin-0.cvyuxvjadcvz.us-east-2.docdb.amazonaws.com",
            "engine": "docdb",
            "engine_version": "4.0.0",
            "id": "docdb-cluster-sofin-0",
            "identifier": "docdb-cluster-sofin-0",
            "identifier_prefix": null,
            "instance_class": "db.t3.medium",
            "kms_key_id": "",
            "port": 27017,
            "preferred_backup_window": "07:00-09:00",
            "preferred_maintenance_window": "sun:08:38-sun:09:08",
            "promotion_tier": 0,
            "publicly_accessible": false,
            "storage_encrypted": false,
            "tags": null,
            "tags_all": {},
            "timeouts": null,
            "writer": true
          },
          "sensitive_attributes": [],
          "private": "eyJlMmJmYjczMC1lY2FhLTExZTYtOGY4OC0zNDM2M2JjN2M0YzAiOnsiY3JlYXRlIjo1NDAwMDAwMDAwMDAwLCJkZWxldGUiOjU0MDAwMDAwMDAwMDAsInVwZGF0ZSI6NTQwMDAwMDAwMDAwMH19",
          "dependencies": [
            "aws_db_subnet_group.sofin-net-gr",
            "aws_docdb_cluster.docdb",
            "aws_security_group.worker_group",
            "data.aws_availability_zones.available",
            "data.aws_subnet_ids.sofin-net-ids",
            "module.vpc.aws_cloudwatch_log_group.flow_log",
            "module.vpc.aws_customer_gateway.this",
            "module.vpc.aws_db_subnet_group.database",
            "module.vpc.aws_default_network_acl.this",
            "module.vpc.aws_default_security_group.this",
            "module.vpc.aws_default_vpc.this",
            "module.vpc.aws_egress_only_internet_gateway.this",
            "module.vpc.aws_eip.nat",
            "module.vpc.aws_elasticache_subnet_group.elasticache",
            "module.vpc.aws_flow_log.this",
            "module.vpc.aws_iam_policy.vpc_flow_log_cloudwatch",
            "module.vpc.aws_iam_role.vpc_flow_log_cloudwatch",
            "module.vpc.aws_iam_role_policy_attachment.vpc_flow_log_cloudwatch",
            "module.vpc.aws_internet_gateway.this",
            "module.vpc.aws_nat_gateway.this",
            "module.vpc.aws_network_acl.database",
            "module.vpc.aws_network_acl.elasticache",
            "module.vpc.aws_network_acl.intra",
            "module.vpc.aws_network_acl.private",
            "module.vpc.aws_network_acl.public",
            "module.vpc.aws_network_acl.redshift",
            "module.vpc.aws_network_acl_rule.database_inbound",
            "module.vpc.aws_network_acl_rule.database_outbound",
            "module.vpc.aws_network_acl_rule.elasticache_inbound",
            "module.vpc.aws_network_acl_rule.elasticache_outbound",
            "module.vpc.aws_network_acl_rule.intra_inbound",
            "module.vpc.aws_network_acl_rule.intra_outbound",
            "module.vpc.aws_network_acl_rule.private_inbound",
            "module.vpc.aws_network_acl_rule.private_outbound",
            "module.vpc.aws_network_acl_rule.public_inbound",
            "module.vpc.aws_network_acl_rule.public_outbound",
            "module.vpc.aws_network_acl_rule.redshift_inbound",
            "module.vpc.aws_network_acl_rule.redshift_outbound",
            "module.vpc.aws_redshift_subnet_group.redshift",
            "module.vpc.aws_route.database_internet_gateway",
            "module.vpc.aws_route.database_ipv6_egress",
            "module.vpc.aws_route.database_nat_gateway",
            "module.vpc.aws_route.private_ipv6_egress",
            "module.vpc.aws_route.private_nat_gateway",
            "module.vpc.aws_route.public_internet_gateway",
            "module.vpc.aws_route.public_internet_gateway_ipv6",
            "module.vpc.aws_route_table.database",
            "module.vpc.aws_route_table.elasticache",
            "module.vpc.aws_route_table.intra",
            "module.vpc.aws_route_table.private",
            "module.vpc.aws_route_table.public",
            "module.vpc.aws_route_table.redshift",
            "module.vpc.aws_route_table_association.database",
            "module.vpc.aws_route_table_association.elasticache",
            "module.vpc.aws_route_table_association.intra",
            "module.vpc.aws_route_table_association.private",
            "module.vpc.aws_route_table_association.public",
            "module.vpc.aws_route_table_association.redshift",
            "module.vpc.aws_route_table_association.redshift_public",
            "module.vpc.aws_subnet.database",
            "module.vpc.aws_subnet.elasticache",
            "module.vpc.aws_subnet.intra",
            "module.vpc.aws_subnet.private",
            "module.vpc.aws_subnet.public",
            "module.vpc.aws_subnet.redshift",
            "module.vpc.aws_vpc.this",
            "module.vpc.aws_vpc_dhcp_options.this",
            "module.vpc.aws_vpc_dhcp_options_association.this",
            "module.vpc.aws_vpc_endpoint.access_analyzer",
            "module.vpc.aws_vpc_endpoint.acm_pca",
            "module.vpc.aws_vpc_endpoint.apigw",
            "module.vpc.aws_vpc_endpoint.appmesh_envoy_management",
            "module.vpc.aws_vpc_endpoint.appstream_api",
            "module.vpc.aws_vpc_endpoint.appstream_streaming",
            "module.vpc.aws_vpc_endpoint.athena",
            "module.vpc.aws_vpc_endpoint.auto_scaling_plans",
            "module.vpc.aws_vpc_endpoint.cloud_directory",
            "module.vpc.aws_vpc_endpoint.cloudformation",
            "module.vpc.aws_vpc_endpoint.cloudtrail",
            "module.vpc.aws_vpc_endpoint.codeartifact_api",
            "module.vpc.aws_vpc_endpoint.codeartifact_repositories",
            "module.vpc.aws_vpc_endpoint.codebuild",
            "module.vpc.aws_vpc_endpoint.codecommit",
            "module.vpc.aws_vpc_endpoint.codedeploy",
            "module.vpc.aws_vpc_endpoint.codedeploy_commands_secure",
            "module.vpc.aws_vpc_endpoint.codepipeline",
            "module.vpc.aws_vpc_endpoint.config",
            "module.vpc.aws_vpc_endpoint.datasync",
            "module.vpc.aws_vpc_endpoint.dynamodb",
            "module.vpc.aws_vpc_endpoint.ebs",
            "module.vpc.aws_vpc_endpoint.ec2",
            "module.vpc.aws_vpc_endpoint.ec2_autoscaling",
            "module.vpc.aws_vpc_endpoint.ec2messages",
            "module.vpc.aws_vpc_endpoint.ecr_api",
            "module.vpc.aws_vpc_endpoint.ecr_dkr",
            "module.vpc.aws_vpc_endpoint.ecs",
            "module.vpc.aws_vpc_endpoint.ecs_agent",
            "module.vpc.aws_vpc_endpoint.ecs_telemetry",
            "module.vpc.aws_vpc_endpoint.efs",
            "module.vpc.aws_vpc_endpoint.elastic_inference_runtime",
            "module.vpc.aws_vpc_endpoint.elasticbeanstalk",
            "module.vpc.aws_vpc_endpoint.elasticbeanstalk_health",
            "module.vpc.aws_vpc_endpoint.elasticloadbalancing",
            "module.vpc.aws_vpc_endpoint.emr",
            "module.vpc.aws_vpc_endpoint.events",
            "module.vpc.aws_vpc_endpoint.git_codecommit",
            "module.vpc.aws_vpc_endpoint.glue",
            "module.vpc.aws_vpc_endpoint.kinesis_firehose",
            "module.vpc.aws_vpc_endpoint.kinesis_streams",
            "module.vpc.aws_vpc_endpoint.kms",
            "module.vpc.aws_vpc_endpoint.lambda",
            "module.vpc.aws_vpc_endpoint.logs",
            "module.vpc.aws_vpc_endpoint.monitoring",
            "module.vpc.aws_vpc_endpoint.qldb_session",
            "module.vpc.aws_vpc_endpoint.rds",
            "module.vpc.aws_vpc_endpoint.rekognition",
            "module.vpc.aws_vpc_endpoint.s3",
            "module.vpc.aws_vpc_endpoint.sagemaker_api",
            "module.vpc.aws_vpc_endpoint.sagemaker_notebook",
            "module.vpc.aws_vpc_endpoint.sagemaker_runtime",
            "module.vpc.aws_vpc_endpoint.secretsmanager",
            "module.vpc.aws_vpc_endpoint.servicecatalog",
            "module.vpc.aws_vpc_endpoint.ses",
            "module.vpc.aws_vpc_endpoint.sms",
            "module.vpc.aws_vpc_endpoint.sns",
            "module.vpc.aws_vpc_endpoint.sqs",
            "module.vpc.aws_vpc_endpoint.ssm",
            "module.vpc.aws_vpc_endpoint.ssmmessages",
            "module.vpc.aws_vpc_endpoint.states",
            "module.vpc.aws_vpc_endpoint.storagegateway",
            "module.vpc.aws_vpc_endpoint.sts",
            "module.vpc.aws_vpc_endpoint.textract",
            "module.vpc.aws_vpc_endpoint.transfer",
            "module.vpc.aws_vpc_endpoint.transferserver",
            "module.vpc.aws_vpc_endpoint.workspaces",
            "module.vpc.aws_vpc_endpoint_route_table_association.intra_dynamodb",
            "module.vpc.aws_vpc_endpoint_route_table_association.intra_s3",
            "module.vpc.aws_vpc_endpoint_route_table_association.private_dynamodb",
            "module.vpc.aws_vpc_endpoint_route_table_association.private_s3",
            "module.vpc.aws_vpc_endpoint_route_table_association.public_dynamodb",
            "module.vpc.aws_vpc_endpoint_route_table_association.public_s3",
            "module.vpc.aws_vpc_ipv4_cidr_block_association.this",
            "module.vpc.aws_vpn_gateway.this",
            "module.vpc.aws_vpn_gateway_attachment.this",
            "module.vpc.aws_vpn_gateway_route_propagation.intra",
            "module.vpc.aws_vpn_gateway_route_propagation.private",
            "module.vpc.aws_vpn_gateway_route_propagation.public",
            "module.vpc.data.aws_iam_policy_document.flow_log_cloudwatch_assume_role",
            "module.vpc.data.aws_iam_policy_document.vpc_flow_log_cloudwatch",
            "module.vpc.data.aws_vpc_endpoint_service.access_analyzer",
            "module.vpc.data.aws_vpc_endpoint_service.acm_pca",
            "module.vpc.data.aws_vpc_endpoint_service.apigw",
            "module.vpc.data.aws_vpc_endpoint_service.appmesh_envoy_management",
            "module.vpc.data.aws_vpc_endpoint_service.appstream_api",
            "module.vpc.data.aws_vpc_endpoint_service.appstream_streaming",
            "module.vpc.data.aws_vpc_endpoint_service.athena",
            "module.vpc.data.aws_vpc_endpoint_service.auto_scaling_plans",
            "module.vpc.data.aws_vpc_endpoint_service.cloud_directory",
            "module.vpc.data.aws_vpc_endpoint_service.cloudformation",
            "module.vpc.data.aws_vpc_endpoint_service.cloudtrail",
            "module.vpc.data.aws_vpc_endpoint_service.codeartifact_api",
            "module.vpc.data.aws_vpc_endpoint_service.codeartifact_repositories",
            "module.vpc.data.aws_vpc_endpoint_service.codebuild",
            "module.vpc.data.aws_vpc_endpoint_service.codecommit",
            "module.vpc.data.aws_vpc_endpoint_service.codedeploy",
            "module.vpc.data.aws_vpc_endpoint_service.codedeploy_commands_secure",
            "module.vpc.data.aws_vpc_endpoint_service.codepipeline",
            "module.vpc.data.aws_vpc_endpoint_service.config",
            "module.vpc.data.aws_vpc_endpoint_service.datasync",
            "module.vpc.data.aws_vpc_endpoint_service.dynamodb",
            "module.vpc.data.aws_vpc_endpoint_service.ebs",
            "module.vpc.data.aws_vpc_endpoint_service.ec2",
            "module.vpc.data.aws_vpc_endpoint_service.ec2_autoscaling",
            "module.vpc.data.aws_vpc_endpoint_service.ec2messages",
            "module.vpc.data.aws_vpc_endpoint_service.ecr_api",
            "module.vpc.data.aws_vpc_endpoint_service.ecr_dkr",
            "module.vpc.data.aws_vpc_endpoint_service.ecs",
            "module.vpc.data.aws_vpc_endpoint_service.ecs_agent",
            "module.vpc.data.aws_vpc_endpoint_service.ecs_telemetry",
            "module.vpc.data.aws_vpc_endpoint_service.efs",
            "module.vpc.data.aws_vpc_endpoint_service.elastic_inference_runtime",
            "module.vpc.data.aws_vpc_endpoint_service.elasticbeanstalk",
            "module.vpc.data.aws_vpc_endpoint_service.elasticbeanstalk_health",
            "module.vpc.data.aws_vpc_endpoint_service.elasticloadbalancing",
            "module.vpc.data.aws_vpc_endpoint_service.emr",
            "module.vpc.data.aws_vpc_endpoint_service.events",
            "module.vpc.data.aws_vpc_endpoint_service.git_codecommit",
            "module.vpc.data.aws_vpc_endpoint_service.glue",
            "module.vpc.data.aws_vpc_endpoint_service.kinesis_firehose",
            "module.vpc.data.aws_vpc_endpoint_service.kinesis_streams",
            "module.vpc.data.aws_vpc_endpoint_service.kms",
            "module.vpc.data.aws_vpc_endpoint_service.lambda",
            "module.vpc.data.aws_vpc_endpoint_service.logs",
            "module.vpc.data.aws_vpc_endpoint_service.monitoring",
            "module.vpc.data.aws_vpc_endpoint_service.qldb_session",
            "module.vpc.data.aws_vpc_endpoint_service.rds",
            "module.vpc.data.aws_vpc_endpoint_service.rekognition",
            "module.vpc.data.aws_vpc_endpoint_service.s3",
            "module.vpc.data.aws_vpc_endpoint_service.sagemaker_api",
            "module.vpc.data.aws_vpc_endpoint_service.sagemaker_notebook",
            "module.vpc.data.aws_vpc_endpoint_service.sagemaker_runtime",
            "module.vpc.data.aws_vpc_endpoint_service.secretsmanager",
            "module.vpc.data.aws_vpc_endpoint_service.servicecatalog",
            "module.vpc.data.aws_vpc_endpoint_service.ses",
            "module.vpc.data.aws_vpc_endpoint_service.sms",
            "module.vpc.data.aws_vpc_endpoint_service.sns",
            "module.vpc.data.aws_vpc_endpoint_service.sqs",
            "module.vpc.data.aws_vpc_endpoint_service.ssm",
            "module.vpc.data.aws_vpc_endpoint_service.ssmmessages",
            "module.vpc.data.aws_vpc_endpoint_service.states",
            "module.vpc.data.aws_vpc_endpoint_service.storagegateway",
            "module.vpc.data.aws_vpc_endpoint_service.sts",
            "module.vpc.data.aws_vpc_endpoint_service.textract",
            "module.vpc.data.aws_vpc_endpoint_service.transfer",
            "module.vpc.data.aws_vpc_endpoint_service.transferserver",
            "module.vpc.data.aws_vpc_endpoint_service.workspaces"
          ]
        },
        {
          "index_key": 1,
          "schema_version": 0,
          "attributes": {
            "apply_immediately": null,
            "arn": "arn:aws:rds:us-east-2:603494993596:db:docdb-cluster-sofin-1",
            "auto_minor_version_upgrade": true,
            "availability_zone": "us-east-2b",
            "ca_cert_identifier": "rds-ca-2019",
            "cluster_identifier": "my-docdb-cluster",
            "db_subnet_group_name": "main",
            "dbi_resource_id": "db-3UTOHMXXCKJM7DYVUB3HXKEYDY",
            "endpoint": "docdb-cluster-sofin-1.cvyuxvjadcvz.us-east-2.docdb.amazonaws.com",
            "engine": "docdb",
            "engine_version": "4.0.0",
            "id": "docdb-cluster-sofin-1",
            "identifier": "docdb-cluster-sofin-1",
            "identifier_prefix": null,
            "instance_class": "db.t3.medium",
            "kms_key_id": "",
            "port": 27017,
            "preferred_backup_window": "07:00-09:00",
            "preferred_maintenance_window": "wed:06:21-wed:06:51",
            "promotion_tier": 0,
            "publicly_accessible": false,
            "storage_encrypted": false,
            "tags": null,
            "tags_all": {},
            "timeouts": null,
            "writer": false
          },
          "sensitive_attributes": [],
          "private": "eyJlMmJmYjczMC1lY2FhLTExZTYtOGY4OC0zNDM2M2JjN2M0YzAiOnsiY3JlYXRlIjo1NDAwMDAwMDAwMDAwLCJkZWxldGUiOjU0MDAwMDAwMDAwMDAsInVwZGF0ZSI6NTQwMDAwMDAwMDAwMH19",
          "dependencies": [
            "aws_db_subnet_group.sofin-net-gr",
            "aws_docdb_cluster.docdb",
            "aws_security_group.worker_group",
            "data.aws_availability_zones.available",
            "data.aws_subnet_ids.sofin-net-ids",
            "module.vpc.aws_cloudwatch_log_group.flow_log",
            "module.vpc.aws_customer_gateway.this",
            "module.vpc.aws_db_subnet_group.database",
            "module.vpc.aws_default_network_acl.this",
            "module.vpc.aws_default_security_group.this",
            "module.vpc.aws_default_vpc.this",
            "module.vpc.aws_egress_only_internet_gateway.this",
            "module.vpc.aws_eip.nat",
            "module.vpc.aws_elasticache_subnet_group.elasticache",
            "module.vpc.aws_flow_log.this",
            "module.vpc.aws_iam_policy.vpc_flow_log_cloudwatch",
            "module.vpc.aws_iam_role.vpc_flow_log_cloudwatch",
            "module.vpc.aws_iam_role_policy_attachment.vpc_flow_log_cloudwatch",
            "module.vpc.aws_internet_gateway.this",
            "module.vpc.aws_nat_gateway.this",
            "module.vpc.aws_network_acl.database",
            "module.vpc.aws_network_acl.elasticache",
            "module.vpc.aws_network_acl.intra",
            "module.vpc.aws_network_acl.private",
            "module.vpc.aws_network_acl.public",
            "module.vpc.aws_network_acl.redshift",
            "module.vpc.aws_network_acl_rule.database_inbound",
            "module.vpc.aws_network_acl_rule.database_outbound",
            "module.vpc.aws_network_acl_rule.elasticache_inbound",
            "module.vpc.aws_network_acl_rule.elasticache_outbound",
            "module.vpc.aws_network_acl_rule.intra_inbound",
            "module.vpc.aws_network_acl_rule.intra_outbound",
            "module.vpc.aws_network_acl_rule.private_inbound",
            "module.vpc.aws_network_acl_rule.private_outbound",
            "module.vpc.aws_network_acl_rule.public_inbound",
            "module.vpc.aws_network_acl_rule.public_outbound",
            "module.vpc.aws_network_acl_rule.redshift_inbound",
            "module.vpc.aws_network_acl_rule.redshift_outbound",
            "module.vpc.aws_redshift_subnet_group.redshift",
            "module.vpc.aws_route.database_internet_gateway",
            "module.vpc.aws_route.database_ipv6_egress",
            "module.vpc.aws_route.database_nat_gateway",
            "module.vpc.aws_route.private_ipv6_egress",
            "module.vpc.aws_route.private_nat_gateway",
            "module.vpc.aws_route.public_internet_gateway",
            "module.vpc.aws_route.public_internet_gateway_ipv6",
            "module.vpc.aws_route_table.database",
            "module.vpc.aws_route_table.elasticache",
            "module.vpc.aws_route_table.intra",
            "module.vpc.aws_route_table.private",
            "module.vpc.aws_route_table.public",
            "module.vpc.aws_route_table.redshift",
            "module.vpc.aws_route_table_association.database",
            "module.vpc.aws_route_table_association.elasticache",
            "module.vpc.aws_route_table_association.intra",
            "module.vpc.aws_route_table_association.private",
            "module.vpc.aws_route_table_association.public",
            "module.vpc.aws_route_table_association.redshift",
            "module.vpc.aws_route_table_association.redshift_public",
            "module.vpc.aws_subnet.database",
            "module.vpc.aws_subnet.elasticache",
            "module.vpc.aws_subnet.intra",
            "module.vpc.aws_subnet.private",
            "module.vpc.aws_subnet.public",
            "module.vpc.aws_subnet.redshift",
            "module.vpc.aws_vpc.this",
            "module.vpc.aws_vpc_dhcp_options.this",
            "module.vpc.aws_vpc_dhcp_options_association.this",
            "module.vpc.aws_vpc_endpoint.access_analyzer",
            "module.vpc.aws_vpc_endpoint.acm_pca",
            "module.vpc.aws_vpc_endpoint.apigw",
            "module.vpc.aws_vpc_endpoint.appmesh_envoy_management",
            "module.vpc.aws_vpc_endpoint.appstream_api",
            "module.vpc.aws_vpc_endpoint.appstream_streaming",
            "module.vpc.aws_vpc_endpoint.athena",
            "module.vpc.aws_vpc_endpoint.auto_scaling_plans",
            "module.vpc.aws_vpc_endpoint.cloud_directory",
            "module.vpc.aws_vpc_endpoint.cloudformation",
            "module.vpc.aws_vpc_endpoint.cloudtrail",
            "module.vpc.aws_vpc_endpoint.codeartifact_api",
            "module.vpc.aws_vpc_endpoint.codeartifact_repositories",
            "module.vpc.aws_vpc_endpoint.codebuild",
            "module.vpc.aws_vpc_endpoint.codecommit",
            "module.vpc.aws_vpc_endpoint.codedeploy",
            "module.vpc.aws_vpc_endpoint.codedeploy_commands_secure",
            "module.vpc.aws_vpc_endpoint.codepipeline",
            "module.vpc.aws_vpc_endpoint.config",
            "module.vpc.aws_vpc_endpoint.datasync",
            "module.vpc.aws_vpc_endpoint.dynamodb",
            "module.vpc.aws_vpc_endpoint.ebs",
            "module.vpc.aws_vpc_endpoint.ec2",
            "module.vpc.aws_vpc_endpoint.ec2_autoscaling",
            "module.vpc.aws_vpc_endpoint.ec2messages",
            "module.vpc.aws_vpc_endpoint.ecr_api",
            "module.vpc.aws_vpc_endpoint.ecr_dkr",
            "module.vpc.aws_vpc_endpoint.ecs",
            "module.vpc.aws_vpc_endpoint.ecs_agent",
            "module.vpc.aws_vpc_endpoint.ecs_telemetry",
            "module.vpc.aws_vpc_endpoint.efs",
            "module.vpc.aws_vpc_endpoint.elastic_inference_runtime",
            "module.vpc.aws_vpc_endpoint.elasticbeanstalk",
            "module.vpc.aws_vpc_endpoint.elasticbeanstalk_health",
            "module.vpc.aws_vpc_endpoint.elasticloadbalancing",
            "module.vpc.aws_vpc_endpoint.emr",
            "module.vpc.aws_vpc_endpoint.events",
            "module.vpc.aws_vpc_endpoint.git_codecommit",
            "module.vpc.aws_vpc_endpoint.glue",
            "module.vpc.aws_vpc_endpoint.kinesis_firehose",
            "module.vpc.aws_vpc_endpoint.kinesis_streams",
            "module.vpc.aws_vpc_endpoint.kms",
            "module.vpc.aws_vpc_endpoint.lambda",
            "module.vpc.aws_vpc_endpoint.logs",
            "module.vpc.aws_vpc_endpoint.monitoring",
            "module.vpc.aws_vpc_endpoint.qldb_session",
            "module.vpc.aws_vpc_endpoint.rds",
            "module.vpc.aws_vpc_endpoint.rekognition",
            "module.vpc.aws_vpc_endpoint.s3",
            "module.vpc.aws_vpc_endpoint.sagemaker_api",
            "module.vpc.aws_vpc_endpoint.sagemaker_notebook",
            "module.vpc.aws_vpc_endpoint.sagemaker_runtime",
            "module.vpc.aws_vpc_endpoint.secretsmanager",
            "module.vpc.aws_vpc_endpoint.servicecatalog",
            "module.vpc.aws_vpc_endpoint.ses",
            "module.vpc.aws_vpc_endpoint.sms",
            "module.vpc.aws_vpc_endpoint.sns",
            "module.vpc.aws_vpc_endpoint.sqs",
            "module.vpc.aws_vpc_endpoint.ssm",
            "module.vpc.aws_vpc_endpoint.ssmmessages",
            "module.vpc.aws_vpc_endpoint.states",
            "module.vpc.aws_vpc_endpoint.storagegateway",
            "module.vpc.aws_vpc_endpoint.sts",
            "module.vpc.aws_vpc_endpoint.textract",
            "module.vpc.aws_vpc_endpoint.transfer",
            "module.vpc.aws_vpc_endpoint.transferserver",
            "module.vpc.aws_vpc_endpoint.workspaces",
            "module.vpc.aws_vpc_endpoint_route_table_association.intra_dynamodb",
            "module.vpc.aws_vpc_endpoint_route_table_association.intra_s3",
            "module.vpc.aws_vpc_endpoint_route_table_association.private_dynamodb",
            "module.vpc.aws_vpc_endpoint_route_table_association.private_s3",
            "module.vpc.aws_vpc_endpoint_route_table_association.public_dynamodb",
            "module.vpc.aws_vpc_endpoint_route_table_association.public_s3",
            "module.vpc.aws_vpc_ipv4_cidr_block_association.this",
            "module.vpc.aws_vpn_gateway.this",
            "module.vpc.aws_vpn_gateway_attachment.this",
            "module.vpc.aws_vpn_gateway_route_propagation.intra",
            "module.vpc.aws_vpn_gateway_route_propagation.private",
            "module.vpc.aws_vpn_gateway_route_propagation.public",
            "module.vpc.data.aws_iam_policy_document.flow_log_cloudwatch_assume_role",
            "module.vpc.data.aws_iam_policy_document.vpc_flow_log_cloudwatch",
            "module.vpc.data.aws_vpc_endpoint_service.access_analyzer",
            "module.vpc.data.aws_vpc_endpoint_service.acm_pca",
            "module.vpc.data.aws_vpc_endpoint_service.apigw",
            "module.vpc.data.aws_vpc_endpoint_service.appmesh_envoy_management",
            "module.vpc.data.aws_vpc_endpoint_service.appstream_api",
            "module.vpc.data.aws_vpc_endpoint_service.appstream_streaming",
            "module.vpc.data.aws_vpc_endpoint_service.athena",
            "module.vpc.data.aws_vpc_endpoint_service.auto_scaling_plans",
            "module.vpc.data.aws_vpc_endpoint_service.cloud_directory",
            "module.vpc.data.aws_vpc_endpoint_service.cloudformation",
            "module.vpc.data.aws_vpc_endpoint_service.cloudtrail",
            "module.vpc.data.aws_vpc_endpoint_service.codeartifact_api",
            "module.vpc.data.aws_vpc_endpoint_service.codeartifact_repositories",
            "module.vpc.data.aws_vpc_endpoint_service.codebuild",
            "module.vpc.data.aws_vpc_endpoint_service.codecommit",
            "module.vpc.data.aws_vpc_endpoint_service.codedeploy",
            "module.vpc.data.aws_vpc_endpoint_service.codedeploy_commands_secure",
            "module.vpc.data.aws_vpc_endpoint_service.codepipeline",
            "module.vpc.data.aws_vpc_endpoint_service.config",
            "module.vpc.data.aws_vpc_endpoint_service.datasync",
            "module.vpc.data.aws_vpc_endpoint_service.dynamodb",
            "module.vpc.data.aws_vpc_endpoint_service.ebs",
            "module.vpc.data.aws_vpc_endpoint_service.ec2",
            "module.vpc.data.aws_vpc_endpoint_service.ec2_autoscaling",
            "module.vpc.data.aws_vpc_endpoint_service.ec2messages",
            "module.vpc.data.aws_vpc_endpoint_service.ecr_api",
            "module.vpc.data.aws_vpc_endpoint_service.ecr_dkr",
            "module.vpc.data.aws_vpc_endpoint_service.ecs",
            "module.vpc.data.aws_vpc_endpoint_service.ecs_agent",
            "module.vpc.data.aws_vpc_endpoint_service.ecs_telemetry",
            "module.vpc.data.aws_vpc_endpoint_service.efs",
            "module.vpc.data.aws_vpc_endpoint_service.elastic_inference_runtime",
            "module.vpc.data.aws_vpc_endpoint_service.elasticbeanstalk",
            "module.vpc.data.aws_vpc_endpoint_service.elasticbeanstalk_health",
            "module.vpc.data.aws_vpc_endpoint_service.elasticloadbalancing",
            "module.vpc.data.aws_vpc_endpoint_service.emr",
            "module.vpc.data.aws_vpc_endpoint_service.events",
            "module.vpc.data.aws_vpc_endpoint_service.git_codecommit",
            "module.vpc.data.aws_vpc_endpoint_service.glue",
            "module.vpc.data.aws_vpc_endpoint_service.kinesis_firehose",
            "module.vpc.data.aws_vpc_endpoint_service.kinesis_streams",
            "module.vpc.data.aws_vpc_endpoint_service.kms",
            "module.vpc.data.aws_vpc_endpoint_service.lambda",
            "module.vpc.data.aws_vpc_endpoint_service.logs",
            "module.vpc.data.aws_vpc_endpoint_service.monitoring",
            "module.vpc.data.aws_vpc_endpoint_service.qldb_session",
            "module.vpc.data.aws_vpc_endpoint_service.rds",
            "module.vpc.data.aws_vpc_endpoint_service.rekognition",
            "module.vpc.data.aws_vpc_endpoint_service.s3",
            "module.vpc.data.aws_vpc_endpoint_service.sagemaker_api",
            "module.vpc.data.aws_vpc_endpoint_service.sagemaker_notebook",
            "module.vpc.data.aws_vpc_endpoint_service.sagemaker_runtime",
            "module.vpc.data.aws_vpc_endpoint_service.secretsmanager",
            "module.vpc.data.aws_vpc_endpoint_service.servicecatalog",
            "module.vpc.data.aws_vpc_endpoint_service.ses",
            "module.vpc.data.aws_vpc_endpoint_service.sms",
            "module.vpc.data.aws_vpc_endpoint_service.sns",
            "module.vpc.data.aws_vpc_endpoint_service.sqs",
            "module.vpc.data.aws_vpc_endpoint_service.ssm",
            "module.vpc.data.aws_vpc_endpoint_service.ssmmessages",
            "module.vpc.data.aws_vpc_endpoint_service.states",
            "module.vpc.data.aws_vpc_endpoint_service.storagegateway",
            "module.vpc.data.aws_vpc_endpoint_service.sts",
            "module.vpc.data.aws_vpc_endpoint_service.textract",
            "module.vpc.data.aws_vpc_endpoint_service.transfer",
            "module.vpc.data.aws_vpc_endpoint_service.transferserver",
            "module.vpc.data.aws_vpc_endpoint_service.workspaces"
          ]
        }
      ]
    },
    {
      "mode": "managed",
      "type": "aws_efs_file_system",
      "name": "sofin_nfs",
      "provider": "provider[\"registry.terraform.io/hashicorp/aws\"]",
      "instances": [
        {
          "schema_version": 0,
          "attributes": {
            "arn": "arn:aws:elasticfilesystem:us-east-2:603494993596:file-system/fs-fe5ea685",
            "availability_zone_id": "",
            "availability_zone_name": "",
            "creation_token": "terraform-20210610121151042800000002",
            "dns_name": "fs-fe5ea685.efs.us-east-2.amazonaws.com",
            "encrypted": false,
            "id": "fs-fe5ea685",
            "kms_key_id": "",
            "lifecycle_policy": [],
            "number_of_mount_targets": 0,
            "owner_id": "603494993596",
            "performance_mode": "generalPurpose",
            "provisioned_throughput_in_mibps": 0,
            "size_in_bytes": [
              {
                "value": 6144,
                "value_in_ia": 0,
                "value_in_standard": 6144
              }
            ],
            "tags": null,
            "tags_all": {},
            "throughput_mode": "bursting"
          },
          "sensitive_attributes": [],
          "private": "bnVsbA=="
        }
      ]
    },
    {
      "mode": "managed",
      "type": "aws_efs_mount_target",
      "name": "sofin_nfs_mp-a",
      "provider": "provider[\"registry.terraform.io/hashicorp/aws\"]",
      "instances": [
        {
          "schema_version": 0,
          "attributes": {
            "availability_zone_id": "use2-az1",
            "availability_zone_name": "us-east-2a",
            "dns_name": "fs-fe5ea685.efs.us-east-2.amazonaws.com",
            "file_system_arn": "arn:aws:elasticfilesystem:us-east-2:603494993596:file-system/fs-fe5ea685",
            "file_system_id": "fs-fe5ea685",
            "id": "fsmt-b81909c1",
            "ip_address": "10.0.1.176",
            "mount_target_dns_name": "us-east-2a.fs-fe5ea685.efs.us-east-2.amazonaws.com",
            "network_interface_id": "eni-0ee65169295b3d4e0",
            "owner_id": "603494993596",
            "security_groups": [
              "sg-07ddeb650ba2cbc34"
            ],
            "subnet_id": "subnet-0040cc8635665cc37"
          },
          "sensitive_attributes": [],
          "private": "bnVsbA==",
          "dependencies": [
            "aws_efs_file_system.sofin_nfs",
            "data.aws_availability_zones.available",
            "module.vpc.aws_subnet.public",
            "module.vpc.aws_vpc.this",
            "module.vpc.aws_vpc_ipv4_cidr_block_association.this"
          ]
        }
      ]
    },
    {
      "mode": "managed",
      "type": "aws_efs_mount_target",
      "name": "sofin_nfs_mp-b",
      "provider": "provider[\"registry.terraform.io/hashicorp/aws\"]",
      "instances": [
        {
          "schema_version": 0,
          "attributes": {
            "availability_zone_id": "use2-az2",
            "availability_zone_name": "us-east-2b",
            "dns_name": "fs-fe5ea685.efs.us-east-2.amazonaws.com",
            "file_system_arn": "arn:aws:elasticfilesystem:us-east-2:603494993596:file-system/fs-fe5ea685",
            "file_system_id": "fs-fe5ea685",
            "id": "fsmt-c61909bf",
            "ip_address": "10.0.2.135",
            "mount_target_dns_name": "us-east-2b.fs-fe5ea685.efs.us-east-2.amazonaws.com",
            "network_interface_id": "eni-01d6a1f322570f957",
            "owner_id": "603494993596",
            "security_groups": [
              "sg-07ddeb650ba2cbc34"
            ],
            "subnet_id": "subnet-08b22012ce3381199"
          },
          "sensitive_attributes": [],
          "private": "bnVsbA==",
          "dependencies": [
            "aws_efs_file_system.sofin_nfs",
            "data.aws_availability_zones.available",
            "module.vpc.aws_subnet.public",
            "module.vpc.aws_vpc.this",
            "module.vpc.aws_vpc_ipv4_cidr_block_association.this"
          ]
        }
      ]
    },
    {
      "mode": "managed",
      "type": "aws_efs_mount_target",
      "name": "sofin_nfs_mp-c",
      "provider": "provider[\"registry.terraform.io/hashicorp/aws\"]",
      "instances": [
        {
          "schema_version": 0,
          "attributes": {
            "availability_zone_id": "use2-az3",
            "availability_zone_name": "us-east-2c",
            "dns_name": "fs-fe5ea685.efs.us-east-2.amazonaws.com",
            "file_system_arn": "arn:aws:elasticfilesystem:us-east-2:603494993596:file-system/fs-fe5ea685",
            "file_system_id": "fs-fe5ea685",
            "id": "fsmt-b91909c0",
            "ip_address": "10.0.3.85",
            "mount_target_dns_name": "us-east-2c.fs-fe5ea685.efs.us-east-2.amazonaws.com",
            "network_interface_id": "eni-06507cbc1f7413ffa",
            "owner_id": "603494993596",
            "security_groups": [
              "sg-07ddeb650ba2cbc34"
            ],
            "subnet_id": "subnet-04b7c9d4369951d63"
          },
          "sensitive_attributes": [],
          "private": "bnVsbA==",
          "dependencies": [
            "aws_efs_file_system.sofin_nfs",
            "data.aws_availability_zones.available",
            "module.vpc.aws_subnet.public",
            "module.vpc.aws_vpc.this",
            "module.vpc.aws_vpc_ipv4_cidr_block_association.this"
          ]
        }
      ]
    },
    {
      "mode": "managed",
      "type": "aws_security_group",
      "name": "worker_group",
      "provider": "provider[\"registry.terraform.io/hashicorp/aws\"]",
      "instances": [
        {
          "schema_version": 1,
          "attributes": {
            "arn": "arn:aws:ec2:us-east-2:603494993596:security-group/sg-045221b57f1400f6a",
            "description": "Managed by Terraform",
            "egress": [
              {
                "cidr_blocks": [
                  "0.0.0.0/0"
                ],
                "description": "",
                "from_port": 0,
                "ipv6_cidr_blocks": [],
                "prefix_list_ids": [],
                "protocol": "-1",
                "security_groups": [],
                "self": false,
                "to_port": 0
              }
            ],
            "id": "sg-045221b57f1400f6a",
            "ingress": [
              {
                "cidr_blocks": [
                  "0.0.0.0/0"
                ],
                "description": "",
                "from_port": 0,
                "ipv6_cidr_blocks": [],
                "prefix_list_ids": [],
                "protocol": "-1",
                "security_groups": [],
                "self": false,
                "to_port": 0
              }
            ],
            "name": "worker_group2021061012120904350000000a",
            "name_prefix": "worker_group",
            "owner_id": "603494993596",
            "revoke_rules_on_delete": false,
            "tags": null,
            "tags_all": {},
            "timeouts": null,
            "vpc_id": "vpc-064978e6052419fcc"
          },
          "sensitive_attributes": [],
          "private": "eyJlMmJmYjczMC1lY2FhLTExZTYtOGY4OC0zNDM2M2JjN2M0YzAiOnsiY3JlYXRlIjo2MDAwMDAwMDAwMDAsImRlbGV0ZSI6OTAwMDAwMDAwMDAwfSwic2NoZW1hX3ZlcnNpb24iOiIxIn0=",
          "dependencies": [
            "module.vpc.aws_vpc.this"
          ],
          "create_before_destroy": true
        }
      ]
    },
    {
      "mode": "managed",
      "type": "kubernetes_namespace",
      "name": "sofin_cicd",
      "provider": "provider[\"registry.terraform.io/hashicorp/kubernetes\"]",
      "instances": [
        {
          "schema_version": 0,
          "attributes": {
            "id": "cicd",
            "metadata": [
              {
                "annotations": {
                  "name": "This namespace is for cicd"
                },
                "generate_name": "",
                "generation": 0,
                "labels": {
                  "mylabel": "cicd"
                },
                "name": "cicd",
                "resource_version": "660",
                "self_link": "",
                "uid": "f7003888-2de4-4563-ab4f-1da1b295b29a"
              }
            ],
            "timeouts": null
          },
          "sensitive_attributes": [],
          "private": "eyJlMmJmYjczMC1lY2FhLTExZTYtOGY4OC0zNDM2M2JjN2M0YzAiOnsiZGVsZXRlIjozMDAwMDAwMDAwMDB9fQ==",
          "dependencies": [
            "data.aws_availability_zones.available",
            "data.aws_eks_cluster.cluster",
            "data.aws_eks_cluster_auth.cluster",
            "module.eks.aws_cloudwatch_log_group.this",
            "module.eks.aws_eks_cluster.this",
            "module.eks.aws_iam_role.cluster",
            "module.eks.aws_iam_role_policy_attachment.cluster_AmazonEKSClusterPolicy",
            "module.eks.aws_iam_role_policy_attachment.cluster_AmazonEKSServicePolicy",
            "module.eks.aws_iam_role_policy_attachment.cluster_AmazonEKSVPCResourceControllerPolicy",
            "module.eks.aws_security_group.cluster",
            "module.eks.aws_security_group.workers",
            "module.eks.aws_security_group_rule.cluster_egress_internet",
            "module.eks.aws_security_group_rule.cluster_https_worker_ingress",
            "module.eks.aws_security_group_rule.cluster_private_access_cidrs_source",
            "module.eks.aws_security_group_rule.cluster_private_access_sg_source",
            "module.eks.data.aws_iam_policy_document.cluster_assume_role_policy",
            "module.eks.data.aws_iam_role.custom_cluster_iam_role",
            "module.eks.data.aws_partition.current",
            "module.eks.data.http.wait_for_cluster",
            "module.vpc.aws_subnet.public",
            "module.vpc.aws_vpc.this",
            "module.vpc.aws_vpc_ipv4_cidr_block_association.this"
          ]
        }
      ]
    },
    {
      "mode": "managed",
      "type": "kubernetes_namespace",
      "name": "sofin_dev",
      "provider": "provider[\"registry.terraform.io/hashicorp/kubernetes\"]",
      "instances": [
        {
          "schema_version": 0,
          "attributes": {
            "id": "development",
            "metadata": [
              {
                "annotations": {
                  "name": "This namespace is for development"
                },
                "generate_name": "",
                "generation": 0,
                "labels": {
                  "mylabel": "dev"
                },
                "name": "development",
                "resource_version": "659",
                "self_link": "",
                "uid": "e9dd7e59-b373-473e-8b3e-0463846b1e75"
              }
            ],
            "timeouts": null
          },
          "sensitive_attributes": [],
          "private": "eyJlMmJmYjczMC1lY2FhLTExZTYtOGY4OC0zNDM2M2JjN2M0YzAiOnsiZGVsZXRlIjozMDAwMDAwMDAwMDB9fQ==",
          "dependencies": [
            "data.aws_availability_zones.available",
            "data.aws_eks_cluster.cluster",
            "data.aws_eks_cluster_auth.cluster",
            "module.eks.aws_cloudwatch_log_group.this",
            "module.eks.aws_eks_cluster.this",
            "module.eks.aws_iam_role.cluster",
            "module.eks.aws_iam_role_policy_attachment.cluster_AmazonEKSClusterPolicy",
            "module.eks.aws_iam_role_policy_attachment.cluster_AmazonEKSServicePolicy",
            "module.eks.aws_iam_role_policy_attachment.cluster_AmazonEKSVPCResourceControllerPolicy",
            "module.eks.aws_security_group.cluster",
            "module.eks.aws_security_group.workers",
            "module.eks.aws_security_group_rule.cluster_egress_internet",
            "module.eks.aws_security_group_rule.cluster_https_worker_ingress",
            "module.eks.aws_security_group_rule.cluster_private_access_cidrs_source",
            "module.eks.aws_security_group_rule.cluster_private_access_sg_source",
            "module.eks.data.aws_iam_policy_document.cluster_assume_role_policy",
            "module.eks.data.aws_iam_role.custom_cluster_iam_role",
            "module.eks.data.aws_partition.current",
            "module.eks.data.http.wait_for_cluster",
            "module.vpc.aws_subnet.public",
            "module.vpc.aws_vpc.this",
            "module.vpc.aws_vpc_ipv4_cidr_block_association.this"
          ]
        }
      ]
    },
    {
      "mode": "managed",
      "type": "kubernetes_namespace",
      "name": "sofin_monitoring",
      "provider": "provider[\"registry.terraform.io/hashicorp/kubernetes\"]",
      "instances": [
        {
          "schema_version": 0,
          "attributes": {
            "id": "monitoring",
            "metadata": [
              {
                "annotations": {
                  "name": "This namespace is for monitoring"
                },
                "generate_name": "",
                "generation": 0,
                "labels": {
                  "mylabel": "monitoring"
                },
                "name": "monitoring",
                "resource_version": "658",
                "self_link": "",
                "uid": "f9d973b4-8fec-451c-ade1-fba74c2364d5"
              }
            ],
            "timeouts": null
          },
          "sensitive_attributes": [],
          "private": "eyJlMmJmYjczMC1lY2FhLTExZTYtOGY4OC0zNDM2M2JjN2M0YzAiOnsiZGVsZXRlIjozMDAwMDAwMDAwMDB9fQ==",
          "dependencies": [
            "data.aws_availability_zones.available",
            "data.aws_eks_cluster.cluster",
            "data.aws_eks_cluster_auth.cluster",
            "module.eks.aws_cloudwatch_log_group.this",
            "module.eks.aws_eks_cluster.this",
            "module.eks.aws_iam_role.cluster",
            "module.eks.aws_iam_role_policy_attachment.cluster_AmazonEKSClusterPolicy",
            "module.eks.aws_iam_role_policy_attachment.cluster_AmazonEKSServicePolicy",
            "module.eks.aws_iam_role_policy_attachment.cluster_AmazonEKSVPCResourceControllerPolicy",
            "module.eks.aws_security_group.cluster",
            "module.eks.aws_security_group.workers",
            "module.eks.aws_security_group_rule.cluster_egress_internet",
            "module.eks.aws_security_group_rule.cluster_https_worker_ingress",
            "module.eks.aws_security_group_rule.cluster_private_access_cidrs_source",
            "module.eks.aws_security_group_rule.cluster_private_access_sg_source",
            "module.eks.data.aws_iam_policy_document.cluster_assume_role_policy",
            "module.eks.data.aws_iam_role.custom_cluster_iam_role",
            "module.eks.data.aws_partition.current",
            "module.eks.data.http.wait_for_cluster",
            "module.vpc.aws_subnet.public",
            "module.vpc.aws_vpc.this",
            "module.vpc.aws_vpc_ipv4_cidr_block_association.this"
          ]
        }
      ]
    },
    {
      "mode": "managed",
      "type": "kubernetes_namespace",
      "name": "sofin_prod",
      "provider": "provider[\"registry.terraform.io/hashicorp/kubernetes\"]",
      "instances": [
        {
          "schema_version": 0,
          "attributes": {
            "id": "production",
            "metadata": [
              {
                "annotations": {
                  "name": "This namespace is for productive env"
                },
                "generate_name": "",
                "generation": 0,
                "labels": {
                  "mylabel": "prod"
                },
                "name": "production",
                "resource_version": "657",
                "self_link": "",
                "uid": "97f895fb-e663-46bb-8e0c-834be8123964"
              }
            ],
            "timeouts": null
          },
          "sensitive_attributes": [],
          "private": "eyJlMmJmYjczMC1lY2FhLTExZTYtOGY4OC0zNDM2M2JjN2M0YzAiOnsiZGVsZXRlIjozMDAwMDAwMDAwMDB9fQ==",
          "dependencies": [
            "data.aws_availability_zones.available",
            "data.aws_eks_cluster.cluster",
            "data.aws_eks_cluster_auth.cluster",
            "module.eks.aws_cloudwatch_log_group.this",
            "module.eks.aws_eks_cluster.this",
            "module.eks.aws_iam_role.cluster",
            "module.eks.aws_iam_role_policy_attachment.cluster_AmazonEKSClusterPolicy",
            "module.eks.aws_iam_role_policy_attachment.cluster_AmazonEKSServicePolicy",
            "module.eks.aws_iam_role_policy_attachment.cluster_AmazonEKSVPCResourceControllerPolicy",
            "module.eks.aws_security_group.cluster",
            "module.eks.aws_security_group.workers",
            "module.eks.aws_security_group_rule.cluster_egress_internet",
            "module.eks.aws_security_group_rule.cluster_https_worker_ingress",
            "module.eks.aws_security_group_rule.cluster_private_access_cidrs_source",
            "module.eks.aws_security_group_rule.cluster_private_access_sg_source",
            "module.eks.data.aws_iam_policy_document.cluster_assume_role_policy",
            "module.eks.data.aws_iam_role.custom_cluster_iam_role",
            "module.eks.data.aws_partition.current",
            "module.eks.data.http.wait_for_cluster",
            "module.vpc.aws_subnet.public",
            "module.vpc.aws_vpc.this",
            "module.vpc.aws_vpc_ipv4_cidr_block_association.this"
          ]
        }
      ]
    },
    {
      "module": "module.eks",
      "mode": "data",
      "type": "aws_ami",
      "name": "eks_worker",
      "provider": "provider[\"registry.terraform.io/hashicorp/aws\"]",
      "instances": [
        {
          "index_key": 0,
          "schema_version": 0,
          "attributes": {
            "architecture": "x86_64",
            "arn": "arn:aws:ec2:us-east-2::image/ami-0717749dd0428bc56",
            "block_device_mappings": [
              {
                "device_name": "/dev/xvda",
                "ebs": {
                  "delete_on_termination": "true",
                  "encrypted": "false",
                  "iops": "0",
                  "snapshot_id": "snap-080925d3463478d14",
                  "throughput": "0",
                  "volume_size": "20",
                  "volume_type": "gp2"
                },
                "no_device": "",
                "virtual_name": ""
              }
            ],
            "creation_date": "2021-05-26T22:53:13.000Z",
            "description": "EKS Kubernetes Worker AMI with AmazonLinux2 image, (k8s: 1.20.4, docker: 19.03.13ce-1.amzn2, containerd: 1.4.1-2.amzn2)",
            "ena_support": true,
            "executable_users": null,
            "filter": [
              {
                "name": "name",
                "values": [
                  "amazon-eks-node-1.20-v*"
                ]
              }
            ],
            "hypervisor": "xen",
            "id": "ami-0717749dd0428bc56",
            "image_id": "ami-0717749dd0428bc56",
            "image_location": "amazon/amazon-eks-node-1.20-v20210526",
            "image_owner_alias": "amazon",
            "image_type": "machine",
            "kernel_id": null,
            "most_recent": true,
            "name": "amazon-eks-node-1.20-v20210526",
            "name_regex": null,
            "owner_id": "602401143452",
            "owners": [
              "amazon"
            ],
            "platform": null,
            "platform_details": "Linux/UNIX",
            "product_codes": [],
            "public": true,
            "ramdisk_id": null,
            "root_device_name": "/dev/xvda",
            "root_device_type": "ebs",
            "root_snapshot_id": "snap-080925d3463478d14",
            "sriov_net_support": "simple",
            "state": "available",
            "state_reason": {
              "code": "UNSET",
              "message": "UNSET"
            },
            "tags": {},
            "usage_operation": "RunInstances",
            "virtualization_type": "hvm"
          },
          "sensitive_attributes": []
        }
      ]
    },
    {
      "module": "module.eks",
      "mode": "data",
      "type": "aws_caller_identity",
      "name": "current",
      "provider": "provider[\"registry.terraform.io/hashicorp/aws\"]",
      "instances": [
        {
          "schema_version": 0,
          "attributes": {
            "account_id": "603494993596",
            "arn": "arn:aws:iam::603494993596:user/epam_hw_user",
            "id": "603494993596",
            "user_id": "AIDAYZAY2Z26MVDPGPLB4"
          },
          "sensitive_attributes": []
        }
      ]
    },
    {
      "module": "module.eks",
      "mode": "data",
      "type": "aws_iam_policy_document",
      "name": "cluster_assume_role_policy",
      "provider": "provider[\"registry.terraform.io/hashicorp/aws\"]",
      "instances": [
        {
          "schema_version": 0,
          "attributes": {
            "id": "2764486067",
            "json": "{\n  \"Version\": \"2012-10-17\",\n  \"Statement\": [\n    {\n      \"Sid\": \"EKSClusterAssumeRole\",\n      \"Effect\": \"Allow\",\n      \"Action\": \"sts:AssumeRole\",\n      \"Principal\": {\n        \"Service\": \"eks.amazonaws.com\"\n      }\n    }\n  ]\n}",
            "override_json": null,
            "override_policy_documents": null,
            "policy_id": null,
            "source_json": null,
            "source_policy_documents": null,
            "statement": [
              {
                "actions": [
                  "sts:AssumeRole"
                ],
                "condition": [],
                "effect": "Allow",
                "not_actions": [],
                "not_principals": [],
                "not_resources": [],
                "principals": [
                  {
                    "identifiers": [
                      "eks.amazonaws.com"
                    ],
                    "type": "Service"
                  }
                ],
                "resources": [],
                "sid": "EKSClusterAssumeRole"
              }
            ],
            "version": "2012-10-17"
          },
          "sensitive_attributes": []
        }
      ]
    },
    {
      "module": "module.eks",
      "mode": "data",
      "type": "aws_iam_policy_document",
      "name": "cluster_elb_sl_role_creation",
      "provider": "provider[\"registry.terraform.io/hashicorp/aws\"]",
      "instances": [
        {
          "index_key": 0,
          "schema_version": 0,
          "attributes": {
            "id": "3709839417",
            "json": "{\n  \"Version\": \"2012-10-17\",\n  \"Statement\": [\n    {\n      \"Sid\": \"\",\n      \"Effect\": \"Allow\",\n      \"Action\": [\n        \"ec2:DescribeInternetGateways\",\n        \"ec2:DescribeAddresses\",\n        \"ec2:DescribeAccountAttributes\"\n      ],\n      \"Resource\": \"*\"\n    }\n  ]\n}",
            "override_json": null,
            "override_policy_documents": null,
            "policy_id": null,
            "source_json": null,
            "source_policy_documents": null,
            "statement": [
              {
                "actions": [
                  "ec2:DescribeAccountAttributes",
                  "ec2:DescribeAddresses",
                  "ec2:DescribeInternetGateways"
                ],
                "condition": [],
                "effect": "Allow",
                "not_actions": [],
                "not_principals": [],
                "not_resources": [],
                "principals": [],
                "resources": [
                  "*"
                ],
                "sid": ""
              }
            ],
            "version": "2012-10-17"
          },
          "sensitive_attributes": []
        }
      ]
    },
    {
      "module": "module.eks",
      "mode": "data",
      "type": "aws_iam_policy_document",
      "name": "workers_assume_role_policy",
      "provider": "provider[\"registry.terraform.io/hashicorp/aws\"]",
      "instances": [
        {
          "schema_version": 0,
          "attributes": {
            "id": "3778018924",
            "json": "{\n  \"Version\": \"2012-10-17\",\n  \"Statement\": [\n    {\n      \"Sid\": \"EKSWorkerAssumeRole\",\n      \"Effect\": \"Allow\",\n      \"Action\": \"sts:AssumeRole\",\n      \"Principal\": {\n        \"Service\": \"ec2.amazonaws.com\"\n      }\n    }\n  ]\n}",
            "override_json": null,
            "override_policy_documents": null,
            "policy_id": null,
            "source_json": null,
            "source_policy_documents": null,
            "statement": [
              {
                "actions": [
                  "sts:AssumeRole"
                ],
                "condition": [],
                "effect": "Allow",
                "not_actions": [],
                "not_principals": [],
                "not_resources": [],
                "principals": [
                  {
                    "identifiers": [
                      "ec2.amazonaws.com"
                    ],
                    "type": "Service"
                  }
                ],
                "resources": [],
                "sid": "EKSWorkerAssumeRole"
              }
            ],
            "version": "2012-10-17"
          },
          "sensitive_attributes": []
        }
      ]
    },
    {
      "module": "module.eks",
      "mode": "data",
      "type": "aws_partition",
      "name": "current",
      "provider": "provider[\"registry.terraform.io/hashicorp/aws\"]",
      "instances": [
        {
          "schema_version": 0,
          "attributes": {
            "dns_suffix": "amazonaws.com",
            "id": "aws",
            "partition": "aws",
            "reverse_dns_prefix": "com.amazonaws"
          },
          "sensitive_attributes": []
        }
      ]
    },
    {
      "module": "module.eks",
      "mode": "data",
      "type": "http",
      "name": "wait_for_cluster",
      "provider": "provider[\"registry.terraform.io/terraform-aws-modules/http\"]",
      "instances": [
        {
          "index_key": 0,
          "schema_version": 0,
          "attributes": {
            "body": "ok",
            "ca_certificate": "-----BEGIN CERTIFICATE-----\nMIIC5zCCAc+gAwIBAgIBADANBgkqhkiG9w0BAQsFADAVMRMwEQYDVQQDEwprdWJl\ncm5ldGVzMB4XDTIxMDYxMDEyMTczMFoXDTMxMDYwODEyMTczMFowFTETMBEGA1UE\nAxMKa3ViZXJuZXRlczCCASIwDQYJKoZIhvcNAQEBBQADggEPADCCAQoCggEBAMDl\nsyCEVwoQEOHNeCrK91W3Al6GSJtYm5DfL4gQqFkTqEmZpfjZRgG9XGgWmyr/Zx65\nlPrhVJAVCgkBIcHkhYE8gydVGbDDxQke/ecrlI812hhccMbXe1S+OkLJbo1t5HVg\nNbz4HAGA8uM7+omxKHghr2sZLgcfxgk6iOMKaihKb4mc4kIcZGStqVl/iQ/KVWAs\ndP4Uk24G2lOqQ7Pn1tv4dvvr1CMTsPbGo/7y7Ka8K27y+zP5bt4BEqgUk4+Jh7RG\nTaZrPPaYZVo+Jo9HY3AAU/N1PJ7KqBoaXCOej44rqDBu7reQcSGo+WtZw0rVUj/h\nmnJn5Y+Cs0rJCD7L6bUCAwEAAaNCMEAwDgYDVR0PAQH/BAQDAgKkMA8GA1UdEwEB\n/wQFMAMBAf8wHQYDVR0OBBYEFFao+blmVjX+C0dnSYD6N2Iq1nI/MA0GCSqGSIb3\nDQEBCwUAA4IBAQANrqLrJPdJrNRzfAmc1ufKj1ceUzyO6SxyPuEHk2aOt66IrEiZ\nYCjvdigCju24ySins97/mz4k2mTnVBObnWNJDhmldNzD421ciKyAKi3xZes9yvuH\nmJTJG6e67h26u30amU+fbEkWul/6XCsrVRYnRhC4HeBZBfLfsbIrg0FvfxzgEK9i\niuDM9GXueyy2CFeKaYEbJjD6pNc+lFmOLM3a1hWFt/mGUsMWm8RP/TwdQx0q1uZS\nQ9cQVtqymWClmC0T0xkeLACfKhqjR8Nodf/ZYqlf6AmxFxs0Kgdh4y8uBxiMiiFB\nIA0JAqRUIe4NqmG2B8nhfE+HZ3nGFdfq5dY2\n-----END CERTIFICATE-----\n",
            "id": "https://784591AB7CEB25749752B7FA9E03A389.gr7.us-east-2.eks.amazonaws.com/healthz",
            "insecure": false,
            "request_headers": null,
            "response_headers": {
              "Cache-Control": "no-cache, private",
              "Content-Length": "2",
              "Content-Type": "text/plain; charset=utf-8",
              "Date": "Thu, 10 Jun 2021 12:21:24 GMT",
              "X-Content-Type-Options": "nosniff",
              "X-Kubernetes-Pf-Flowschema-Uid": "8475bb64-29f0-4885-befe-9bc79bba8688",
              "X-Kubernetes-Pf-Prioritylevel-Uid": "022b8a42-ab15-45cd-b49f-a17b4f8e9d6a"
            },
            "timeout": 300,
            "url": "https://784591AB7CEB25749752B7FA9E03A389.gr7.us-east-2.eks.amazonaws.com/healthz"
          },
          "sensitive_attributes": []
        }
      ]
    },
    {
      "module": "module.eks",
      "mode": "managed",
      "type": "aws_autoscaling_group",
      "name": "workers",
      "provider": "provider[\"registry.terraform.io/hashicorp/aws\"]",
      "instances": [
        {
          "index_key": 0,
          "schema_version": 0,
          "attributes": {
            "arn": "arn:aws:autoscaling:us-east-2:603494993596:autoScalingGroup:84f47e43-d1b5-42ae-8786-5cf85d60e7ab:autoScalingGroupName/sofin-eks-020210610122140775900000011",
            "availability_zones": [
              "us-east-2a",
              "us-east-2b",
              "us-east-2c"
            ],
            "capacity_rebalance": false,
            "default_cooldown": 300,
            "desired_capacity": 3,
            "enabled_metrics": null,
            "force_delete": false,
            "force_delete_warm_pool": false,
            "health_check_grace_period": 300,
            "health_check_type": "EC2",
            "id": "sofin-eks-020210610122140775900000011",
            "initial_lifecycle_hook": [],
            "instance_refresh": [],
            "launch_configuration": "sofin-eks-020210610122128759300000010",
            "launch_template": [],
            "load_balancers": null,
            "max_instance_lifetime": 0,
            "max_size": 3,
            "metrics_granularity": "1Minute",
            "min_elb_capacity": null,
            "min_size": 1,
            "mixed_instances_policy": [],
            "name": "sofin-eks-020210610122140775900000011",
            "name_prefix": "sofin-eks-0",
            "placement_group": "",
            "protect_from_scale_in": false,
            "service_linked_role_arn": "arn:aws:iam::603494993596:role/aws-service-role/autoscaling.amazonaws.com/AWSServiceRoleForAutoScaling",
            "suspended_processes": [
              "AZRebalance"
            ],
            "tag": [
              {
                "key": "Name",
                "propagate_at_launch": true,
                "value": "sofin-eks-0-eks_asg"
              },
              {
                "key": "k8s.io/cluster/sofin-eks",
                "propagate_at_launch": true,
                "value": "owned"
              },
              {
                "key": "kubernetes.io/cluster/sofin-eks",
                "propagate_at_launch": true,
                "value": "owned"
              }
            ],
            "tags": null,
            "target_group_arns": null,
            "termination_policies": [],
            "timeouts": null,
            "vpc_zone_identifier": [
              "subnet-0040cc8635665cc37",
              "subnet-04b7c9d4369951d63",
              "subnet-08b22012ce3381199"
            ],
            "wait_for_capacity_timeout": "10m",
            "wait_for_elb_capacity": null,
            "warm_pool": []
          },
          "sensitive_attributes": [],
          "private": "eyJlMmJmYjczMC1lY2FhLTExZTYtOGY4OC0zNDM2M2JjN2M0YzAiOnsiZGVsZXRlIjo2MDAwMDAwMDAwMDB9fQ==",
          "dependencies": [
            "aws_security_group.worker_group",
            "data.aws_availability_zones.available",
            "module.eks.aws_cloudwatch_log_group.this",
            "module.eks.aws_eks_cluster.this",
            "module.eks.aws_iam_instance_profile.workers",
            "module.eks.aws_iam_role.cluster",
            "module.eks.aws_iam_role.workers",
            "module.eks.aws_iam_role_policy_attachment.cluster_AmazonEKSClusterPolicy",
            "module.eks.aws_iam_role_policy_attachment.cluster_AmazonEKSServicePolicy",
            "module.eks.aws_iam_role_policy_attachment.cluster_AmazonEKSVPCResourceControllerPolicy",
            "module.eks.aws_iam_role_policy_attachment.workers_AmazonEC2ContainerRegistryReadOnly",
            "module.eks.aws_iam_role_policy_attachment.workers_AmazonEKSWorkerNodePolicy",
            "module.eks.aws_iam_role_policy_attachment.workers_AmazonEKS_CNI_Policy",
            "module.eks.aws_iam_role_policy_attachment.workers_additional_policies",
            "module.eks.aws_launch_configuration.workers",
            "module.eks.aws_security_group.cluster",
            "module.eks.aws_security_group.workers",
            "module.eks.aws_security_group_rule.cluster_egress_internet",
            "module.eks.aws_security_group_rule.cluster_https_worker_ingress",
            "module.eks.aws_security_group_rule.cluster_primary_ingress_workers",
            "module.eks.aws_security_group_rule.workers_egress_internet",
            "module.eks.aws_security_group_rule.workers_ingress_cluster",
            "module.eks.aws_security_group_rule.workers_ingress_cluster_https",
            "module.eks.aws_security_group_rule.workers_ingress_cluster_kubelet",
            "module.eks.aws_security_group_rule.workers_ingress_cluster_primary",
            "module.eks.aws_security_group_rule.workers_ingress_self",
            "module.eks.data.aws_ami.eks_worker",
            "module.eks.data.aws_ami.eks_worker_windows",
            "module.eks.data.aws_iam_instance_profile.custom_worker_group_iam_instance_profile",
            "module.eks.data.aws_iam_policy_document.cluster_assume_role_policy",
            "module.eks.data.aws_iam_policy_document.workers_assume_role_policy",
            "module.eks.data.aws_iam_role.custom_cluster_iam_role",
            "module.eks.data.aws_partition.current",
            "module.vpc.aws_subnet.public",
            "module.vpc.aws_vpc.this",
            "module.vpc.aws_vpc_ipv4_cidr_block_association.this"
          ],
          "create_before_destroy": true
        }
      ]
    },
    {
      "module": "module.eks",
      "mode": "managed",
      "type": "aws_eks_cluster",
      "name": "this",
      "provider": "provider[\"registry.terraform.io/hashicorp/aws\"]",
      "instances": [
        {
          "index_key": 0,
          "schema_version": 0,
          "attributes": {
            "arn": "arn:aws:eks:us-east-2:603494993596:cluster/sofin-eks",
            "certificate_authority": [
              {
                "data": "LS0tLS1CRUdJTiBDRVJUSUZJQ0FURS0tLS0tCk1JSUM1ekNDQWMrZ0F3SUJBZ0lCQURBTkJna3Foa2lHOXcwQkFRc0ZBREFWTVJNd0VRWURWUVFERXdwcmRXSmwKY201bGRHVnpNQjRYRFRJeE1EWXhNREV5TVRjek1Gb1hEVE14TURZd09ERXlNVGN6TUZvd0ZURVRNQkVHQTFVRQpBeE1LYTNWaVpYSnVaWFJsY3pDQ0FTSXdEUVlKS29aSWh2Y05BUUVCQlFBRGdnRVBBRENDQVFvQ2dnRUJBTURsCnN5Q0VWd29RRU9ITmVDcks5MVczQWw2R1NKdFltNURmTDRnUXFGa1RxRW1acGZqWlJnRzlYR2dXbXlyL1p4NjUKbFByaFZKQVZDZ2tCSWNIa2hZRThneWRWR2JERHhRa2UvZWNybEk4MTJoaGNjTWJYZTFTK09rTEpibzF0NUhWZwpOYno0SEFHQTh1TTcrb214S0hnaHIyc1pMZ2NmeGdrNmlPTUthaWhLYjRtYzRrSWNaR1N0cVZsL2lRL0tWV0FzCmRQNFVrMjRHMmxPcVE3UG4xdHY0ZHZ2cjFDTVRzUGJHby83eTdLYThLMjd5K3pQNWJ0NEJFcWdVazQrSmg3UkcKVGFaclBQYVlaVm8rSm85SFkzQUFVL04xUEo3S3FCb2FYQ09lajQ0cnFEQnU3cmVRY1NHbytXdFp3MHJWVWovaAptbkpuNVkrQ3MwckpDRDdMNmJVQ0F3RUFBYU5DTUVBd0RnWURWUjBQQVFIL0JBUURBZ0trTUE4R0ExVWRFd0VCCi93UUZNQU1CQWY4d0hRWURWUjBPQkJZRUZGYW8rYmxtVmpYK0MwZG5TWUQ2TjJJcTFuSS9NQTBHQ1NxR1NJYjMKRFFFQkN3VUFBNElCQVFBTnJxTHJKUGRKck5SemZBbWMxdWZLajFjZVV6eU82U3h5UHVFSGsyYU90NjZJckVpWgpZQ2p2ZGlnQ2p1MjR5U2luczk3L216NGsybVRuVkJPYm5XTkpEaG1sZE56RDQyMWNpS3lBS2kzeFplczl5dnVICm1KVEpHNmU2N2gyNnUzMGFtVStmYkVrV3VsLzZYQ3NyVlJZblJoQzRIZUJaQmZMZnNiSXJnMEZ2Znh6Z0VLOWkKaXVETTlHWHVleXkyQ0ZlS2FZRWJKakQ2cE5jK2xGbU9MTTNhMWhXRnQvbUdVc01XbThSUC9Ud2RReDBxMXVaUwpROWNRVnRxeW1XQ2xtQzBUMHhrZUxBQ2ZLaHFqUjhOb2RmL1pZcWxmNkFteEZ4czBLZ2RoNHk4dUJ4aU1paUZCCklBMEpBcVJVSWU0TnFtRzJCOG5oZkUrSFozbkdGZGZxNWRZMgotLS0tLUVORCBDRVJUSUZJQ0FURS0tLS0tCg=="
              }
            ],
            "created_at": "2021-06-10 12:12:23.66 +0000 UTC",
            "enabled_cluster_log_types": null,
            "encryption_config": [],
            "endpoint": "https://784591AB7CEB25749752B7FA9E03A389.gr7.us-east-2.eks.amazonaws.com",
            "id": "sofin-eks",
            "identity": [
              {
                "oidc": [
                  {
                    "issuer": "https://oidc.eks.us-east-2.amazonaws.com/id/784591AB7CEB25749752B7FA9E03A389"
                  }
                ]
              }
            ],
            "kubernetes_network_config": [
              {
                "service_ipv4_cidr": "172.20.0.0/16"
              }
            ],
            "name": "sofin-eks",
            "platform_version": "eks.1",
            "role_arn": "arn:aws:iam::603494993596:role/sofin-eks20210610121151173300000003",
            "status": "ACTIVE",
            "tags": null,
            "tags_all": {},
            "timeouts": {
              "create": "30m",
              "delete": "15m",
              "update": null
            },
            "version": "1.20",
            "vpc_config": [
              {
                "cluster_security_group_id": "sg-0284ad8bf99015ce4",
                "endpoint_private_access": false,
                "endpoint_public_access": true,
                "public_access_cidrs": [
                  "0.0.0.0/0"
                ],
                "security_group_ids": [
                  "sg-0d87e31940a62181b"
                ],
                "subnet_ids": [
                  "subnet-0040cc8635665cc37",
                  "subnet-04b7c9d4369951d63",
                  "subnet-08b22012ce3381199"
                ],
                "vpc_id": "vpc-064978e6052419fcc"
              }
            ]
          },
          "sensitive_attributes": [],
          "private": "eyJlMmJmYjczMC1lY2FhLTExZTYtOGY4OC0zNDM2M2JjN2M0YzAiOnsiY3JlYXRlIjoxODAwMDAwMDAwMDAwLCJkZWxldGUiOjkwMDAwMDAwMDAwMCwidXBkYXRlIjozNjAwMDAwMDAwMDAwfX0=",
          "dependencies": [
            "data.aws_availability_zones.available",
            "module.eks.aws_cloudwatch_log_group.this",
            "module.eks.aws_iam_role.cluster",
            "module.eks.aws_iam_role_policy_attachment.cluster_AmazonEKSClusterPolicy",
            "module.eks.aws_iam_role_policy_attachment.cluster_AmazonEKSServicePolicy",
            "module.eks.aws_iam_role_policy_attachment.cluster_AmazonEKSVPCResourceControllerPolicy",
            "module.eks.aws_security_group.cluster",
            "module.eks.aws_security_group.workers",
            "module.eks.aws_security_group_rule.cluster_egress_internet",
            "module.eks.aws_security_group_rule.cluster_https_worker_ingress",
            "module.eks.data.aws_iam_policy_document.cluster_assume_role_policy",
            "module.eks.data.aws_iam_role.custom_cluster_iam_role",
            "module.eks.data.aws_partition.current",
            "module.vpc.aws_subnet.public",
            "module.vpc.aws_vpc.this",
            "module.vpc.aws_vpc_ipv4_cidr_block_association.this"
          ],
          "create_before_destroy": true
        }
      ]
    },
    {
      "module": "module.eks",
      "mode": "managed",
      "type": "aws_iam_instance_profile",
      "name": "workers",
      "provider": "provider[\"registry.terraform.io/hashicorp/aws\"]",
      "instances": [
        {
          "index_key": 0,
          "schema_version": 0,
          "attributes": {
            "arn": "arn:aws:iam::603494993596:instance-profile/sofin-eks2021061012212586380000000c",
            "create_date": "2021-06-10T12:21:26Z",
            "id": "sofin-eks2021061012212586380000000c",
            "name": "sofin-eks2021061012212586380000000c",
            "name_prefix": "sofin-eks",
            "path": "/",
            "role": "sofin-eks2021061012212373450000000b",
            "tags": null,
            "tags_all": {},
            "unique_id": "AIPAYZAY2Z26L4CC6MBCL"
          },
          "sensitive_attributes": [],
          "private": "bnVsbA==",
          "dependencies": [
            "aws_security_group.worker_group",
            "data.aws_availability_zones.available",
            "module.eks.aws_cloudwatch_log_group.this",
            "module.eks.aws_eks_cluster.this",
            "module.eks.aws_iam_role.cluster",
            "module.eks.aws_iam_role.workers",
            "module.eks.aws_iam_role_policy_attachment.cluster_AmazonEKSClusterPolicy",
            "module.eks.aws_iam_role_policy_attachment.cluster_AmazonEKSServicePolicy",
            "module.eks.aws_iam_role_policy_attachment.cluster_AmazonEKSVPCResourceControllerPolicy",
            "module.eks.aws_security_group.cluster",
            "module.eks.aws_security_group.workers",
            "module.eks.aws_security_group_rule.cluster_egress_internet",
            "module.eks.aws_security_group_rule.cluster_https_worker_ingress",
            "module.eks.data.aws_iam_policy_document.cluster_assume_role_policy",
            "module.eks.data.aws_iam_policy_document.workers_assume_role_policy",
            "module.eks.data.aws_iam_role.custom_cluster_iam_role",
            "module.eks.data.aws_partition.current",
            "module.vpc.aws_subnet.public",
            "module.vpc.aws_vpc.this",
            "module.vpc.aws_vpc_ipv4_cidr_block_association.this"
          ],
          "create_before_destroy": true
        }
      ]
    },
    {
      "module": "module.eks",
      "mode": "managed",
      "type": "aws_iam_policy",
      "name": "cluster_elb_sl_role_creation",
      "provider": "provider[\"registry.terraform.io/hashicorp/aws\"]",
      "instances": [
        {
          "index_key": 0,
          "schema_version": 0,
          "attributes": {
            "arn": "arn:aws:iam::603494993596:policy/sofin-eks-elb-sl-role-creation20210610121151042500000001",
            "description": "Permissions for EKS to create AWSServiceRoleForElasticLoadBalancing service-linked role",
            "id": "arn:aws:iam::603494993596:policy/sofin-eks-elb-sl-role-creation20210610121151042500000001",
            "name": "sofin-eks-elb-sl-role-creation20210610121151042500000001",
            "name_prefix": "sofin-eks-elb-sl-role-creation",
            "path": "/",
            "policy": "{\n  \"Version\": \"2012-10-17\",\n  \"Statement\": [\n    {\n      \"Sid\": \"\",\n      \"Effect\": \"Allow\",\n      \"Action\": [\n        \"ec2:DescribeInternetGateways\",\n        \"ec2:DescribeAddresses\",\n        \"ec2:DescribeAccountAttributes\"\n      ],\n      \"Resource\": \"*\"\n    }\n  ]\n}",
            "policy_id": "ANPAYZAY2Z26KFTHZQ336",
            "tags": null,
            "tags_all": {}
          },
          "sensitive_attributes": [],
          "private": "bnVsbA==",
          "dependencies": [
            "module.eks.data.aws_iam_policy_document.cluster_elb_sl_role_creation"
          ]
        }
      ]
    },
    {
      "module": "module.eks",
      "mode": "managed",
      "type": "aws_iam_role",
      "name": "cluster",
      "provider": "provider[\"registry.terraform.io/hashicorp/aws\"]",
      "instances": [
        {
          "index_key": 0,
          "schema_version": 0,
          "attributes": {
            "arn": "arn:aws:iam::603494993596:role/sofin-eks20210610121151173300000003",
            "assume_role_policy": "{\"Version\":\"2012-10-17\",\"Statement\":[{\"Sid\":\"EKSClusterAssumeRole\",\"Effect\":\"Allow\",\"Principal\":{\"Service\":\"eks.amazonaws.com\"},\"Action\":\"sts:AssumeRole\"}]}",
            "create_date": "2021-06-10T12:11:51Z",
            "description": "",
            "force_detach_policies": true,
            "id": "sofin-eks20210610121151173300000003",
            "inline_policy": [
              {
                "name": "",
                "policy": ""
              }
            ],
            "managed_policy_arns": [],
            "max_session_duration": 3600,
            "name": "sofin-eks20210610121151173300000003",
            "name_prefix": "sofin-eks",
            "path": "/",
            "permissions_boundary": null,
            "tags": null,
            "tags_all": {},
            "unique_id": "AROAYZAY2Z26KN6XZR3VO"
          },
          "sensitive_attributes": [],
          "private": "bnVsbA==",
          "dependencies": [
            "module.eks.data.aws_iam_policy_document.cluster_assume_role_policy"
          ],
          "create_before_destroy": true
        }
      ]
    },
    {
      "module": "module.eks",
      "mode": "managed",
      "type": "aws_iam_role",
      "name": "workers",
      "provider": "provider[\"registry.terraform.io/hashicorp/aws\"]",
      "instances": [
        {
          "index_key": 0,
          "schema_version": 0,
          "attributes": {
            "arn": "arn:aws:iam::603494993596:role/sofin-eks2021061012212373450000000b",
            "assume_role_policy": "{\"Version\":\"2012-10-17\",\"Statement\":[{\"Sid\":\"EKSWorkerAssumeRole\",\"Effect\":\"Allow\",\"Principal\":{\"Service\":\"ec2.amazonaws.com\"},\"Action\":\"sts:AssumeRole\"}]}",
            "create_date": "2021-06-10T12:21:24Z",
            "description": "",
            "force_detach_policies": true,
            "id": "sofin-eks2021061012212373450000000b",
            "inline_policy": [
              {
                "name": "",
                "policy": ""
              }
            ],
            "managed_policy_arns": [],
            "max_session_duration": 3600,
            "name": "sofin-eks2021061012212373450000000b",
            "name_prefix": "sofin-eks",
            "path": "/",
            "permissions_boundary": null,
            "tags": null,
            "tags_all": {},
            "unique_id": "AROAYZAY2Z26OGGZ6GCS7"
          },
          "sensitive_attributes": [],
          "private": "bnVsbA==",
          "dependencies": [
            "data.aws_availability_zones.available",
            "module.eks.aws_cloudwatch_log_group.this",
            "module.eks.aws_eks_cluster.this",
            "module.eks.aws_iam_role.cluster",
            "module.eks.aws_iam_role_policy_attachment.cluster_AmazonEKSClusterPolicy",
            "module.eks.aws_iam_role_policy_attachment.cluster_AmazonEKSServicePolicy",
            "module.eks.aws_iam_role_policy_attachment.cluster_AmazonEKSVPCResourceControllerPolicy",
            "module.eks.aws_security_group.cluster",
            "module.eks.aws_security_group.workers",
            "module.eks.aws_security_group_rule.cluster_egress_internet",
            "module.eks.aws_security_group_rule.cluster_https_worker_ingress",
            "module.eks.data.aws_iam_policy_document.cluster_assume_role_policy",
            "module.eks.data.aws_iam_policy_document.workers_assume_role_policy",
            "module.eks.data.aws_iam_role.custom_cluster_iam_role",
            "module.eks.data.aws_partition.current",
            "module.vpc.aws_subnet.public",
            "module.vpc.aws_vpc.this",
            "module.vpc.aws_vpc_ipv4_cidr_block_association.this"
          ],
          "create_before_destroy": true
        }
      ]
    },
    {
      "module": "module.eks",
      "mode": "managed",
      "type": "aws_iam_role_policy_attachment",
      "name": "cluster_AmazonEKSClusterPolicy",
      "provider": "provider[\"registry.terraform.io/hashicorp/aws\"]",
      "instances": [
        {
          "index_key": 0,
          "schema_version": 0,
          "attributes": {
            "id": "sofin-eks20210610121151173300000003-20210610121154129200000004",
            "policy_arn": "arn:aws:iam::aws:policy/AmazonEKSClusterPolicy",
            "role": "sofin-eks20210610121151173300000003"
          },
          "sensitive_attributes": [],
          "private": "bnVsbA==",
          "dependencies": [
            "module.eks.aws_iam_role.cluster",
            "module.eks.data.aws_iam_policy_document.cluster_assume_role_policy",
            "module.eks.data.aws_partition.current"
          ],
          "create_before_destroy": true
        }
      ]
    },
    {
      "module": "module.eks",
      "mode": "managed",
      "type": "aws_iam_role_policy_attachment",
      "name": "cluster_AmazonEKSServicePolicy",
      "provider": "provider[\"registry.terraform.io/hashicorp/aws\"]",
      "instances": [
        {
          "index_key": 0,
          "schema_version": 0,
          "attributes": {
            "id": "sofin-eks20210610121151173300000003-20210610121154180900000007",
            "policy_arn": "arn:aws:iam::aws:policy/AmazonEKSServicePolicy",
            "role": "sofin-eks20210610121151173300000003"
          },
          "sensitive_attributes": [],
          "private": "bnVsbA==",
          "dependencies": [
            "module.eks.aws_iam_role.cluster",
            "module.eks.data.aws_iam_policy_document.cluster_assume_role_policy",
            "module.eks.data.aws_partition.current"
          ],
          "create_before_destroy": true
        }
      ]
    },
    {
      "module": "module.eks",
      "mode": "managed",
      "type": "aws_iam_role_policy_attachment",
      "name": "cluster_AmazonEKSVPCResourceControllerPolicy",
      "provider": "provider[\"registry.terraform.io/hashicorp/aws\"]",
      "instances": [
        {
          "index_key": 0,
          "schema_version": 0,
          "attributes": {
            "id": "sofin-eks20210610121151173300000003-20210610121154157000000005",
            "policy_arn": "arn:aws:iam::aws:policy/AmazonEKSVPCResourceController",
            "role": "sofin-eks20210610121151173300000003"
          },
          "sensitive_attributes": [],
          "private": "bnVsbA==",
          "dependencies": [
            "module.eks.aws_iam_role.cluster",
            "module.eks.data.aws_iam_policy_document.cluster_assume_role_policy",
            "module.eks.data.aws_partition.current"
          ],
          "create_before_destroy": true
        }
      ]
    },
    {
      "module": "module.eks",
      "mode": "managed",
      "type": "aws_iam_role_policy_attachment",
      "name": "cluster_elb_sl_role_creation",
      "provider": "provider[\"registry.terraform.io/hashicorp/aws\"]",
      "instances": [
        {
          "index_key": 0,
          "schema_version": 0,
          "attributes": {
            "id": "sofin-eks20210610121151173300000003-20210610121154159800000006",
            "policy_arn": "arn:aws:iam::603494993596:policy/sofin-eks-elb-sl-role-creation20210610121151042500000001",
            "role": "sofin-eks20210610121151173300000003"
          },
          "sensitive_attributes": [],
          "private": "bnVsbA==",
          "dependencies": [
            "module.eks.aws_iam_policy.cluster_elb_sl_role_creation",
            "module.eks.aws_iam_role.cluster",
            "module.eks.data.aws_iam_policy_document.cluster_assume_role_policy",
            "module.eks.data.aws_iam_policy_document.cluster_elb_sl_role_creation"
          ]
        }
      ]
    },
    {
      "module": "module.eks",
      "mode": "managed",
      "type": "aws_iam_role_policy_attachment",
      "name": "workers_AmazonEC2ContainerRegistryReadOnly",
      "provider": "provider[\"registry.terraform.io/hashicorp/aws\"]",
      "instances": [
        {
          "index_key": 0,
          "schema_version": 0,
          "attributes": {
            "id": "sofin-eks2021061012212373450000000b-2021061012212639110000000d",
            "policy_arn": "arn:aws:iam::aws:policy/AmazonEC2ContainerRegistryReadOnly",
            "role": "sofin-eks2021061012212373450000000b"
          },
          "sensitive_attributes": [],
          "private": "bnVsbA==",
          "dependencies": [
            "data.aws_availability_zones.available",
            "module.eks.aws_cloudwatch_log_group.this",
            "module.eks.aws_eks_cluster.this",
            "module.eks.aws_iam_role.cluster",
            "module.eks.aws_iam_role.workers",
            "module.eks.aws_iam_role_policy_attachment.cluster_AmazonEKSClusterPolicy",
            "module.eks.aws_iam_role_policy_attachment.cluster_AmazonEKSServicePolicy",
            "module.eks.aws_iam_role_policy_attachment.cluster_AmazonEKSVPCResourceControllerPolicy",
            "module.eks.aws_security_group.cluster",
            "module.eks.aws_security_group.workers",
            "module.eks.aws_security_group_rule.cluster_egress_internet",
            "module.eks.aws_security_group_rule.cluster_https_worker_ingress",
            "module.eks.data.aws_iam_policy_document.cluster_assume_role_policy",
            "module.eks.data.aws_iam_policy_document.workers_assume_role_policy",
            "module.eks.data.aws_iam_role.custom_cluster_iam_role",
            "module.eks.data.aws_partition.current",
            "module.vpc.aws_subnet.public",
            "module.vpc.aws_vpc.this",
            "module.vpc.aws_vpc_ipv4_cidr_block_association.this"
          ],
          "create_before_destroy": true
        }
      ]
    },
    {
      "module": "module.eks",
      "mode": "managed",
      "type": "aws_iam_role_policy_attachment",
      "name": "workers_AmazonEKSWorkerNodePolicy",
      "provider": "provider[\"registry.terraform.io/hashicorp/aws\"]",
      "instances": [
        {
          "index_key": 0,
          "schema_version": 0,
          "attributes": {
            "id": "sofin-eks2021061012212373450000000b-2021061012212640290000000e",
            "policy_arn": "arn:aws:iam::aws:policy/AmazonEKSWorkerNodePolicy",
            "role": "sofin-eks2021061012212373450000000b"
          },
          "sensitive_attributes": [],
          "private": "bnVsbA==",
          "dependencies": [
            "data.aws_availability_zones.available",
            "module.eks.aws_cloudwatch_log_group.this",
            "module.eks.aws_eks_cluster.this",
            "module.eks.aws_iam_role.cluster",
            "module.eks.aws_iam_role.workers",
            "module.eks.aws_iam_role_policy_attachment.cluster_AmazonEKSClusterPolicy",
            "module.eks.aws_iam_role_policy_attachment.cluster_AmazonEKSServicePolicy",
            "module.eks.aws_iam_role_policy_attachment.cluster_AmazonEKSVPCResourceControllerPolicy",
            "module.eks.aws_security_group.cluster",
            "module.eks.aws_security_group.workers",
            "module.eks.aws_security_group_rule.cluster_egress_internet",
            "module.eks.aws_security_group_rule.cluster_https_worker_ingress",
            "module.eks.data.aws_iam_policy_document.cluster_assume_role_policy",
            "module.eks.data.aws_iam_policy_document.workers_assume_role_policy",
            "module.eks.data.aws_iam_role.custom_cluster_iam_role",
            "module.eks.data.aws_partition.current",
            "module.vpc.aws_subnet.public",
            "module.vpc.aws_vpc.this",
            "module.vpc.aws_vpc_ipv4_cidr_block_association.this"
          ],
          "create_before_destroy": true
        }
      ]
    },
    {
      "module": "module.eks",
      "mode": "managed",
      "type": "aws_iam_role_policy_attachment",
      "name": "workers_AmazonEKS_CNI_Policy",
      "provider": "provider[\"registry.terraform.io/hashicorp/aws\"]",
      "instances": [
        {
          "index_key": 0,
          "schema_version": 0,
          "attributes": {
            "id": "sofin-eks2021061012212373450000000b-2021061012212641600000000f",
            "policy_arn": "arn:aws:iam::aws:policy/AmazonEKS_CNI_Policy",
            "role": "sofin-eks2021061012212373450000000b"
          },
          "sensitive_attributes": [],
          "private": "bnVsbA==",
          "dependencies": [
            "data.aws_availability_zones.available",
            "module.eks.aws_cloudwatch_log_group.this",
            "module.eks.aws_eks_cluster.this",
            "module.eks.aws_iam_role.cluster",
            "module.eks.aws_iam_role.workers",
            "module.eks.aws_iam_role_policy_attachment.cluster_AmazonEKSClusterPolicy",
            "module.eks.aws_iam_role_policy_attachment.cluster_AmazonEKSServicePolicy",
            "module.eks.aws_iam_role_policy_attachment.cluster_AmazonEKSVPCResourceControllerPolicy",
            "module.eks.aws_security_group.cluster",
            "module.eks.aws_security_group.workers",
            "module.eks.aws_security_group_rule.cluster_egress_internet",
            "module.eks.aws_security_group_rule.cluster_https_worker_ingress",
            "module.eks.data.aws_iam_policy_document.cluster_assume_role_policy",
            "module.eks.data.aws_iam_policy_document.workers_assume_role_policy",
            "module.eks.data.aws_iam_role.custom_cluster_iam_role",
            "module.eks.data.aws_partition.current",
            "module.vpc.aws_subnet.public",
            "module.vpc.aws_vpc.this",
            "module.vpc.aws_vpc_ipv4_cidr_block_association.this"
          ],
          "create_before_destroy": true
        }
      ]
    },
    {
      "module": "module.eks",
      "mode": "managed",
      "type": "aws_launch_configuration",
      "name": "workers",
      "provider": "provider[\"registry.terraform.io/hashicorp/aws\"]",
      "instances": [
        {
          "index_key": 0,
          "schema_version": 0,
          "attributes": {
            "arn": "arn:aws:autoscaling:us-east-2:603494993596:launchConfiguration:d477176f-b2d8-4a05-b0f9-ff6f41a70a39:launchConfigurationName/sofin-eks-020210610122128759300000010",
            "associate_public_ip_address": false,
            "ebs_block_device": [],
            "ebs_optimized": false,
            "enable_monitoring": true,
            "ephemeral_block_device": [],
            "iam_instance_profile": "sofin-eks2021061012212586380000000c",
            "id": "sofin-eks-020210610122128759300000010",
            "image_id": "ami-0717749dd0428bc56",
            "instance_type": "t2.large",
            "key_name": "remote_access",
            "metadata_options": [
              {
                "http_endpoint": "enabled",
                "http_put_response_hop_limit": 1,
                "http_tokens": "optional"
              }
            ],
            "name": "sofin-eks-020210610122128759300000010",
            "name_prefix": "sofin-eks-0",
            "placement_tenancy": "",
            "root_block_device": [
              {
                "delete_on_termination": true,
                "encrypted": false,
                "iops": 0,
                "volume_size": 100,
                "volume_type": "gp2"
              }
            ],
            "security_groups": [
              "sg-045221b57f1400f6a",
              "sg-0dbec70cebcbdf196"
            ],
            "spot_price": "",
            "user_data": null,
            "user_data_base64": "IyEvYmluL2Jhc2ggLWUKCiMgQWxsb3cgdXNlciBzdXBwbGllZCBwcmUgdXNlcmRhdGEgY29kZQoKCiMgQm9vdHN0cmFwIGFuZCBqb2luIHRoZSBjbHVzdGVyCi9ldGMvZWtzL2Jvb3RzdHJhcC5zaCAtLWI2NC1jbHVzdGVyLWNhICdMUzB0TFMxQ1JVZEpUaUJEUlZKVVNVWkpRMEZVUlMwdExTMHRDazFKU1VNMWVrTkRRV01yWjBGM1NVSkJaMGxDUVVSQlRrSm5hM0ZvYTJsSE9YY3dRa0ZSYzBaQlJFRldUVkpOZDBWUldVUldVVkZFUlhkd2NtUlhTbXdLWTIwMWJHUkhWbnBOUWpSWVJGUkplRTFFV1hoTlJFVjVUVlJqZWsxR2IxaEVWRTE0VFVSWmQwOUVSWGxOVkdONlRVWnZkMFpVUlZSTlFrVkhRVEZWUlFwQmVFMUxZVE5XYVZwWVNuVmFXRkpzWTNwRFEwRlRTWGRFVVZsS1MyOWFTV2gyWTA1QlVVVkNRbEZCUkdkblJWQkJSRU5EUVZGdlEyZG5SVUpCVFVSc0NuTjVRMFZXZDI5UlJVOUlUbVZEY2tzNU1WY3pRV3cyUjFOS2RGbHROVVJtVERSblVYRkdhMVJ4UlcxYWNHWnFXbEpuUnpsWVIyZFhiWGx5TDFwNE5qVUtiRkJ5YUZaS1FWWkRaMnRDU1dOSWEyaFpSVGhuZVdSV1IySkVSSGhSYTJVdlpXTnliRWs0TVRKb2FHTmpUV0pZWlRGVEswOXJURXBpYnpGME5VaFdad3BPWW5vMFNFRkhRVGgxVFRjcmIyMTRTMGhuYUhJeWMxcE1aMk5tZUdkck5tbFBUVXRoYVdoTFlqUnRZelJyU1dOYVIxTjBjVlpzTDJsUkwwdFdWMEZ6Q21SUU5GVnJNalJITW14UGNWRTNVRzR4ZEhZMFpIWjJjakZEVFZSelVHSkhieTgzZVRkTFlUaExNamQ1SzNwUU5XSjBORUpGY1dkVmF6UXJTbWczVWtjS1ZHRmFjbEJRWVZsYVZtOHJTbTg1U0ZrelFVRlZMMDR4VUVvM1MzRkNiMkZZUTA5bGFqUTBjbkZFUW5VM2NtVlJZMU5IYnl0WGRGcDNNSEpXVldvdmFBcHRia3B1TlZrclEzTXdja3BEUkRkTU5tSlZRMEYzUlVGQllVNURUVVZCZDBSbldVUldVakJRUVZGSUwwSkJVVVJCWjB0clRVRTRSMEV4VldSRmQwVkNDaTkzVVVaTlFVMUNRV1k0ZDBoUldVUldVakJQUWtKWlJVWkdZVzhyWW14dFZtcFlLME13Wkc1VFdVUTJUakpKY1RGdVNTOU5RVEJIUTFOeFIxTkpZak1LUkZGRlFrTjNWVUZCTkVsQ1FWRkJUbkp4VEhKS1VHUktjazVTZW1aQmJXTXhkV1pMYWpGalpWVjZlVTgyVTNoNVVIVkZTR3N5WVU5ME5qWkpja1ZwV2dwWlEycDJaR2xuUTJwMU1qUjVVMmx1Y3prM0wyMTZOR3N5YlZSdVZrSlBZbTVYVGtwRWFHMXNaRTU2UkRReU1XTnBTM2xCUzJremVGcGxjemw1ZG5WSUNtMUtWRXBITm1VMk4yZ3lOblV6TUdGdFZTdG1Za1ZyVjNWc0x6WllRM055VmxKWmJsSm9RelJJWlVKYVFtWk1abk5pU1hKbk1FWjJabmg2WjBWTE9Xa0thWFZFVFRsSFdIVmxlWGt5UTBabFMyRlpSV0pLYWtRMmNFNWpLMnhHYlU5TVRUTmhNV2hYUm5RdmJVZFZjMDFYYlRoU1VDOVVkMlJSZURCeE1YVmFVd3BST1dOUlZuUnhlVzFYUTJ4dFF6QlVNSGhyWlV4QlEyWkxhSEZxVWpoT2IyUm1MMXBaY1d4bU5rRnRlRVo0Y3pCTFoyUm9OSGs0ZFVKNGFVMXBhVVpDQ2tsQk1FcEJjVkpWU1dVMFRuRnRSekpDT0c1b1prVXJTRm96YmtkR1pHWnhOV1JaTWdvdExTMHRMVVZPUkNCRFJWSlVTVVpKUTBGVVJTMHRMUzB0Q2c9PScgLS1hcGlzZXJ2ZXItZW5kcG9pbnQgJ2h0dHBzOi8vNzg0NTkxQUI3Q0VCMjU3NDk3NTJCN0ZBOUUwM0EzODkuZ3I3LnVzLWVhc3QtMi5la3MuYW1hem9uYXdzLmNvbScgIC0ta3ViZWxldC1leHRyYS1hcmdzICIiICdzb2Zpbi1la3MnCgojIEFsbG93IHVzZXIgc3VwcGxpZWQgdXNlcmRhdGEgY29kZQoK",
            "vpc_classic_link_id": "",
            "vpc_classic_link_security_groups": null
          },
          "sensitive_attributes": [],
          "private": "bnVsbA==",
          "dependencies": [
            "aws_security_group.worker_group",
            "data.aws_availability_zones.available",
            "module.eks.aws_cloudwatch_log_group.this",
            "module.eks.aws_eks_cluster.this",
            "module.eks.aws_iam_instance_profile.workers",
            "module.eks.aws_iam_role.cluster",
            "module.eks.aws_iam_role.workers",
            "module.eks.aws_iam_role_policy_attachment.cluster_AmazonEKSClusterPolicy",
            "module.eks.aws_iam_role_policy_attachment.cluster_AmazonEKSServicePolicy",
            "module.eks.aws_iam_role_policy_attachment.cluster_AmazonEKSVPCResourceControllerPolicy",
            "module.eks.aws_iam_role_policy_attachment.workers_AmazonEC2ContainerRegistryReadOnly",
            "module.eks.aws_iam_role_policy_attachment.workers_AmazonEKSWorkerNodePolicy",
            "module.eks.aws_iam_role_policy_attachment.workers_AmazonEKS_CNI_Policy",
            "module.eks.aws_iam_role_policy_attachment.workers_additional_policies",
            "module.eks.aws_security_group.cluster",
            "module.eks.aws_security_group.workers",
            "module.eks.aws_security_group_rule.cluster_egress_internet",
            "module.eks.aws_security_group_rule.cluster_https_worker_ingress",
            "module.eks.aws_security_group_rule.cluster_primary_ingress_workers",
            "module.eks.aws_security_group_rule.workers_egress_internet",
            "module.eks.aws_security_group_rule.workers_ingress_cluster",
            "module.eks.aws_security_group_rule.workers_ingress_cluster_https",
            "module.eks.aws_security_group_rule.workers_ingress_cluster_kubelet",
            "module.eks.aws_security_group_rule.workers_ingress_cluster_primary",
            "module.eks.aws_security_group_rule.workers_ingress_self",
            "module.eks.data.aws_ami.eks_worker",
            "module.eks.data.aws_ami.eks_worker_windows",
            "module.eks.data.aws_iam_instance_profile.custom_worker_group_iam_instance_profile",
            "module.eks.data.aws_iam_policy_document.cluster_assume_role_policy",
            "module.eks.data.aws_iam_policy_document.workers_assume_role_policy",
            "module.eks.data.aws_iam_role.custom_cluster_iam_role",
            "module.eks.data.aws_partition.current",
            "module.vpc.aws_subnet.public",
            "module.vpc.aws_vpc.this",
            "module.vpc.aws_vpc_ipv4_cidr_block_association.this"
          ],
          "create_before_destroy": true
        }
      ]
    },
    {
      "module": "module.eks",
      "mode": "managed",
      "type": "aws_security_group",
      "name": "cluster",
      "provider": "provider[\"registry.terraform.io/hashicorp/aws\"]",
      "instances": [
        {
          "index_key": 0,
          "schema_version": 1,
          "attributes": {
            "arn": "arn:aws:ec2:us-east-2:603494993596:security-group/sg-0d87e31940a62181b",
            "description": "EKS cluster security group.",
            "egress": [],
            "id": "sg-0d87e31940a62181b",
            "ingress": [],
            "name": "sofin-eks20210610121208997700000008",
            "name_prefix": "sofin-eks",
            "owner_id": "603494993596",
            "revoke_rules_on_delete": false,
            "tags": {
              "Name": "sofin-eks-eks_cluster_sg"
            },
            "tags_all": {
              "Name": "sofin-eks-eks_cluster_sg"
            },
            "timeouts": null,
            "vpc_id": "vpc-064978e6052419fcc"
          },
          "sensitive_attributes": [],
          "private": "eyJlMmJmYjczMC1lY2FhLTExZTYtOGY4OC0zNDM2M2JjN2M0YzAiOnsiY3JlYXRlIjo2MDAwMDAwMDAwMDAsImRlbGV0ZSI6OTAwMDAwMDAwMDAwfSwic2NoZW1hX3ZlcnNpb24iOiIxIn0=",
          "dependencies": [
            "module.vpc.aws_vpc.this"
          ],
          "create_before_destroy": true
        }
      ]
    },
    {
      "module": "module.eks",
      "mode": "managed",
      "type": "aws_security_group",
      "name": "workers",
      "provider": "provider[\"registry.terraform.io/hashicorp/aws\"]",
      "instances": [
        {
          "index_key": 0,
          "schema_version": 1,
          "attributes": {
            "arn": "arn:aws:ec2:us-east-2:603494993596:security-group/sg-0dbec70cebcbdf196",
            "description": "Security group for all nodes in the cluster.",
            "egress": [],
            "id": "sg-0dbec70cebcbdf196",
            "ingress": [],
            "name": "sofin-eks20210610121209037100000009",
            "name_prefix": "sofin-eks",
            "owner_id": "603494993596",
            "revoke_rules_on_delete": false,
            "tags": {
              "Name": "sofin-eks-eks_worker_sg",
              "kubernetes.io/cluster/sofin-eks": "owned"
            },
            "tags_all": {
              "Name": "sofin-eks-eks_worker_sg",
              "kubernetes.io/cluster/sofin-eks": "owned"
            },
            "timeouts": null,
            "vpc_id": "vpc-064978e6052419fcc"
          },
          "sensitive_attributes": [],
          "private": "eyJlMmJmYjczMC1lY2FhLTExZTYtOGY4OC0zNDM2M2JjN2M0YzAiOnsiY3JlYXRlIjo2MDAwMDAwMDAwMDAsImRlbGV0ZSI6OTAwMDAwMDAwMDAwfSwic2NoZW1hX3ZlcnNpb24iOiIxIn0=",
          "dependencies": [
            "module.vpc.aws_vpc.this"
          ],
          "create_before_destroy": true
        }
      ]
    },
    {
      "module": "module.eks",
      "mode": "managed",
      "type": "aws_security_group_rule",
      "name": "cluster_egress_internet",
      "provider": "provider[\"registry.terraform.io/hashicorp/aws\"]",
      "instances": [
        {
          "index_key": 0,
          "schema_version": 2,
          "attributes": {
            "cidr_blocks": [
              "0.0.0.0/0"
            ],
            "description": "Allow cluster egress access to the Internet.",
            "from_port": 0,
            "id": "sgrule-408441188",
            "ipv6_cidr_blocks": null,
            "prefix_list_ids": null,
            "protocol": "-1",
            "security_group_id": "sg-0d87e31940a62181b",
            "self": false,
            "source_security_group_id": null,
            "to_port": 0,
            "type": "egress"
          },
          "sensitive_attributes": [],
          "private": "eyJzY2hlbWFfdmVyc2lvbiI6IjIifQ==",
          "dependencies": [
            "module.eks.aws_security_group.cluster",
            "module.vpc.aws_vpc.this"
          ],
          "create_before_destroy": true
        }
      ]
    },
    {
      "module": "module.eks",
      "mode": "managed",
      "type": "aws_security_group_rule",
      "name": "cluster_https_worker_ingress",
      "provider": "provider[\"registry.terraform.io/hashicorp/aws\"]",
      "instances": [
        {
          "index_key": 0,
          "schema_version": 2,
          "attributes": {
            "cidr_blocks": null,
            "description": "Allow pods to communicate with the EKS cluster API.",
            "from_port": 443,
            "id": "sgrule-2845528623",
            "ipv6_cidr_blocks": null,
            "prefix_list_ids": null,
            "protocol": "tcp",
            "security_group_id": "sg-0d87e31940a62181b",
            "self": false,
            "source_security_group_id": "sg-0dbec70cebcbdf196",
            "to_port": 443,
            "type": "ingress"
          },
          "sensitive_attributes": [],
          "private": "eyJzY2hlbWFfdmVyc2lvbiI6IjIifQ==",
          "dependencies": [
            "module.eks.aws_security_group.cluster",
            "module.eks.aws_security_group.workers",
            "module.vpc.aws_vpc.this"
          ],
          "create_before_destroy": true
        }
      ]
    },
    {
      "module": "module.eks",
      "mode": "managed",
      "type": "aws_security_group_rule",
      "name": "workers_egress_internet",
      "provider": "provider[\"registry.terraform.io/hashicorp/aws\"]",
      "instances": [
        {
          "index_key": 0,
          "schema_version": 2,
          "attributes": {
            "cidr_blocks": [
              "0.0.0.0/0"
            ],
            "description": "Allow nodes all egress to the Internet.",
            "from_port": 0,
            "id": "sgrule-840542296",
            "ipv6_cidr_blocks": null,
            "prefix_list_ids": null,
            "protocol": "-1",
            "security_group_id": "sg-0dbec70cebcbdf196",
            "self": false,
            "source_security_group_id": null,
            "to_port": 0,
            "type": "egress"
          },
          "sensitive_attributes": [],
          "private": "eyJzY2hlbWFfdmVyc2lvbiI6IjIifQ==",
          "dependencies": [
            "module.eks.aws_security_group.workers",
            "module.vpc.aws_vpc.this"
          ],
          "create_before_destroy": true
        }
      ]
    },
    {
      "module": "module.eks",
      "mode": "managed",
      "type": "aws_security_group_rule",
      "name": "workers_ingress_cluster",
      "provider": "provider[\"registry.terraform.io/hashicorp/aws\"]",
      "instances": [
        {
          "index_key": 0,
          "schema_version": 2,
          "attributes": {
            "cidr_blocks": null,
            "description": "Allow workers pods to receive communication from the cluster control plane.",
            "from_port": 1025,
            "id": "sgrule-3468880836",
            "ipv6_cidr_blocks": null,
            "prefix_list_ids": null,
            "protocol": "tcp",
            "security_group_id": "sg-0dbec70cebcbdf196",
            "self": false,
            "source_security_group_id": "sg-0d87e31940a62181b",
            "to_port": 65535,
            "type": "ingress"
          },
          "sensitive_attributes": [],
          "private": "eyJzY2hlbWFfdmVyc2lvbiI6IjIifQ==",
          "dependencies": [
            "module.eks.aws_security_group.cluster",
            "module.eks.aws_security_group.workers",
            "module.vpc.aws_vpc.this"
          ],
          "create_before_destroy": true
        }
      ]
    },
    {
      "module": "module.eks",
      "mode": "managed",
      "type": "aws_security_group_rule",
      "name": "workers_ingress_cluster_https",
      "provider": "provider[\"registry.terraform.io/hashicorp/aws\"]",
      "instances": [
        {
          "index_key": 0,
          "schema_version": 2,
          "attributes": {
            "cidr_blocks": null,
            "description": "Allow pods running extension API servers on port 443 to receive communication from cluster control plane.",
            "from_port": 443,
            "id": "sgrule-3369333726",
            "ipv6_cidr_blocks": null,
            "prefix_list_ids": null,
            "protocol": "tcp",
            "security_group_id": "sg-0dbec70cebcbdf196",
            "self": false,
            "source_security_group_id": "sg-0d87e31940a62181b",
            "to_port": 443,
            "type": "ingress"
          },
          "sensitive_attributes": [],
          "private": "eyJzY2hlbWFfdmVyc2lvbiI6IjIifQ==",
          "dependencies": [
            "module.eks.aws_security_group.cluster",
            "module.eks.aws_security_group.workers",
            "module.vpc.aws_vpc.this"
          ],
          "create_before_destroy": true
        }
      ]
    },
    {
      "module": "module.eks",
      "mode": "managed",
      "type": "aws_security_group_rule",
      "name": "workers_ingress_self",
      "provider": "provider[\"registry.terraform.io/hashicorp/aws\"]",
      "instances": [
        {
          "index_key": 0,
          "schema_version": 2,
          "attributes": {
            "cidr_blocks": null,
            "description": "Allow node to communicate with each other.",
            "from_port": 0,
            "id": "sgrule-3128023853",
            "ipv6_cidr_blocks": null,
            "prefix_list_ids": null,
            "protocol": "-1",
            "security_group_id": "sg-0dbec70cebcbdf196",
            "self": false,
            "source_security_group_id": "sg-0dbec70cebcbdf196",
            "to_port": 65535,
            "type": "ingress"
          },
          "sensitive_attributes": [],
          "private": "eyJzY2hlbWFfdmVyc2lvbiI6IjIifQ==",
          "dependencies": [
            "module.eks.aws_security_group.workers",
            "module.vpc.aws_vpc.this"
          ],
          "create_before_destroy": true
        }
      ]
    },
    {
      "module": "module.eks",
      "mode": "managed",
      "type": "kubernetes_config_map",
      "name": "aws_auth",
      "provider": "provider[\"registry.terraform.io/hashicorp/kubernetes\"]",
      "instances": [
        {
          "index_key": 0,
          "schema_version": 0,
          "attributes": {
            "binary_data": null,
            "data": {
              "mapAccounts": "[]\n",
              "mapRoles": "- \"groups\":\n  - \"system:bootstrappers\"\n  - \"system:nodes\"\n  \"rolearn\": \"arn:aws:iam::603494993596:role/sofin-eks2021061012212373450000000b\"\n  \"username\": \"system:node:{{EC2PrivateDNSName}}\"\n",
              "mapUsers": "[]\n"
            },
            "id": "kube-system/aws-auth",
            "metadata": [
              {
                "annotations": null,
                "generate_name": "",
                "generation": 0,
                "labels": {
                  "app.kubernetes.io/managed-by": "Terraform",
                  "terraform.io/module": "terraform-aws-modules.eks.aws"
                },
                "name": "aws-auth",
                "namespace": "kube-system",
                "resource_version": "680",
                "self_link": "",
                "uid": "d319d839-3f48-447b-a522-340fe1e8aadc"
              }
            ]
          },
          "sensitive_attributes": [],
          "private": "bnVsbA==",
          "dependencies": [
            "aws_security_group.worker_group",
            "data.aws_availability_zones.available",
            "data.aws_eks_cluster.cluster",
            "data.aws_eks_cluster_auth.cluster",
            "module.eks.aws_cloudwatch_log_group.this",
            "module.eks.aws_eks_cluster.this",
            "module.eks.aws_iam_instance_profile.workers",
            "module.eks.aws_iam_instance_profile.workers_launch_template",
            "module.eks.aws_iam_role.cluster",
            "module.eks.aws_iam_role.workers",
            "module.eks.aws_iam_role_policy_attachment.cluster_AmazonEKSClusterPolicy",
            "module.eks.aws_iam_role_policy_attachment.cluster_AmazonEKSServicePolicy",
            "module.eks.aws_iam_role_policy_attachment.cluster_AmazonEKSVPCResourceControllerPolicy",
            "module.eks.aws_security_group.cluster",
            "module.eks.aws_security_group.workers",
            "module.eks.aws_security_group_rule.cluster_egress_internet",
            "module.eks.aws_security_group_rule.cluster_https_worker_ingress",
            "module.eks.aws_security_group_rule.cluster_private_access_cidrs_source",
            "module.eks.aws_security_group_rule.cluster_private_access_sg_source",
            "module.eks.data.aws_ami.eks_worker",
            "module.eks.data.aws_ami.eks_worker_windows",
            "module.eks.data.aws_caller_identity.current",
            "module.eks.data.aws_iam_instance_profile.custom_worker_group_iam_instance_profile",
            "module.eks.data.aws_iam_instance_profile.custom_worker_group_launch_template_iam_instance_profile",
            "module.eks.data.aws_iam_policy_document.cluster_assume_role_policy",
            "module.eks.data.aws_iam_policy_document.workers_assume_role_policy",
            "module.eks.data.aws_iam_role.custom_cluster_iam_role",
            "module.eks.data.aws_partition.current",
            "module.eks.data.http.wait_for_cluster",
            "module.eks.module.fargate.aws_iam_role.eks_fargate_pod",
            "module.eks.module.fargate.data.aws_iam_role.custom_fargate_iam_role",
            "module.vpc.aws_subnet.public",
            "module.vpc.aws_vpc.this",
            "module.vpc.aws_vpc_ipv4_cidr_block_association.this"
          ]
        }
      ]
    },
    {
      "module": "module.eks",
      "mode": "managed",
      "type": "local_file",
      "name": "kubeconfig",
      "provider": "provider[\"registry.terraform.io/hashicorp/local\"]",
      "instances": [
        {
          "index_key": 0,
          "schema_version": 0,
          "attributes": {
            "content": "apiVersion: v1\npreferences: {}\nkind: Config\n\nclusters:\n- cluster:\n    server: https://784591AB7CEB25749752B7FA9E03A389.gr7.us-east-2.eks.amazonaws.com\n    certificate-authority-data: LS0tLS1CRUdJTiBDRVJUSUZJQ0FURS0tLS0tCk1JSUM1ekNDQWMrZ0F3SUJBZ0lCQURBTkJna3Foa2lHOXcwQkFRc0ZBREFWTVJNd0VRWURWUVFERXdwcmRXSmwKY201bGRHVnpNQjRYRFRJeE1EWXhNREV5TVRjek1Gb1hEVE14TURZd09ERXlNVGN6TUZvd0ZURVRNQkVHQTFVRQpBeE1LYTNWaVpYSnVaWFJsY3pDQ0FTSXdEUVlKS29aSWh2Y05BUUVCQlFBRGdnRVBBRENDQVFvQ2dnRUJBTURsCnN5Q0VWd29RRU9ITmVDcks5MVczQWw2R1NKdFltNURmTDRnUXFGa1RxRW1acGZqWlJnRzlYR2dXbXlyL1p4NjUKbFByaFZKQVZDZ2tCSWNIa2hZRThneWRWR2JERHhRa2UvZWNybEk4MTJoaGNjTWJYZTFTK09rTEpibzF0NUhWZwpOYno0SEFHQTh1TTcrb214S0hnaHIyc1pMZ2NmeGdrNmlPTUthaWhLYjRtYzRrSWNaR1N0cVZsL2lRL0tWV0FzCmRQNFVrMjRHMmxPcVE3UG4xdHY0ZHZ2cjFDTVRzUGJHby83eTdLYThLMjd5K3pQNWJ0NEJFcWdVazQrSmg3UkcKVGFaclBQYVlaVm8rSm85SFkzQUFVL04xUEo3S3FCb2FYQ09lajQ0cnFEQnU3cmVRY1NHbytXdFp3MHJWVWovaAptbkpuNVkrQ3MwckpDRDdMNmJVQ0F3RUFBYU5DTUVBd0RnWURWUjBQQVFIL0JBUURBZ0trTUE4R0ExVWRFd0VCCi93UUZNQU1CQWY4d0hRWURWUjBPQkJZRUZGYW8rYmxtVmpYK0MwZG5TWUQ2TjJJcTFuSS9NQTBHQ1NxR1NJYjMKRFFFQkN3VUFBNElCQVFBTnJxTHJKUGRKck5SemZBbWMxdWZLajFjZVV6eU82U3h5UHVFSGsyYU90NjZJckVpWgpZQ2p2ZGlnQ2p1MjR5U2luczk3L216NGsybVRuVkJPYm5XTkpEaG1sZE56RDQyMWNpS3lBS2kzeFplczl5dnVICm1KVEpHNmU2N2gyNnUzMGFtVStmYkVrV3VsLzZYQ3NyVlJZblJoQzRIZUJaQmZMZnNiSXJnMEZ2Znh6Z0VLOWkKaXVETTlHWHVleXkyQ0ZlS2FZRWJKakQ2cE5jK2xGbU9MTTNhMWhXRnQvbUdVc01XbThSUC9Ud2RReDBxMXVaUwpROWNRVnRxeW1XQ2xtQzBUMHhrZUxBQ2ZLaHFqUjhOb2RmL1pZcWxmNkFteEZ4czBLZ2RoNHk4dUJ4aU1paUZCCklBMEpBcVJVSWU0TnFtRzJCOG5oZkUrSFozbkdGZGZxNWRZMgotLS0tLUVORCBDRVJUSUZJQ0FURS0tLS0tCg==\n  name: eks_sofin-eks\n\ncontexts:\n- context:\n    cluster: eks_sofin-eks\n    user: eks_sofin-eks\n  name: eks_sofin-eks\n\ncurrent-context: eks_sofin-eks\n\nusers:\n- name: eks_sofin-eks\n  user:\n    exec:\n      apiVersion: client.authentication.k8s.io/v1alpha1\n      command: aws-iam-authenticator\n      args:\n        - \"token\"\n        - \"-i\"\n        - \"sofin-eks\"\n",
            "content_base64": null,
            "directory_permission": "0755",
            "file_permission": "0600",
            "filename": "./kubeconfig_sofin-eks",
            "id": "17c6480ef4d466d5f4281c7d2297ffdf9b79263d",
            "sensitive_content": null,
            "source": null
          },
          "sensitive_attributes": [],
          "private": "bnVsbA==",
          "dependencies": [
            "data.aws_availability_zones.available",
            "module.eks.aws_cloudwatch_log_group.this",
            "module.eks.aws_eks_cluster.this",
            "module.eks.aws_iam_role.cluster",
            "module.eks.aws_iam_role_policy_attachment.cluster_AmazonEKSClusterPolicy",
            "module.eks.aws_iam_role_policy_attachment.cluster_AmazonEKSServicePolicy",
            "module.eks.aws_iam_role_policy_attachment.cluster_AmazonEKSVPCResourceControllerPolicy",
            "module.eks.aws_security_group.cluster",
            "module.eks.aws_security_group.workers",
            "module.eks.aws_security_group_rule.cluster_egress_internet",
            "module.eks.aws_security_group_rule.cluster_https_worker_ingress",
            "module.eks.data.aws_iam_policy_document.cluster_assume_role_policy",
            "module.eks.data.aws_iam_role.custom_cluster_iam_role",
            "module.eks.data.aws_partition.current",
            "module.vpc.aws_subnet.public",
            "module.vpc.aws_vpc.this",
            "module.vpc.aws_vpc_ipv4_cidr_block_association.this"
          ]
        }
      ]
    },
    {
      "module": "module.vpc",
      "mode": "managed",
      "type": "aws_internet_gateway",
      "name": "this",
      "provider": "provider[\"registry.terraform.io/hashicorp/aws\"]",
      "instances": [
        {
          "index_key": 0,
          "schema_version": 0,
          "attributes": {
            "arn": "arn:aws:ec2:us-east-2:603494993596:internet-gateway/igw-09a4a773b2df4750a",
            "id": "igw-09a4a773b2df4750a",
            "owner_id": "603494993596",
            "tags": {
              "Name": "sofin-vpc"
            },
            "tags_all": {
              "Name": "sofin-vpc"
            },
            "vpc_id": "vpc-064978e6052419fcc"
          },
          "sensitive_attributes": [],
          "private": "bnVsbA==",
          "dependencies": [
            "module.vpc.aws_vpc.this",
            "module.vpc.aws_vpc_ipv4_cidr_block_association.this"
          ]
        }
      ]
    },
    {
      "module": "module.vpc",
      "mode": "managed",
      "type": "aws_route",
      "name": "public_internet_gateway",
      "provider": "provider[\"registry.terraform.io/hashicorp/aws\"]",
      "instances": [
        {
          "index_key": 0,
          "schema_version": 0,
          "attributes": {
            "carrier_gateway_id": "",
            "destination_cidr_block": "0.0.0.0/0",
            "destination_ipv6_cidr_block": "",
            "destination_prefix_list_id": "",
            "egress_only_gateway_id": "",
            "gateway_id": "igw-09a4a773b2df4750a",
            "id": "r-rtb-0c7c87e4906ff76261080289494",
            "instance_id": "",
            "instance_owner_id": "",
            "local_gateway_id": "",
            "nat_gateway_id": "",
            "network_interface_id": "",
            "origin": "CreateRoute",
            "route_table_id": "rtb-0c7c87e4906ff7626",
            "state": "active",
            "timeouts": {
              "create": "5m",
              "delete": null
            },
            "transit_gateway_id": "",
            "vpc_endpoint_id": "",
            "vpc_peering_connection_id": ""
          },
          "sensitive_attributes": [],
          "private": "eyJlMmJmYjczMC1lY2FhLTExZTYtOGY4OC0zNDM2M2JjN2M0YzAiOnsiY3JlYXRlIjozMDAwMDAwMDAwMDAsImRlbGV0ZSI6MzAwMDAwMDAwMDAwfX0=",
          "dependencies": [
            "module.vpc.aws_internet_gateway.this",
            "module.vpc.aws_route_table.public",
            "module.vpc.aws_vpc.this",
            "module.vpc.aws_vpc_ipv4_cidr_block_association.this"
          ]
        }
      ]
    },
    {
      "module": "module.vpc",
      "mode": "managed",
      "type": "aws_route_table",
      "name": "public",
      "provider": "provider[\"registry.terraform.io/hashicorp/aws\"]",
      "instances": [
        {
          "index_key": 0,
          "schema_version": 0,
          "attributes": {
            "arn": "arn:aws:ec2:us-east-2:603494993596:route-table/rtb-0c7c87e4906ff7626",
            "id": "rtb-0c7c87e4906ff7626",
            "owner_id": "603494993596",
            "propagating_vgws": [],
            "route": [],
            "tags": {
              "Name": "sofin-vpc-public"
            },
            "tags_all": {
              "Name": "sofin-vpc-public"
            },
            "vpc_id": "vpc-064978e6052419fcc"
          },
          "sensitive_attributes": [],
          "private": "bnVsbA==",
          "dependencies": [
            "module.vpc.aws_vpc.this",
            "module.vpc.aws_vpc_ipv4_cidr_block_association.this"
          ]
        }
      ]
    },
    {
      "module": "module.vpc",
      "mode": "managed",
      "type": "aws_route_table_association",
      "name": "public",
      "provider": "provider[\"registry.terraform.io/hashicorp/aws\"]",
      "instances": [
        {
          "index_key": 0,
          "schema_version": 0,
          "attributes": {
            "gateway_id": null,
            "id": "rtbassoc-0ea151388fb253f68",
            "route_table_id": "rtb-0c7c87e4906ff7626",
            "subnet_id": "subnet-0040cc8635665cc37"
          },
          "sensitive_attributes": [],
          "private": "bnVsbA==",
          "dependencies": [
            "data.aws_availability_zones.available",
            "module.vpc.aws_route_table.public",
            "module.vpc.aws_subnet.public",
            "module.vpc.aws_vpc.this",
            "module.vpc.aws_vpc_ipv4_cidr_block_association.this"
          ]
        },
        {
          "index_key": 1,
          "schema_version": 0,
          "attributes": {
            "gateway_id": null,
            "id": "rtbassoc-0d09c5c726f082129",
            "route_table_id": "rtb-0c7c87e4906ff7626",
            "subnet_id": "subnet-08b22012ce3381199"
          },
          "sensitive_attributes": [],
          "private": "bnVsbA==",
          "dependencies": [
            "data.aws_availability_zones.available",
            "module.vpc.aws_route_table.public",
            "module.vpc.aws_subnet.public",
            "module.vpc.aws_vpc.this",
            "module.vpc.aws_vpc_ipv4_cidr_block_association.this"
          ]
        },
        {
          "index_key": 2,
          "schema_version": 0,
          "attributes": {
            "gateway_id": null,
            "id": "rtbassoc-0c9356bd553e6e987",
            "route_table_id": "rtb-0c7c87e4906ff7626",
            "subnet_id": "subnet-04b7c9d4369951d63"
          },
          "sensitive_attributes": [],
          "private": "bnVsbA==",
          "dependencies": [
            "data.aws_availability_zones.available",
            "module.vpc.aws_route_table.public",
            "module.vpc.aws_subnet.public",
            "module.vpc.aws_vpc.this",
            "module.vpc.aws_vpc_ipv4_cidr_block_association.this"
          ]
        }
      ]
    },
    {
      "module": "module.vpc",
      "mode": "managed",
      "type": "aws_subnet",
      "name": "public",
      "provider": "provider[\"registry.terraform.io/hashicorp/aws\"]",
      "instances": [
        {
          "index_key": 0,
          "schema_version": 1,
          "attributes": {
            "arn": "arn:aws:ec2:us-east-2:603494993596:subnet/subnet-0040cc8635665cc37",
            "assign_ipv6_address_on_creation": false,
            "availability_zone": "us-east-2a",
            "availability_zone_id": "use2-az1",
            "cidr_block": "10.0.1.0/24",
            "customer_owned_ipv4_pool": "",
            "id": "subnet-0040cc8635665cc37",
            "ipv6_cidr_block": "",
            "ipv6_cidr_block_association_id": "",
            "map_customer_owned_ip_on_launch": false,
            "map_public_ip_on_launch": true,
            "outpost_arn": "",
            "owner_id": "603494993596",
            "tags": {
              "Name": "sofin-vpc-public-us-east-2a"
            },
            "tags_all": {
              "Name": "sofin-vpc-public-us-east-2a"
            },
            "timeouts": null,
            "vpc_id": "vpc-064978e6052419fcc"
          },
          "sensitive_attributes": [],
          "private": "eyJlMmJmYjczMC1lY2FhLTExZTYtOGY4OC0zNDM2M2JjN2M0YzAiOnsiY3JlYXRlIjo2MDAwMDAwMDAwMDAsImRlbGV0ZSI6MTIwMDAwMDAwMDAwMH0sInNjaGVtYV92ZXJzaW9uIjoiMSJ9",
          "dependencies": [
            "data.aws_availability_zones.available",
            "module.vpc.aws_vpc.this",
            "module.vpc.aws_vpc_ipv4_cidr_block_association.this"
          ],
          "create_before_destroy": true
        },
        {
          "index_key": 1,
          "schema_version": 1,
          "attributes": {
            "arn": "arn:aws:ec2:us-east-2:603494993596:subnet/subnet-08b22012ce3381199",
            "assign_ipv6_address_on_creation": false,
            "availability_zone": "us-east-2b",
            "availability_zone_id": "use2-az2",
            "cidr_block": "10.0.2.0/24",
            "customer_owned_ipv4_pool": "",
            "id": "subnet-08b22012ce3381199",
            "ipv6_cidr_block": "",
            "ipv6_cidr_block_association_id": "",
            "map_customer_owned_ip_on_launch": false,
            "map_public_ip_on_launch": true,
            "outpost_arn": "",
            "owner_id": "603494993596",
            "tags": {
              "Name": "sofin-vpc-public-us-east-2b"
            },
            "tags_all": {
              "Name": "sofin-vpc-public-us-east-2b"
            },
            "timeouts": null,
            "vpc_id": "vpc-064978e6052419fcc"
          },
          "sensitive_attributes": [],
          "private": "eyJlMmJmYjczMC1lY2FhLTExZTYtOGY4OC0zNDM2M2JjN2M0YzAiOnsiY3JlYXRlIjo2MDAwMDAwMDAwMDAsImRlbGV0ZSI6MTIwMDAwMDAwMDAwMH0sInNjaGVtYV92ZXJzaW9uIjoiMSJ9",
          "dependencies": [
            "data.aws_availability_zones.available",
            "module.vpc.aws_vpc.this",
            "module.vpc.aws_vpc_ipv4_cidr_block_association.this"
          ],
          "create_before_destroy": true
        },
        {
          "index_key": 2,
          "schema_version": 1,
          "attributes": {
            "arn": "arn:aws:ec2:us-east-2:603494993596:subnet/subnet-04b7c9d4369951d63",
            "assign_ipv6_address_on_creation": false,
            "availability_zone": "us-east-2c",
            "availability_zone_id": "use2-az3",
            "cidr_block": "10.0.3.0/24",
            "customer_owned_ipv4_pool": "",
            "id": "subnet-04b7c9d4369951d63",
            "ipv6_cidr_block": "",
            "ipv6_cidr_block_association_id": "",
            "map_customer_owned_ip_on_launch": false,
            "map_public_ip_on_launch": true,
            "outpost_arn": "",
            "owner_id": "603494993596",
            "tags": {
              "Name": "sofin-vpc-public-us-east-2c"
            },
            "tags_all": {
              "Name": "sofin-vpc-public-us-east-2c"
            },
            "timeouts": null,
            "vpc_id": "vpc-064978e6052419fcc"
          },
          "sensitive_attributes": [],
          "private": "eyJlMmJmYjczMC1lY2FhLTExZTYtOGY4OC0zNDM2M2JjN2M0YzAiOnsiY3JlYXRlIjo2MDAwMDAwMDAwMDAsImRlbGV0ZSI6MTIwMDAwMDAwMDAwMH0sInNjaGVtYV92ZXJzaW9uIjoiMSJ9",
          "dependencies": [
            "data.aws_availability_zones.available",
            "module.vpc.aws_vpc.this",
            "module.vpc.aws_vpc_ipv4_cidr_block_association.this"
          ],
          "create_before_destroy": true
        }
      ]
    },
    {
      "module": "module.vpc",
      "mode": "managed",
      "type": "aws_vpc",
      "name": "this",
      "provider": "provider[\"registry.terraform.io/hashicorp/aws\"]",
      "instances": [
        {
          "index_key": 0,
          "schema_version": 1,
          "attributes": {
            "arn": "arn:aws:ec2:us-east-2:603494993596:vpc/vpc-064978e6052419fcc",
            "assign_generated_ipv6_cidr_block": false,
            "cidr_block": "10.0.0.0/16",
            "default_network_acl_id": "acl-038ae6f5326577b3e",
            "default_route_table_id": "rtb-027abfc13ba227e37",
            "default_security_group_id": "sg-07ddeb650ba2cbc34",
            "dhcp_options_id": "dopt-04809b7f5d8b8317d",
            "enable_classiclink": null,
            "enable_classiclink_dns_support": null,
            "enable_dns_hostnames": true,
            "enable_dns_support": true,
            "id": "vpc-064978e6052419fcc",
            "instance_tenancy": "default",
            "ipv6_association_id": "",
            "ipv6_cidr_block": "",
            "main_route_table_id": "rtb-027abfc13ba227e37",
            "owner_id": "603494993596",
            "tags": {
              "Name": "sofin-vpc"
            },
            "tags_all": {
              "Name": "sofin-vpc"
            }
          },
          "sensitive_attributes": [],
          "private": "eyJzY2hlbWFfdmVyc2lvbiI6IjEifQ==",
          "create_before_destroy": true
        }
      ]
    }
  ]
}
